{
  "version": 4,
  "terraform_version": "1.12.2",
  "serial": 111,
  "lineage": "c6ca1822-5ab7-8f41-9689-12cb19ba3abf",
  "outputs": {},
  "resources": [
    {
      "mode": "managed",
      "type": "azurerm_resource_group",
      "name": "optscale_rg",
      "provider": "provider[\"registry.terraform.io/hashicorp/azurerm\"]",
      "instances": [
        {
          "schema_version": 0,
          "attributes": {
            "id": "/subscriptions/3c42098f-375b-47ae-9727-1b0014b0d232/resourceGroups/rg-optscale-deployment",
            "location": "westus2",
            "managed_by": "",
            "name": "rg-optscale-deployment",
            "tags": {
              "environment": "prod",
              "project": "optscale"
            },
            "timeouts": null
          },
          "sensitive_attributes": [],
          "identity_schema_version": 0,
          "private": "eyJlMmJmYjczMC1lY2FhLTExZTYtOGY4OC0zNDM2M2JjN2M0YzAiOnsiY3JlYXRlIjo1NDAwMDAwMDAwMDAwLCJkZWxldGUiOjU0MDAwMDAwMDAwMDAsInJlYWQiOjMwMDAwMDAwMDAwMCwidXBkYXRlIjo1NDAwMDAwMDAwMDAwfX0="
        }
      ]
    },
    {
      "module": "module.aks_cluster",
      "mode": "data",
      "type": "azurerm_client_config",
      "name": "current",
      "provider": "provider[\"registry.terraform.io/hashicorp/azurerm\"]",
      "instances": [
        {
          "schema_version": 0,
          "attributes": {
            "client_id": "04b07795-8ddb-461a-bbee-02f9e1bf7b46",
            "id": "Y2xpZW50Q29uZmlncy9jbGllbnRJZD0wNGIwNzc5NS04ZGRiLTQ2MWEtYmJlZS0wMmY5ZTFiZjdiNDY7b2JqZWN0SWQ9OTQ0NTJiZGUtYTRhOC00OTY4LTk5OTgtMWI3MDUwNzA2MTk5O3N1YnNjcmlwdGlvbklkPTNjNDIwOThmLTM3NWItNDdhZS05NzI3LTFiMDAxNGIwZDIzMjt0ZW5hbnRJZD1mZjM1NTI4OS03MjFlLTRkZDctYTY2My1hZmVjNjJhYjlkNTQ=",
            "object_id": "94452bde-a4a8-4968-9998-1b7050706199",
            "subscription_id": "3c42098f-375b-47ae-9727-1b0014b0d232",
            "tenant_id": "ff355289-721e-4dd7-a663-afec62ab9d54",
            "timeouts": null
          },
          "sensitive_attributes": [],
          "identity_schema_version": 0
        }
      ]
    },
    {
      "module": "module.aks_cluster",
      "mode": "managed",
      "type": "azurerm_kubernetes_cluster",
      "name": "main",
      "provider": "provider[\"registry.terraform.io/hashicorp/azurerm\"]",
      "instances": [
        {
          "schema_version": 2,
          "attributes": {
            "aci_connector_linux": [],
            "api_server_access_profile": [],
            "api_server_authorized_ip_ranges": [],
            "auto_scaler_profile": [
              {
                "balance_similar_node_groups": false,
                "empty_bulk_delete_max": "10",
                "expander": "random",
                "max_graceful_termination_sec": "600",
                "max_node_provisioning_time": "15m",
                "max_unready_nodes": 3,
                "max_unready_percentage": 45,
                "new_pod_scale_up_delay": "0s",
                "scale_down_delay_after_add": "10m",
                "scale_down_delay_after_delete": "10s",
                "scale_down_delay_after_failure": "3m",
                "scale_down_unneeded": "10m",
                "scale_down_unready": "20m",
                "scale_down_utilization_threshold": "0.5",
                "scan_interval": "10s",
                "skip_nodes_with_local_storage": false,
                "skip_nodes_with_system_pods": true
              }
            ],
            "automatic_channel_upgrade": "",
            "azure_active_directory_role_based_access_control": [
              {
                "admin_group_object_ids": [],
                "azure_rbac_enabled": true,
                "client_app_id": "",
                "managed": true,
                "server_app_id": "",
                "server_app_secret": "",
                "tenant_id": "ff355289-721e-4dd7-a663-afec62ab9d54"
              }
            ],
            "azure_policy_enabled": true,
            "confidential_computing": [],
            "cost_analysis_enabled": false,
            "current_kubernetes_version": "1.32.5",
            "custom_ca_trust_certificates_base64": [],
            "default_node_pool": [
              {
                "capacity_reservation_group_id": "",
                "custom_ca_trust_enabled": false,
                "enable_auto_scaling": false,
                "enable_host_encryption": false,
                "enable_node_public_ip": false,
                "fips_enabled": false,
                "gpu_instance": "",
                "host_group_id": "",
                "kubelet_config": [],
                "kubelet_disk_type": "OS",
                "linux_os_config": [],
                "max_count": 0,
                "max_pods": 30,
                "message_of_the_day": "",
                "min_count": 0,
                "name": "systempool",
                "node_count": 2,
                "node_labels": {},
                "node_network_profile": [],
                "node_public_ip_prefix_id": "",
                "node_taints": [],
                "only_critical_addons_enabled": false,
                "orchestrator_version": "1.32.5",
                "os_disk_size_gb": 128,
                "os_disk_type": "Managed",
                "os_sku": "Ubuntu",
                "pod_subnet_id": "",
                "proximity_placement_group_id": "",
                "scale_down_mode": "Delete",
                "snapshot_id": "",
                "tags": {},
                "temporary_name_for_rotation": "",
                "type": "VirtualMachineScaleSets",
                "ultra_ssd_enabled": false,
                "upgrade_settings": [
                  {
                    "drain_timeout_in_minutes": 0,
                    "max_surge": "10%",
                    "node_soak_duration_in_minutes": 0
                  }
                ],
                "vm_size": "Standard_D2s_v3",
                "vnet_subnet_id": "/subscriptions/3c42098f-375b-47ae-9727-1b0014b0d232/resourceGroups/rg-optscale-deployment/providers/Microsoft.Network/virtualNetworks/vnet-optscale-aks/subnets/snet-optscale-aks-nodes",
                "workload_runtime": "",
                "zones": []
              }
            ],
            "disk_encryption_set_id": "",
            "dns_prefix": "aks-optscale",
            "dns_prefix_private_cluster": "",
            "edge_zone": "",
            "enable_pod_security_policy": false,
            "fqdn": "",
            "http_application_routing_enabled": false,
            "http_application_routing_zone_name": "",
            "http_proxy_config": [],
            "id": "/subscriptions/3c42098f-375b-47ae-9727-1b0014b0d232/resourceGroups/rg-optscale-deployment/providers/Microsoft.ContainerService/managedClusters/aks-optscale-cluster",
            "identity": [
              {
                "identity_ids": [],
                "principal_id": "93d065c8-e054-432a-ac99-de14962e4d7e",
                "tenant_id": "ff355289-721e-4dd7-a663-afec62ab9d54",
                "type": "SystemAssigned"
              }
            ],
            "image_cleaner_enabled": false,
            "image_cleaner_interval_hours": 48,
            "ingress_application_gateway": [],
            "key_management_service": [],
            "key_vault_secrets_provider": [],
            "kube_admin_config": [
              {
                "client_certificate": "LS0tLS1CRUdJTiBDRVJUSUZJQ0FURS0tLS0tCk1JSUZIakNDQXdhZ0F3SUJBZ0lSQU1RcDM2Vjhvam85Nm1sVXQ5ZXZjK3d3RFFZSktvWklodmNOQVFFTEJRQXcKRFRFTE1Ba0dBMVVFQXhNQ1kyRXdIaGNOTWpVd056QTNNRGN3T1RBd1doY05NamN3TnpBM01EY3hPVEF3V2pBdwpNUmN3RlFZRFZRUUtFdzV6ZVhOMFpXMDZiV0Z6ZEdWeWN6RVZNQk1HQTFVRUF4TU1iV0Z6ZEdWeVkyeHBaVzUwCk1JSUNJakFOQmdrcWhraUc5dzBCQVFFRkFBT0NBZzhBTUlJQ0NnS0NBZ0VBbkw0Zk15Q2tqTDg5VWQ4M3p2L2IKUEhvTWhWVExFMmtRU2Y4aU5EMTJhNzlzMkxjZ2xwekVDNlJxV2tCQVpVZW5jSG1KRmFvWFdNVkx0UWFDTkFMTQprTzN6anNzcjhQRzVXb3dTc1ZLalhuLzZGTm9tVFRMUnJVWGY2dzVpa1R0Nmhuc2dWVi9xUC93U1U2dEU5b2RJClpYNVBSS05xeUNoTktWZ3RsNDdRazZpdEp6enBHdHlqZjkyUytocjJWbDlnYUoxYlc5TGhBVGVKU2xCSEdzOG0KYVZmWVJ6YWxyaHNseTNNRnM4Z3pGOGY1ZHNBWFo5SDRJUDU2NzZrdVZkSVZNWVFLVVJsMm51U2FwYnJiM0hQdwo4U05MZEFVMWRYN242Q0VTd3pSYXpFTzlsTUVoMndISzV3dG9Pai91ZExsTWt2ZFRzK2dVdUhEcGszdDljOS9NCnVGZURUdHhrZzZ1VVcxQjVLQkF5OWxnWDFDTkM4Uk4zNzM2RUFuQUpKUXdPZzFGb0lDWjZRVWM2YmJpTGRSTEkKWFZQdnBubUxzYnFpYk1sN2F2NjhWUDUzd2R0dGtmK1NWOFA4Q1BUMW9ibkpQL2pyWE9MaTg1MlFoRUJHTGUzRwpTU1YwUUsrOFNoai9zQUNVcWtrY0grYklEYmRLTGpTSGpJU0lFdHMzdk9rZ0hkZ05lRUt4Yk1DNWdKbTlTODdjCmlLemlSZER1Z0tpRm9DSGJpOHI5d29QRUpQNml3Q3hoYlhYbElLc0dXdkE2b3E2bm54Umc3aS9QZk5DYXRRcC8KK01xSWFqT1hCTXBGL0F3cGRYcUZDVUU2eFRTSlR3Z2pxUnBDTmEwMDVuNXkwejB4dzcwNUlIa3BGSXpnNkN4bwphK0RBa3BpUXFBWnFiYzY4WUptMzY1Y0NBd0VBQWFOV01GUXdEZ1lEVlIwUEFRSC9CQVFEQWdXZ01CTUdBMVVkCkpRUU1NQW9HQ0NzR0FRVUZCd01DTUF3R0ExVWRFd0VCL3dRQ01BQXdId1lEVlIwakJCZ3dGb0FVWDQwSzZrK3QKdkRwMWdjNi84MVpSOXVGaHplRXdEUVlKS29aSWh2Y05BUUVMQlFBRGdnSUJBR29WVTlhWFl0QlF5V0dVdW9GcAo0Vk9hN1cwYzg1dU9ySXB1MUlWa3MzRDhEd0JhQmRNWDhaUDlaOFpPWXI1bzVkNDFqdkdOWmlhcmZVOGRrYlI5ClNsTjc0elpicGNuT2ZndkwxVjJtaTRFZURBU1ZscEYzQUhPYWwxeldJSUxNM1ZoVGcrS2kzdG9RRkFBSGdSUTIKRnA2OGJNQmVwNUY4R0F0ZVI1OWxBTndQaUN0c04rUTMrdjU2YUtVV3J4MU1ZTTJCZUtLejMxMjRBZmlGbjdXbgpxRUJrNHV1cGhyM1VxTWM4c0tVZW1NTmZaUG5rRE9aYTV1NFFPRy9pV0piWllNWlF4ZjVoM0F1aXlRYzkra2p3CkdzRlY0YXFJOXJyNzNGS3gwalhQaVFWNVdXTVVMbHBKZkNxTmlTanJkMXJJV0gveno0QkpzTUd3bEw3SmRTOEkKTDVBdlkwUjRTOVB1Y0RWbVh2dU8wbmhNa2RlbDM4eWtUZFM0RDdXZWZxN0VaY0lDeHlKY1Uxa0c0L1gxR293cwpEN000ZWVjSEhGZjUycTN5WnkvcEhkNlliQXYrdm5HY3ZpVDk1cG5iQWh1bkJsQnY4VzdXMXBjWDhEcHlBVmtyCmxaSzNHdlpZZC9ZcEpKSlVGZFJ5RkVvRFJUa1h1a0kxVXVHUnR1Yi9PZGlIUjkvQkJadGdBVFZmUUFHWVZoY0QKREVzYzZEQkVnUFp5RXdiTVMxb01Wc2lPcS9ha0thT2RMUk9FWnJoK09rZTlBNkxwRGgremlFZ3VLSXlvTGtLRgpzaERlNi9KZ1d5YlUwdEg3eUU4dk1Hb1J6MmF2UW1ETTRyYlk5NTV4dTJ2eXJRSzVQOGFab0tyb1EvVitsRlQ2CklubjA0RHdkMXg0SVBwS09FbDk3ZUZOQwotLS0tLUVORCBDRVJUSUZJQ0FURS0tLS0tCg==",
                "client_key": "LS0tLS1CRUdJTiBSU0EgUFJJVkFURSBLRVktLS0tLQpNSUlKS1FJQkFBS0NBZ0VBbkw0Zk15Q2tqTDg5VWQ4M3p2L2JQSG9NaFZUTEUya1FTZjhpTkQxMmE3OXMyTGNnCmxwekVDNlJxV2tCQVpVZW5jSG1KRmFvWFdNVkx0UWFDTkFMTWtPM3pqc3NyOFBHNVdvd1NzVktqWG4vNkZOb20KVFRMUnJVWGY2dzVpa1R0Nmhuc2dWVi9xUC93U1U2dEU5b2RJWlg1UFJLTnF5Q2hOS1ZndGw0N1FrNml0Snp6cApHdHlqZjkyUytocjJWbDlnYUoxYlc5TGhBVGVKU2xCSEdzOG1hVmZZUnphbHJoc2x5M01GczhnekY4ZjVkc0FYClo5SDRJUDU2NzZrdVZkSVZNWVFLVVJsMm51U2FwYnJiM0hQdzhTTkxkQVUxZFg3bjZDRVN3elJhekVPOWxNRWgKMndISzV3dG9Pai91ZExsTWt2ZFRzK2dVdUhEcGszdDljOS9NdUZlRFR0eGtnNnVVVzFCNUtCQXk5bGdYMUNOQwo4Uk4zNzM2RUFuQUpKUXdPZzFGb0lDWjZRVWM2YmJpTGRSTElYVlB2cG5tTHNicWliTWw3YXY2OFZQNTN3ZHR0CmtmK1NWOFA4Q1BUMW9ibkpQL2pyWE9MaTg1MlFoRUJHTGUzR1NTVjBRSys4U2hqL3NBQ1Vxa2tjSCtiSURiZEsKTGpTSGpJU0lFdHMzdk9rZ0hkZ05lRUt4Yk1DNWdKbTlTODdjaUt6aVJkRHVnS2lGb0NIYmk4cjl3b1BFSlA2aQp3Q3hoYlhYbElLc0dXdkE2b3E2bm54Umc3aS9QZk5DYXRRcC8rTXFJYWpPWEJNcEYvQXdwZFhxRkNVRTZ4VFNKClR3Z2pxUnBDTmEwMDVuNXkwejB4dzcwNUlIa3BGSXpnNkN4b2ErREFrcGlRcUFacWJjNjhZSm0zNjVjQ0F3RUEKQVFLQ0FnQUljdFVDci8wK211Wkd2Zlhub2ZIaXdoOWZwbkRseEhGODA1UTM1YUkyNzVRQjRHa1F4VFZwL1R4QQpUaHRLZWtERHRzRlZXaHcxRERsbThnbGRuVk1DY3RrQWR1SVE5QzZOKzJQY2kveERVVG1kR3g4YVpTVlpKaDJLCk1YWE5wenVVK1JrR2tRdHkxSGIyYkpKa2lXazFFMGhaaGtkd3IzOXRQWlFEaWM2alR1RzZialdRWFprd2dMUjEKNTdNa2Q3S2VJUEUyTTFrdWRCeGgxWTdubW9mVEFNbW5HUUo0TG4xc2lIQWp2eVJGNFdFSWJoVTA0dVB4ZjFZSQpDZ0gxM1VPSUxqcFNJY0c3a2MzbUpmckkyTFVCZ21vRVFHMmZ2aTNvM0xPQ3N4VTcwbURySGpmaGNxakpxRnMvClhJZlJZZFdIVEc2R0VYbmdjVEdkNGZlaW9jc0toUkJDbmZCVlJkWE93dlk0a3V4a1BjNmxUSktmbER4cEhTdE4KaFcxUHlBdjJKUnIzMnpxTDJFdS9IdGJlQnoxNEpQS25IRlRrcWlCNmU1R28zVGdUVzVqMjhDS0F4blhxbDR3cgpodlNLcVF2UEpPYWpJZW5Ydm1RT3F6WkVWdTY3RFk2ZGFzSG5YcS9ydXlHQkV1SEkzVFphcTd2TUhJbVU2KzFGCkhyd1p3bVRhdDJEaGVpTjJlODh5VDRUSlFqRU1aOE5KZ0ozWnBqdDZvMGtaTlNlaEZaQjByV3hMcXJpbzVCVEgKenRwMkVFQmhkYkVpM1ZVL0Ezcit4eHNISDRZMFlQcU9VQWlvNEJqNlZJdGNuYVpRSzlrR0VSVzBISEdKMkZjcApyUlF4eVk2ek5xTWU4a0hwZklNVVJ3YndDN2pwS1kzUTVPTDBxTWJyMDJ0b0VnT0w3UUtDQVFFQXhYVzNuTzVhClRlSFBlVzJQTmZnSFNJajNUR01wZUZqYnBUYSt1ZmRFcnp5QzJMNHNhZUYrem9WakI4ZDB2OVduVmc2emxmY04KZkh4Nk5kUk03dENCcXZUVVV2RkpyUUNoVnRKMk5nZkJHUXFuWkxFKzFFMTJaK3ExMFJiYnNvYXlYM01mNCtCbApIU0QyMEk4RmdheXMzRzgveXNDNGpseUNIblR5SVhCbVpheGRkVEorN2FkUWYzUi9PMXhjMGZ6YlFqVXBuNVJvCnVYR1I3RmFIMGJGQThGRDdOVWRKbUx3dHMvZWNEdENIZ0NXcUVqSW8xTk9JU2s0bEJtVVdDdlRoMmkvZ3dhODAKYUc1dlJLWEwxMkxIZ1VaaFJicGFqcW81a1h1Q3hhL3F2a1RPUFJmbmRITVlmT2VRM3pDVDNuZTh6WmJCZnJuWQpZc1ltclZhQlZJSlhrd0tDQVFFQXl6WXBNQm9BTU41MHZTTjVMREk1dWdQM1lqMUtpSFlOWktyaHdGOW5kTzlwCkpqaWNwbHNDaTk1dG13L1FmRy95Z3BYNWN0cDNkSFErVGUwcUdkcWJ1cTlyL0dmSHNPbEFvUkZ2Y2FLU3BOZGQKNzRUTGxTQkxPWURGR2pmdy82TUV6RlZYREoreTc5R21BL3JDSXpxUWtuZEFEc2dES0ptWXNWdHB4bWlleERJZgpPMzlHRTVFNHdJekhNaW84SWpXeE11V0xnM2lWaEs3bG0xS2MrY2dmWFg0N3pkbzA0YXdFVUpLS1FNNWhrbmtTCnNmQndjL0NvSGhxR2o5bFpyVTFzdXQ0bWV4TXhua0dkYU5yTHpsUyt2Ni9YQ3gvanduRFR1NU8zRGNyL3dTaTEKcUZvWldWZmI5eVJjU0lxYWV0L3FXNWsrT2Rod056aUxPanovOWNZV2JRS0NBUUVBbFR3SndINVlHOEtOSnEzSgo3YlQ5OURFb0RrQm5xRUFvQ082ZUtUaWJYWUZ6TnRKTUNOM1hFOGkxOXJ3bEhaTWhQQ1l5VGlZQXVGUHZuVjFOCm83Uk1PK043MFEveGFlSXZEY3BVY3pOYkdrejJCR0Q5SmtGQk92cWwzVmZVUlZJTjM1dkh2MWJwdEtFa1NLMi8KTUtsTG4vSW9tVmtjWXVQQnA3a2xBbWJMelEzL09FTW9zUDZpRlNIN3d1WmtkSVFSUmpHZHVyRFVrVXNuU1NLQQoxZGVNUjlROGQ2RGdHNklsUEgzb0lUNHpHb1BjekpIQ1VFOXJFeFdLWUJIb0hmSEQvRDN4TlJEd24vak8rV2dBCjdsRUdqVXFlMjY4akgrM0JRcFhCV1IxQ1lmam9rajNOdlRIN2tQTUdoOWhUK1hBdmJvWUF5WUUxN0Rqc0pGZGIKdVg0bEp3S0NBUUVBcnRmVzhIQXVvZDJGakFjdGh2MWY5ZERiMVVidkRpS2t1MnpiK0cwZDB0cjdHY3V6M042SgpmbGJPNzQvWHpubHpxeS9uQlE4N29KTXoyRkNxM0x2ZktlMHRlR3JDd2xDdkx1YVZnS3hraURoVnRuUUh4ak9YCkJjN3B4L2xCL25JQSt0NmltMVg4MjZNQ3VJSFU4QUsveVlXWk5CNmJ1UjhPNWVyRlE5VllaVzdLdUtKMVpQaWEKWC9IQW9rVDhvR0thS0RTZ3FXbmpHOXB2N0FoVTBBV0VGeWs1dzVCdjE0dnQyblY3UnU5THZIODN1cW9wMTFmRgpEc0c3N2FFUks2OW1VaEk2QWNNdCtnQnlzM2t0eWtYWUtZM2Q5TkJuWXpFNHZEZ0lWSEhKUkNVR3grZGQwQ1ZzCk9XU3JraTdQWTlHdEQwcjI0MFo2cHNpYjRtd0J2ekhFc1FLQ0FRQTc0dmVORjhtMFNHdVZlNWVpdFAvMHZ2VEMKTkJDR1VlWW9JcW52eWlCT0J2N1pDc2szK1k0QXVBdTRUSUlYRzNJNXJhTTJreEtTYUE4SHlYVDNmZnlWMlBFNwo5Um9QUUNxa3lGYlBBRDRxbEdCREduWDA4eXpCMk1Ib3lzM1o3RVUzYnZjbE5MZFVkR1h4OUY5Z3VmUi9kamo1CjR1MFN5UmlDVnRLbmVHVGNyNXRUVFZ0ZVhhVmUrZlU5Z3FIQUJFNFEyKzRTSnU4cGRENGNTWXBySVhMWE50WWwKZmhoQURxMXUra1dhTDU2VmUrSzNMWjZpbGpuWnZFTEp3WUhzTy9NRDFQM0RrMmtoMlIzMS9ZRWMrWitYVDlKdAoxWmdMN0I3cmNpM3V0ZTZLRVFGSUkzakU3QXVORC9kUmhVeCtRNXdOWmNUOTlpZVBKeDhGN0t4RTBWNTcKLS0tLS1FTkQgUlNBIFBSSVZBVEUgS0VZLS0tLS0K",
                "cluster_ca_certificate": "LS0tLS1CRUdJTiBDRVJUSUZJQ0FURS0tLS0tCk1JSUU2RENDQXRDZ0F3SUJBZ0lRZmFnWTk5c0JQWjF5bnk4K1FKZElYekFOQmdrcWhraUc5dzBCQVFzRkFEQU4KTVFzd0NRWURWUVFERXdKallUQWdGdzB5TlRBM01EY3dOekE1TURCYUdBOHlNRFUxTURjd056QTNNVGt3TUZvdwpEVEVMTUFrR0ExVUVBeE1DWTJFd2dnSWlNQTBHQ1NxR1NJYjNEUUVCQVFVQUE0SUNEd0F3Z2dJS0FvSUNBUUNZCmsvUlp6TGlYTFIxSG5PWEdrMmp4cU04cU04TVhCaEpaaS93VjJvdU1zVjdOajJzbTZHUkRMOHdDYWxwTWQ3VzEKTUkraGY1eDMwUWNiUUR5MG5iVnZyK1NzeFRXRGk5YVBHNkNjVDdWdEt3Rmw1Wmd4dVg1c2ZBdWhEb3JuU21aRwo5U2pZZFFqNDVNMWtlbzF6TFJBbWw4RE1YM0pCZE1Lb3FwbVQ4cm5MdG1sOCtqaVZWTWJDa1ZocnA0ZkU5OW5LCkZMMFVqUzZqa2tKZ2w4Y0krSURhcWpZbmNjdmY0QzZOUmI4OXl4OWtIdlR2V3ZyUlVDVDF3WE9WbWMvNnRyM3AKMldKcWJpeWs2MjNnKzI1U1FkbnlwSUlCSTBjdVdTRHhWSU5Ucy9VVjU5dVZoVmxHY1BvTlBRa0xYQUtMaVl4TwpUQ3lrUmxvWDBGTkRsalNmckRUcDhZeFExV205UVJxalpUY0YvTysxREZSR04vL2FaUHAwWkxyOEFzR015MXpECk1lUDErSlo5SWhmaGthUDZHd05CWEF3d0s3eHVaS0V0NStvOGlzaHdjWU4xcjd6KzY3Z1JQSFBGRDhzTVllOGUKMkZFTW5Ma0ZrT2gzbnRXRjk2MkJZVHFtRjFXK1p3T2tNRG00bUlvaXFrV3owQWo5Y2tYSXE5NldiNTI0MGd6RgpXYnhQVmk4Um1EQWoxNHFaVGY3ZGJlRVFHTkM5eTVkeVFVN1pZOElMVG9PWFZHU2Z1WTFnLy9PZGJ4OTNBeDIxCkxpTUxTNXZ4aTZBdVNVc3NkQVk1WWluR0RkTUNaVEpvQjlMN2NVQ0gyZDhORUtjTlIyOFduQUpIUWdScE9XQUkKaGxLQXg1Z3BEZVM4M2hSdUJuckdXb0RzVnM2T2ZpbFQ0NVhJbmpWalJ3SURBUUFCbzBJd1FEQU9CZ05WSFE4QgpBZjhFQkFNQ0FxUXdEd1lEVlIwVEFRSC9CQVV3QXdFQi96QWRCZ05WSFE0RUZnUVVYNDBLNmsrdHZEcDFnYzYvCjgxWlI5dUZoemVFd0RRWUpLb1pJaHZjTkFRRUxCUUFEZ2dJQkFFeTBNMGNILytGSlBpVDg3dFlhN2NnRVJaWHIKV1lZSXpma0pkcEpKTURQd3Y0cUcrTjdCQzJ4eEJFRXBqVUxPaUVhekU5dGtIemlyUHc0S0dsOFFsY1k1UU5jdgpmTDRHeDNMZk5HQ1hid1huYUpLVUkxUVUra3V3QnVXNGZjSm9FcmRQSnE3cDFjQXgrTGRBYTBKaVphL25wSHpECklRQXRTTjVwQU85b0JqVXZaT2YvSkx2V1hQV2lXUWFSRFVqanRKd3JjMW0reGRjSUprWVdvOEU4LzdHUWtoNDkKcmdCb3hJU2V6Z2JwWnhHdTVPb1RNY01MZWljRnQ3VzdKTFBoTTNVVEZOaGVTakpTUEFFMHd1aUJqbHhyUWJmbgo1cis4SnN2UUNsZVZrNEVmcnRyS3YweDZueFZOVzd6bEVQZW5jakQySGsvenY1YzNPbk5CWmUxVVdhWWJvSk1IClR0OW00S3JqU0NFTEE1T2gyTkRmdWJKMWREYjNkdTBNWjFVYkc0RklCL3RaRTY2STJRdTFHZk91ZzNDeFU3VTcKRjhzalNHZUxKOG1LOVNvUE95MHQwY0VVZDAxRHVLS3VjWXpOT3MzdWV6VU5wOXZxL3pOV3RkckRxTWZhZHpUWQpUTFVoOS9mdE1kZDNBT0t0QlhBc2xudTVBU01SL1d1anNIQWlVMndRR0d5SjMvVmxTNUFvVEhDbStmeUNWZG50CmdsTFNZL2pXOGd4M1pRQnNrcUZVWVhhMnNaM2pqSkxDVzZYN094R0VqR2VuSks4TVd6SUFSenRORjhoR0gzUjIKZVBBTWd3TkE3UlREVk55UldVYVV6aGRpdmZJejlNMCs5alhRMldXTlBka00yTkFaNXV3d3BiUG9zejBuTW9MSgpoZk84UE1KK1VxdFJhQ0pLCi0tLS0tRU5EIENFUlRJRklDQVRFLS0tLS0K",
                "host": "https://aks-optscale-elcdmhaq.9e412b62-f878-49d2-8271-a81609d3e13d.privatelink.westus2.azmk8s.io:443",
                "password": "64qib1jbvkhcav0v047b6yjmc8lc9l794r894vvj7avw4ry7fhdc0o9w8yj7cp54frc1js927svkq9zsv32pdd7rkoe1puu9e776uainn5wns6ahg7wbpp18ve0jwxxo",
                "username": "clusterAdmin_rg-optscale-deployment_aks-optscale-cluster"
              }
            ],
            "kube_admin_config_raw": "apiVersion: v1\nclusters:\n- cluster:\n    certificate-authority-data: LS0tLS1CRUdJTiBDRVJUSUZJQ0FURS0tLS0tCk1JSUU2RENDQXRDZ0F3SUJBZ0lRZmFnWTk5c0JQWjF5bnk4K1FKZElYekFOQmdrcWhraUc5dzBCQVFzRkFEQU4KTVFzd0NRWURWUVFERXdKallUQWdGdzB5TlRBM01EY3dOekE1TURCYUdBOHlNRFUxTURjd056QTNNVGt3TUZvdwpEVEVMTUFrR0ExVUVBeE1DWTJFd2dnSWlNQTBHQ1NxR1NJYjNEUUVCQVFVQUE0SUNEd0F3Z2dJS0FvSUNBUUNZCmsvUlp6TGlYTFIxSG5PWEdrMmp4cU04cU04TVhCaEpaaS93VjJvdU1zVjdOajJzbTZHUkRMOHdDYWxwTWQ3VzEKTUkraGY1eDMwUWNiUUR5MG5iVnZyK1NzeFRXRGk5YVBHNkNjVDdWdEt3Rmw1Wmd4dVg1c2ZBdWhEb3JuU21aRwo5U2pZZFFqNDVNMWtlbzF6TFJBbWw4RE1YM0pCZE1Lb3FwbVQ4cm5MdG1sOCtqaVZWTWJDa1ZocnA0ZkU5OW5LCkZMMFVqUzZqa2tKZ2w4Y0krSURhcWpZbmNjdmY0QzZOUmI4OXl4OWtIdlR2V3ZyUlVDVDF3WE9WbWMvNnRyM3AKMldKcWJpeWs2MjNnKzI1U1FkbnlwSUlCSTBjdVdTRHhWSU5Ucy9VVjU5dVZoVmxHY1BvTlBRa0xYQUtMaVl4TwpUQ3lrUmxvWDBGTkRsalNmckRUcDhZeFExV205UVJxalpUY0YvTysxREZSR04vL2FaUHAwWkxyOEFzR015MXpECk1lUDErSlo5SWhmaGthUDZHd05CWEF3d0s3eHVaS0V0NStvOGlzaHdjWU4xcjd6KzY3Z1JQSFBGRDhzTVllOGUKMkZFTW5Ma0ZrT2gzbnRXRjk2MkJZVHFtRjFXK1p3T2tNRG00bUlvaXFrV3owQWo5Y2tYSXE5NldiNTI0MGd6RgpXYnhQVmk4Um1EQWoxNHFaVGY3ZGJlRVFHTkM5eTVkeVFVN1pZOElMVG9PWFZHU2Z1WTFnLy9PZGJ4OTNBeDIxCkxpTUxTNXZ4aTZBdVNVc3NkQVk1WWluR0RkTUNaVEpvQjlMN2NVQ0gyZDhORUtjTlIyOFduQUpIUWdScE9XQUkKaGxLQXg1Z3BEZVM4M2hSdUJuckdXb0RzVnM2T2ZpbFQ0NVhJbmpWalJ3SURBUUFCbzBJd1FEQU9CZ05WSFE4QgpBZjhFQkFNQ0FxUXdEd1lEVlIwVEFRSC9CQVV3QXdFQi96QWRCZ05WSFE0RUZnUVVYNDBLNmsrdHZEcDFnYzYvCjgxWlI5dUZoemVFd0RRWUpLb1pJaHZjTkFRRUxCUUFEZ2dJQkFFeTBNMGNILytGSlBpVDg3dFlhN2NnRVJaWHIKV1lZSXpma0pkcEpKTURQd3Y0cUcrTjdCQzJ4eEJFRXBqVUxPaUVhekU5dGtIemlyUHc0S0dsOFFsY1k1UU5jdgpmTDRHeDNMZk5HQ1hid1huYUpLVUkxUVUra3V3QnVXNGZjSm9FcmRQSnE3cDFjQXgrTGRBYTBKaVphL25wSHpECklRQXRTTjVwQU85b0JqVXZaT2YvSkx2V1hQV2lXUWFSRFVqanRKd3JjMW0reGRjSUprWVdvOEU4LzdHUWtoNDkKcmdCb3hJU2V6Z2JwWnhHdTVPb1RNY01MZWljRnQ3VzdKTFBoTTNVVEZOaGVTakpTUEFFMHd1aUJqbHhyUWJmbgo1cis4SnN2UUNsZVZrNEVmcnRyS3YweDZueFZOVzd6bEVQZW5jakQySGsvenY1YzNPbk5CWmUxVVdhWWJvSk1IClR0OW00S3JqU0NFTEE1T2gyTkRmdWJKMWREYjNkdTBNWjFVYkc0RklCL3RaRTY2STJRdTFHZk91ZzNDeFU3VTcKRjhzalNHZUxKOG1LOVNvUE95MHQwY0VVZDAxRHVLS3VjWXpOT3MzdWV6VU5wOXZxL3pOV3RkckRxTWZhZHpUWQpUTFVoOS9mdE1kZDNBT0t0QlhBc2xudTVBU01SL1d1anNIQWlVMndRR0d5SjMvVmxTNUFvVEhDbStmeUNWZG50CmdsTFNZL2pXOGd4M1pRQnNrcUZVWVhhMnNaM2pqSkxDVzZYN094R0VqR2VuSks4TVd6SUFSenRORjhoR0gzUjIKZVBBTWd3TkE3UlREVk55UldVYVV6aGRpdmZJejlNMCs5alhRMldXTlBka00yTkFaNXV3d3BiUG9zejBuTW9MSgpoZk84UE1KK1VxdFJhQ0pLCi0tLS0tRU5EIENFUlRJRklDQVRFLS0tLS0K\n    server: https://aks-optscale-elcdmhaq.9e412b62-f878-49d2-8271-a81609d3e13d.privatelink.westus2.azmk8s.io:443\n  name: aks-optscale-cluster\ncontexts:\n- context:\n    cluster: aks-optscale-cluster\n    user: clusterAdmin_rg-optscale-deployment_aks-optscale-cluster\n  name: aks-optscale-cluster\ncurrent-context: aks-optscale-cluster\nkind: Config\npreferences: {}\nusers:\n- name: clusterAdmin_rg-optscale-deployment_aks-optscale-cluster\n  user:\n    client-certificate-data: LS0tLS1CRUdJTiBDRVJUSUZJQ0FURS0tLS0tCk1JSUZIakNDQXdhZ0F3SUJBZ0lSQU1RcDM2Vjhvam85Nm1sVXQ5ZXZjK3d3RFFZSktvWklodmNOQVFFTEJRQXcKRFRFTE1Ba0dBMVVFQXhNQ1kyRXdIaGNOTWpVd056QTNNRGN3T1RBd1doY05NamN3TnpBM01EY3hPVEF3V2pBdwpNUmN3RlFZRFZRUUtFdzV6ZVhOMFpXMDZiV0Z6ZEdWeWN6RVZNQk1HQTFVRUF4TU1iV0Z6ZEdWeVkyeHBaVzUwCk1JSUNJakFOQmdrcWhraUc5dzBCQVFFRkFBT0NBZzhBTUlJQ0NnS0NBZ0VBbkw0Zk15Q2tqTDg5VWQ4M3p2L2IKUEhvTWhWVExFMmtRU2Y4aU5EMTJhNzlzMkxjZ2xwekVDNlJxV2tCQVpVZW5jSG1KRmFvWFdNVkx0UWFDTkFMTQprTzN6anNzcjhQRzVXb3dTc1ZLalhuLzZGTm9tVFRMUnJVWGY2dzVpa1R0Nmhuc2dWVi9xUC93U1U2dEU5b2RJClpYNVBSS05xeUNoTktWZ3RsNDdRazZpdEp6enBHdHlqZjkyUytocjJWbDlnYUoxYlc5TGhBVGVKU2xCSEdzOG0KYVZmWVJ6YWxyaHNseTNNRnM4Z3pGOGY1ZHNBWFo5SDRJUDU2NzZrdVZkSVZNWVFLVVJsMm51U2FwYnJiM0hQdwo4U05MZEFVMWRYN242Q0VTd3pSYXpFTzlsTUVoMndISzV3dG9Pai91ZExsTWt2ZFRzK2dVdUhEcGszdDljOS9NCnVGZURUdHhrZzZ1VVcxQjVLQkF5OWxnWDFDTkM4Uk4zNzM2RUFuQUpKUXdPZzFGb0lDWjZRVWM2YmJpTGRSTEkKWFZQdnBubUxzYnFpYk1sN2F2NjhWUDUzd2R0dGtmK1NWOFA4Q1BUMW9ibkpQL2pyWE9MaTg1MlFoRUJHTGUzRwpTU1YwUUsrOFNoai9zQUNVcWtrY0grYklEYmRLTGpTSGpJU0lFdHMzdk9rZ0hkZ05lRUt4Yk1DNWdKbTlTODdjCmlLemlSZER1Z0tpRm9DSGJpOHI5d29QRUpQNml3Q3hoYlhYbElLc0dXdkE2b3E2bm54Umc3aS9QZk5DYXRRcC8KK01xSWFqT1hCTXBGL0F3cGRYcUZDVUU2eFRTSlR3Z2pxUnBDTmEwMDVuNXkwejB4dzcwNUlIa3BGSXpnNkN4bwphK0RBa3BpUXFBWnFiYzY4WUptMzY1Y0NBd0VBQWFOV01GUXdEZ1lEVlIwUEFRSC9CQVFEQWdXZ01CTUdBMVVkCkpRUU1NQW9HQ0NzR0FRVUZCd01DTUF3R0ExVWRFd0VCL3dRQ01BQXdId1lEVlIwakJCZ3dGb0FVWDQwSzZrK3QKdkRwMWdjNi84MVpSOXVGaHplRXdEUVlKS29aSWh2Y05BUUVMQlFBRGdnSUJBR29WVTlhWFl0QlF5V0dVdW9GcAo0Vk9hN1cwYzg1dU9ySXB1MUlWa3MzRDhEd0JhQmRNWDhaUDlaOFpPWXI1bzVkNDFqdkdOWmlhcmZVOGRrYlI5ClNsTjc0elpicGNuT2ZndkwxVjJtaTRFZURBU1ZscEYzQUhPYWwxeldJSUxNM1ZoVGcrS2kzdG9RRkFBSGdSUTIKRnA2OGJNQmVwNUY4R0F0ZVI1OWxBTndQaUN0c04rUTMrdjU2YUtVV3J4MU1ZTTJCZUtLejMxMjRBZmlGbjdXbgpxRUJrNHV1cGhyM1VxTWM4c0tVZW1NTmZaUG5rRE9aYTV1NFFPRy9pV0piWllNWlF4ZjVoM0F1aXlRYzkra2p3CkdzRlY0YXFJOXJyNzNGS3gwalhQaVFWNVdXTVVMbHBKZkNxTmlTanJkMXJJV0gveno0QkpzTUd3bEw3SmRTOEkKTDVBdlkwUjRTOVB1Y0RWbVh2dU8wbmhNa2RlbDM4eWtUZFM0RDdXZWZxN0VaY0lDeHlKY1Uxa0c0L1gxR293cwpEN000ZWVjSEhGZjUycTN5WnkvcEhkNlliQXYrdm5HY3ZpVDk1cG5iQWh1bkJsQnY4VzdXMXBjWDhEcHlBVmtyCmxaSzNHdlpZZC9ZcEpKSlVGZFJ5RkVvRFJUa1h1a0kxVXVHUnR1Yi9PZGlIUjkvQkJadGdBVFZmUUFHWVZoY0QKREVzYzZEQkVnUFp5RXdiTVMxb01Wc2lPcS9ha0thT2RMUk9FWnJoK09rZTlBNkxwRGgremlFZ3VLSXlvTGtLRgpzaERlNi9KZ1d5YlUwdEg3eUU4dk1Hb1J6MmF2UW1ETTRyYlk5NTV4dTJ2eXJRSzVQOGFab0tyb1EvVitsRlQ2CklubjA0RHdkMXg0SVBwS09FbDk3ZUZOQwotLS0tLUVORCBDRVJUSUZJQ0FURS0tLS0tCg==\n    client-key-data: LS0tLS1CRUdJTiBSU0EgUFJJVkFURSBLRVktLS0tLQpNSUlKS1FJQkFBS0NBZ0VBbkw0Zk15Q2tqTDg5VWQ4M3p2L2JQSG9NaFZUTEUya1FTZjhpTkQxMmE3OXMyTGNnCmxwekVDNlJxV2tCQVpVZW5jSG1KRmFvWFdNVkx0UWFDTkFMTWtPM3pqc3NyOFBHNVdvd1NzVktqWG4vNkZOb20KVFRMUnJVWGY2dzVpa1R0Nmhuc2dWVi9xUC93U1U2dEU5b2RJWlg1UFJLTnF5Q2hOS1ZndGw0N1FrNml0Snp6cApHdHlqZjkyUytocjJWbDlnYUoxYlc5TGhBVGVKU2xCSEdzOG1hVmZZUnphbHJoc2x5M01GczhnekY4ZjVkc0FYClo5SDRJUDU2NzZrdVZkSVZNWVFLVVJsMm51U2FwYnJiM0hQdzhTTkxkQVUxZFg3bjZDRVN3elJhekVPOWxNRWgKMndISzV3dG9Pai91ZExsTWt2ZFRzK2dVdUhEcGszdDljOS9NdUZlRFR0eGtnNnVVVzFCNUtCQXk5bGdYMUNOQwo4Uk4zNzM2RUFuQUpKUXdPZzFGb0lDWjZRVWM2YmJpTGRSTElYVlB2cG5tTHNicWliTWw3YXY2OFZQNTN3ZHR0CmtmK1NWOFA4Q1BUMW9ibkpQL2pyWE9MaTg1MlFoRUJHTGUzR1NTVjBRSys4U2hqL3NBQ1Vxa2tjSCtiSURiZEsKTGpTSGpJU0lFdHMzdk9rZ0hkZ05lRUt4Yk1DNWdKbTlTODdjaUt6aVJkRHVnS2lGb0NIYmk4cjl3b1BFSlA2aQp3Q3hoYlhYbElLc0dXdkE2b3E2bm54Umc3aS9QZk5DYXRRcC8rTXFJYWpPWEJNcEYvQXdwZFhxRkNVRTZ4VFNKClR3Z2pxUnBDTmEwMDVuNXkwejB4dzcwNUlIa3BGSXpnNkN4b2ErREFrcGlRcUFacWJjNjhZSm0zNjVjQ0F3RUEKQVFLQ0FnQUljdFVDci8wK211Wkd2Zlhub2ZIaXdoOWZwbkRseEhGODA1UTM1YUkyNzVRQjRHa1F4VFZwL1R4QQpUaHRLZWtERHRzRlZXaHcxRERsbThnbGRuVk1DY3RrQWR1SVE5QzZOKzJQY2kveERVVG1kR3g4YVpTVlpKaDJLCk1YWE5wenVVK1JrR2tRdHkxSGIyYkpKa2lXazFFMGhaaGtkd3IzOXRQWlFEaWM2alR1RzZialdRWFprd2dMUjEKNTdNa2Q3S2VJUEUyTTFrdWRCeGgxWTdubW9mVEFNbW5HUUo0TG4xc2lIQWp2eVJGNFdFSWJoVTA0dVB4ZjFZSQpDZ0gxM1VPSUxqcFNJY0c3a2MzbUpmckkyTFVCZ21vRVFHMmZ2aTNvM0xPQ3N4VTcwbURySGpmaGNxakpxRnMvClhJZlJZZFdIVEc2R0VYbmdjVEdkNGZlaW9jc0toUkJDbmZCVlJkWE93dlk0a3V4a1BjNmxUSktmbER4cEhTdE4KaFcxUHlBdjJKUnIzMnpxTDJFdS9IdGJlQnoxNEpQS25IRlRrcWlCNmU1R28zVGdUVzVqMjhDS0F4blhxbDR3cgpodlNLcVF2UEpPYWpJZW5Ydm1RT3F6WkVWdTY3RFk2ZGFzSG5YcS9ydXlHQkV1SEkzVFphcTd2TUhJbVU2KzFGCkhyd1p3bVRhdDJEaGVpTjJlODh5VDRUSlFqRU1aOE5KZ0ozWnBqdDZvMGtaTlNlaEZaQjByV3hMcXJpbzVCVEgKenRwMkVFQmhkYkVpM1ZVL0Ezcit4eHNISDRZMFlQcU9VQWlvNEJqNlZJdGNuYVpRSzlrR0VSVzBISEdKMkZjcApyUlF4eVk2ek5xTWU4a0hwZklNVVJ3YndDN2pwS1kzUTVPTDBxTWJyMDJ0b0VnT0w3UUtDQVFFQXhYVzNuTzVhClRlSFBlVzJQTmZnSFNJajNUR01wZUZqYnBUYSt1ZmRFcnp5QzJMNHNhZUYrem9WakI4ZDB2OVduVmc2emxmY04KZkh4Nk5kUk03dENCcXZUVVV2RkpyUUNoVnRKMk5nZkJHUXFuWkxFKzFFMTJaK3ExMFJiYnNvYXlYM01mNCtCbApIU0QyMEk4RmdheXMzRzgveXNDNGpseUNIblR5SVhCbVpheGRkVEorN2FkUWYzUi9PMXhjMGZ6YlFqVXBuNVJvCnVYR1I3RmFIMGJGQThGRDdOVWRKbUx3dHMvZWNEdENIZ0NXcUVqSW8xTk9JU2s0bEJtVVdDdlRoMmkvZ3dhODAKYUc1dlJLWEwxMkxIZ1VaaFJicGFqcW81a1h1Q3hhL3F2a1RPUFJmbmRITVlmT2VRM3pDVDNuZTh6WmJCZnJuWQpZc1ltclZhQlZJSlhrd0tDQVFFQXl6WXBNQm9BTU41MHZTTjVMREk1dWdQM1lqMUtpSFlOWktyaHdGOW5kTzlwCkpqaWNwbHNDaTk1dG13L1FmRy95Z3BYNWN0cDNkSFErVGUwcUdkcWJ1cTlyL0dmSHNPbEFvUkZ2Y2FLU3BOZGQKNzRUTGxTQkxPWURGR2pmdy82TUV6RlZYREoreTc5R21BL3JDSXpxUWtuZEFEc2dES0ptWXNWdHB4bWlleERJZgpPMzlHRTVFNHdJekhNaW84SWpXeE11V0xnM2lWaEs3bG0xS2MrY2dmWFg0N3pkbzA0YXdFVUpLS1FNNWhrbmtTCnNmQndjL0NvSGhxR2o5bFpyVTFzdXQ0bWV4TXhua0dkYU5yTHpsUyt2Ni9YQ3gvanduRFR1NU8zRGNyL3dTaTEKcUZvWldWZmI5eVJjU0lxYWV0L3FXNWsrT2Rod056aUxPanovOWNZV2JRS0NBUUVBbFR3SndINVlHOEtOSnEzSgo3YlQ5OURFb0RrQm5xRUFvQ082ZUtUaWJYWUZ6TnRKTUNOM1hFOGkxOXJ3bEhaTWhQQ1l5VGlZQXVGUHZuVjFOCm83Uk1PK043MFEveGFlSXZEY3BVY3pOYkdrejJCR0Q5SmtGQk92cWwzVmZVUlZJTjM1dkh2MWJwdEtFa1NLMi8KTUtsTG4vSW9tVmtjWXVQQnA3a2xBbWJMelEzL09FTW9zUDZpRlNIN3d1WmtkSVFSUmpHZHVyRFVrVXNuU1NLQQoxZGVNUjlROGQ2RGdHNklsUEgzb0lUNHpHb1BjekpIQ1VFOXJFeFdLWUJIb0hmSEQvRDN4TlJEd24vak8rV2dBCjdsRUdqVXFlMjY4akgrM0JRcFhCV1IxQ1lmam9rajNOdlRIN2tQTUdoOWhUK1hBdmJvWUF5WUUxN0Rqc0pGZGIKdVg0bEp3S0NBUUVBcnRmVzhIQXVvZDJGakFjdGh2MWY5ZERiMVVidkRpS2t1MnpiK0cwZDB0cjdHY3V6M042SgpmbGJPNzQvWHpubHpxeS9uQlE4N29KTXoyRkNxM0x2ZktlMHRlR3JDd2xDdkx1YVZnS3hraURoVnRuUUh4ak9YCkJjN3B4L2xCL25JQSt0NmltMVg4MjZNQ3VJSFU4QUsveVlXWk5CNmJ1UjhPNWVyRlE5VllaVzdLdUtKMVpQaWEKWC9IQW9rVDhvR0thS0RTZ3FXbmpHOXB2N0FoVTBBV0VGeWs1dzVCdjE0dnQyblY3UnU5THZIODN1cW9wMTFmRgpEc0c3N2FFUks2OW1VaEk2QWNNdCtnQnlzM2t0eWtYWUtZM2Q5TkJuWXpFNHZEZ0lWSEhKUkNVR3grZGQwQ1ZzCk9XU3JraTdQWTlHdEQwcjI0MFo2cHNpYjRtd0J2ekhFc1FLQ0FRQTc0dmVORjhtMFNHdVZlNWVpdFAvMHZ2VEMKTkJDR1VlWW9JcW52eWlCT0J2N1pDc2szK1k0QXVBdTRUSUlYRzNJNXJhTTJreEtTYUE4SHlYVDNmZnlWMlBFNwo5Um9QUUNxa3lGYlBBRDRxbEdCREduWDA4eXpCMk1Ib3lzM1o3RVUzYnZjbE5MZFVkR1h4OUY5Z3VmUi9kamo1CjR1MFN5UmlDVnRLbmVHVGNyNXRUVFZ0ZVhhVmUrZlU5Z3FIQUJFNFEyKzRTSnU4cGRENGNTWXBySVhMWE50WWwKZmhoQURxMXUra1dhTDU2VmUrSzNMWjZpbGpuWnZFTEp3WUhzTy9NRDFQM0RrMmtoMlIzMS9ZRWMrWitYVDlKdAoxWmdMN0I3cmNpM3V0ZTZLRVFGSUkzakU3QXVORC9kUmhVeCtRNXdOWmNUOTlpZVBKeDhGN0t4RTBWNTcKLS0tLS1FTkQgUlNBIFBSSVZBVEUgS0VZLS0tLS0K\n    token: 64qib1jbvkhcav0v047b6yjmc8lc9l794r894vvj7avw4ry7fhdc0o9w8yj7cp54frc1js927svkq9zsv32pdd7rkoe1puu9e776uainn5wns6ahg7wbpp18ve0jwxxo\n",
            "kube_config": [
              {
                "client_certificate": "",
                "client_key": "",
                "cluster_ca_certificate": "LS0tLS1CRUdJTiBDRVJUSUZJQ0FURS0tLS0tCk1JSUU2RENDQXRDZ0F3SUJBZ0lRZmFnWTk5c0JQWjF5bnk4K1FKZElYekFOQmdrcWhraUc5dzBCQVFzRkFEQU4KTVFzd0NRWURWUVFERXdKallUQWdGdzB5TlRBM01EY3dOekE1TURCYUdBOHlNRFUxTURjd056QTNNVGt3TUZvdwpEVEVMTUFrR0ExVUVBeE1DWTJFd2dnSWlNQTBHQ1NxR1NJYjNEUUVCQVFVQUE0SUNEd0F3Z2dJS0FvSUNBUUNZCmsvUlp6TGlYTFIxSG5PWEdrMmp4cU04cU04TVhCaEpaaS93VjJvdU1zVjdOajJzbTZHUkRMOHdDYWxwTWQ3VzEKTUkraGY1eDMwUWNiUUR5MG5iVnZyK1NzeFRXRGk5YVBHNkNjVDdWdEt3Rmw1Wmd4dVg1c2ZBdWhEb3JuU21aRwo5U2pZZFFqNDVNMWtlbzF6TFJBbWw4RE1YM0pCZE1Lb3FwbVQ4cm5MdG1sOCtqaVZWTWJDa1ZocnA0ZkU5OW5LCkZMMFVqUzZqa2tKZ2w4Y0krSURhcWpZbmNjdmY0QzZOUmI4OXl4OWtIdlR2V3ZyUlVDVDF3WE9WbWMvNnRyM3AKMldKcWJpeWs2MjNnKzI1U1FkbnlwSUlCSTBjdVdTRHhWSU5Ucy9VVjU5dVZoVmxHY1BvTlBRa0xYQUtMaVl4TwpUQ3lrUmxvWDBGTkRsalNmckRUcDhZeFExV205UVJxalpUY0YvTysxREZSR04vL2FaUHAwWkxyOEFzR015MXpECk1lUDErSlo5SWhmaGthUDZHd05CWEF3d0s3eHVaS0V0NStvOGlzaHdjWU4xcjd6KzY3Z1JQSFBGRDhzTVllOGUKMkZFTW5Ma0ZrT2gzbnRXRjk2MkJZVHFtRjFXK1p3T2tNRG00bUlvaXFrV3owQWo5Y2tYSXE5NldiNTI0MGd6RgpXYnhQVmk4Um1EQWoxNHFaVGY3ZGJlRVFHTkM5eTVkeVFVN1pZOElMVG9PWFZHU2Z1WTFnLy9PZGJ4OTNBeDIxCkxpTUxTNXZ4aTZBdVNVc3NkQVk1WWluR0RkTUNaVEpvQjlMN2NVQ0gyZDhORUtjTlIyOFduQUpIUWdScE9XQUkKaGxLQXg1Z3BEZVM4M2hSdUJuckdXb0RzVnM2T2ZpbFQ0NVhJbmpWalJ3SURBUUFCbzBJd1FEQU9CZ05WSFE4QgpBZjhFQkFNQ0FxUXdEd1lEVlIwVEFRSC9CQVV3QXdFQi96QWRCZ05WSFE0RUZnUVVYNDBLNmsrdHZEcDFnYzYvCjgxWlI5dUZoemVFd0RRWUpLb1pJaHZjTkFRRUxCUUFEZ2dJQkFFeTBNMGNILytGSlBpVDg3dFlhN2NnRVJaWHIKV1lZSXpma0pkcEpKTURQd3Y0cUcrTjdCQzJ4eEJFRXBqVUxPaUVhekU5dGtIemlyUHc0S0dsOFFsY1k1UU5jdgpmTDRHeDNMZk5HQ1hid1huYUpLVUkxUVUra3V3QnVXNGZjSm9FcmRQSnE3cDFjQXgrTGRBYTBKaVphL25wSHpECklRQXRTTjVwQU85b0JqVXZaT2YvSkx2V1hQV2lXUWFSRFVqanRKd3JjMW0reGRjSUprWVdvOEU4LzdHUWtoNDkKcmdCb3hJU2V6Z2JwWnhHdTVPb1RNY01MZWljRnQ3VzdKTFBoTTNVVEZOaGVTakpTUEFFMHd1aUJqbHhyUWJmbgo1cis4SnN2UUNsZVZrNEVmcnRyS3YweDZueFZOVzd6bEVQZW5jakQySGsvenY1YzNPbk5CWmUxVVdhWWJvSk1IClR0OW00S3JqU0NFTEE1T2gyTkRmdWJKMWREYjNkdTBNWjFVYkc0RklCL3RaRTY2STJRdTFHZk91ZzNDeFU3VTcKRjhzalNHZUxKOG1LOVNvUE95MHQwY0VVZDAxRHVLS3VjWXpOT3MzdWV6VU5wOXZxL3pOV3RkckRxTWZhZHpUWQpUTFVoOS9mdE1kZDNBT0t0QlhBc2xudTVBU01SL1d1anNIQWlVMndRR0d5SjMvVmxTNUFvVEhDbStmeUNWZG50CmdsTFNZL2pXOGd4M1pRQnNrcUZVWVhhMnNaM2pqSkxDVzZYN094R0VqR2VuSks4TVd6SUFSenRORjhoR0gzUjIKZVBBTWd3TkE3UlREVk55UldVYVV6aGRpdmZJejlNMCs5alhRMldXTlBka00yTkFaNXV3d3BiUG9zejBuTW9MSgpoZk84UE1KK1VxdFJhQ0pLCi0tLS0tRU5EIENFUlRJRklDQVRFLS0tLS0K",
                "host": "https://aks-optscale-elcdmhaq.9e412b62-f878-49d2-8271-a81609d3e13d.privatelink.westus2.azmk8s.io:443",
                "password": "",
                "username": "clusterUser_rg-optscale-deployment_aks-optscale-cluster"
              }
            ],
            "kube_config_raw": "apiVersion: v1\nclusters:\n- cluster:\n    certificate-authority-data: LS0tLS1CRUdJTiBDRVJUSUZJQ0FURS0tLS0tCk1JSUU2RENDQXRDZ0F3SUJBZ0lRZmFnWTk5c0JQWjF5bnk4K1FKZElYekFOQmdrcWhraUc5dzBCQVFzRkFEQU4KTVFzd0NRWURWUVFERXdKallUQWdGdzB5TlRBM01EY3dOekE1TURCYUdBOHlNRFUxTURjd056QTNNVGt3TUZvdwpEVEVMTUFrR0ExVUVBeE1DWTJFd2dnSWlNQTBHQ1NxR1NJYjNEUUVCQVFVQUE0SUNEd0F3Z2dJS0FvSUNBUUNZCmsvUlp6TGlYTFIxSG5PWEdrMmp4cU04cU04TVhCaEpaaS93VjJvdU1zVjdOajJzbTZHUkRMOHdDYWxwTWQ3VzEKTUkraGY1eDMwUWNiUUR5MG5iVnZyK1NzeFRXRGk5YVBHNkNjVDdWdEt3Rmw1Wmd4dVg1c2ZBdWhEb3JuU21aRwo5U2pZZFFqNDVNMWtlbzF6TFJBbWw4RE1YM0pCZE1Lb3FwbVQ4cm5MdG1sOCtqaVZWTWJDa1ZocnA0ZkU5OW5LCkZMMFVqUzZqa2tKZ2w4Y0krSURhcWpZbmNjdmY0QzZOUmI4OXl4OWtIdlR2V3ZyUlVDVDF3WE9WbWMvNnRyM3AKMldKcWJpeWs2MjNnKzI1U1FkbnlwSUlCSTBjdVdTRHhWSU5Ucy9VVjU5dVZoVmxHY1BvTlBRa0xYQUtMaVl4TwpUQ3lrUmxvWDBGTkRsalNmckRUcDhZeFExV205UVJxalpUY0YvTysxREZSR04vL2FaUHAwWkxyOEFzR015MXpECk1lUDErSlo5SWhmaGthUDZHd05CWEF3d0s3eHVaS0V0NStvOGlzaHdjWU4xcjd6KzY3Z1JQSFBGRDhzTVllOGUKMkZFTW5Ma0ZrT2gzbnRXRjk2MkJZVHFtRjFXK1p3T2tNRG00bUlvaXFrV3owQWo5Y2tYSXE5NldiNTI0MGd6RgpXYnhQVmk4Um1EQWoxNHFaVGY3ZGJlRVFHTkM5eTVkeVFVN1pZOElMVG9PWFZHU2Z1WTFnLy9PZGJ4OTNBeDIxCkxpTUxTNXZ4aTZBdVNVc3NkQVk1WWluR0RkTUNaVEpvQjlMN2NVQ0gyZDhORUtjTlIyOFduQUpIUWdScE9XQUkKaGxLQXg1Z3BEZVM4M2hSdUJuckdXb0RzVnM2T2ZpbFQ0NVhJbmpWalJ3SURBUUFCbzBJd1FEQU9CZ05WSFE4QgpBZjhFQkFNQ0FxUXdEd1lEVlIwVEFRSC9CQVV3QXdFQi96QWRCZ05WSFE0RUZnUVVYNDBLNmsrdHZEcDFnYzYvCjgxWlI5dUZoemVFd0RRWUpLb1pJaHZjTkFRRUxCUUFEZ2dJQkFFeTBNMGNILytGSlBpVDg3dFlhN2NnRVJaWHIKV1lZSXpma0pkcEpKTURQd3Y0cUcrTjdCQzJ4eEJFRXBqVUxPaUVhekU5dGtIemlyUHc0S0dsOFFsY1k1UU5jdgpmTDRHeDNMZk5HQ1hid1huYUpLVUkxUVUra3V3QnVXNGZjSm9FcmRQSnE3cDFjQXgrTGRBYTBKaVphL25wSHpECklRQXRTTjVwQU85b0JqVXZaT2YvSkx2V1hQV2lXUWFSRFVqanRKd3JjMW0reGRjSUprWVdvOEU4LzdHUWtoNDkKcmdCb3hJU2V6Z2JwWnhHdTVPb1RNY01MZWljRnQ3VzdKTFBoTTNVVEZOaGVTakpTUEFFMHd1aUJqbHhyUWJmbgo1cis4SnN2UUNsZVZrNEVmcnRyS3YweDZueFZOVzd6bEVQZW5jakQySGsvenY1YzNPbk5CWmUxVVdhWWJvSk1IClR0OW00S3JqU0NFTEE1T2gyTkRmdWJKMWREYjNkdTBNWjFVYkc0RklCL3RaRTY2STJRdTFHZk91ZzNDeFU3VTcKRjhzalNHZUxKOG1LOVNvUE95MHQwY0VVZDAxRHVLS3VjWXpOT3MzdWV6VU5wOXZxL3pOV3RkckRxTWZhZHpUWQpUTFVoOS9mdE1kZDNBT0t0QlhBc2xudTVBU01SL1d1anNIQWlVMndRR0d5SjMvVmxTNUFvVEhDbStmeUNWZG50CmdsTFNZL2pXOGd4M1pRQnNrcUZVWVhhMnNaM2pqSkxDVzZYN094R0VqR2VuSks4TVd6SUFSenRORjhoR0gzUjIKZVBBTWd3TkE3UlREVk55UldVYVV6aGRpdmZJejlNMCs5alhRMldXTlBka00yTkFaNXV3d3BiUG9zejBuTW9MSgpoZk84UE1KK1VxdFJhQ0pLCi0tLS0tRU5EIENFUlRJRklDQVRFLS0tLS0K\n    server: https://aks-optscale-elcdmhaq.9e412b62-f878-49d2-8271-a81609d3e13d.privatelink.westus2.azmk8s.io:443\n  name: aks-optscale-cluster\ncontexts:\n- context:\n    cluster: aks-optscale-cluster\n    user: clusterUser_rg-optscale-deployment_aks-optscale-cluster\n  name: aks-optscale-cluster\ncurrent-context: aks-optscale-cluster\nkind: Config\npreferences: {}\nusers:\n- name: clusterUser_rg-optscale-deployment_aks-optscale-cluster\n  user:\n    exec:\n      apiVersion: client.authentication.k8s.io/v1beta1\n      args:\n      - get-token\n      - --environment\n      - AzurePublicCloud\n      - --server-id\n      - 6dae42f8-4368-4678-94ff-3960e28e3630\n      - --client-id\n      - 80faf920-1908-4b52-b5ef-a8e7bedfc67a\n      - --tenant-id\n      - ff355289-721e-4dd7-a663-afec62ab9d54\n      - --login\n      - devicecode\n      command: kubelogin\n      env: null\n      installHint: |2\n\n        kubelogin is not installed which is required to connect to AAD enabled cluster.\n\n        To learn more, please go to https://aka.ms/aks/kubelogin\n      provideClusterInfo: false\n",
            "kubelet_identity": [
              {
                "client_id": "62081523-3ab5-489c-a021-ab1649ae51d5",
                "object_id": "02321746-ddec-4855-b916-74ea544ce7e5",
                "user_assigned_identity_id": "/subscriptions/3c42098f-375b-47ae-9727-1b0014b0d232/resourceGroups/MC_rg-optscale-deployment_aks-optscale-cluster_westus2/providers/Microsoft.ManagedIdentity/userAssignedIdentities/aks-optscale-cluster-agentpool"
              }
            ],
            "kubernetes_version": "1.32.5",
            "linux_profile": [],
            "local_account_disabled": false,
            "location": "westus2",
            "maintenance_window": [],
            "maintenance_window_auto_upgrade": [],
            "maintenance_window_node_os": [],
            "microsoft_defender": [],
            "monitor_metrics": [],
            "name": "aks-optscale-cluster",
            "network_profile": [
              {
                "dns_service_ip": "10.0.0.10",
                "docker_bridge_cidr": "",
                "ebpf_data_plane": "",
                "ip_versions": [
                  "IPv4"
                ],
                "load_balancer_profile": [
                  {
                    "effective_outbound_ips": [
                      "/subscriptions/3c42098f-375b-47ae-9727-1b0014b0d232/resourceGroups/MC_rg-optscale-deployment_aks-optscale-cluster_westus2/providers/Microsoft.Network/publicIPAddresses/05e6370c-8c4e-4fef-b527-7adc122a8abd"
                    ],
                    "idle_timeout_in_minutes": 0,
                    "managed_outbound_ip_count": 1,
                    "managed_outbound_ipv6_count": 0,
                    "outbound_ip_address_ids": [],
                    "outbound_ip_prefix_ids": [],
                    "outbound_ports_allocated": 0
                  }
                ],
                "load_balancer_sku": "standard",
                "nat_gateway_profile": [],
                "network_data_plane": "azure",
                "network_mode": "",
                "network_plugin": "azure",
                "network_plugin_mode": "",
                "network_policy": "",
                "outbound_ip_address_ids": [],
                "outbound_ip_prefix_ids": [],
                "outbound_type": "loadBalancer",
                "pod_cidr": "",
                "pod_cidrs": [],
                "service_cidr": "10.0.0.0/16",
                "service_cidrs": [
                  "10.0.0.0/16"
                ]
              }
            ],
            "node_os_channel_upgrade": null,
            "node_resource_group": "MC_rg-optscale-deployment_aks-optscale-cluster_westus2",
            "node_resource_group_id": "/subscriptions/3c42098f-375b-47ae-9727-1b0014b0d232/resourceGroups/MC_rg-optscale-deployment_aks-optscale-cluster_westus2",
            "oidc_issuer_enabled": false,
            "oidc_issuer_url": "",
            "oms_agent": [],
            "open_service_mesh_enabled": false,
            "portal_fqdn": "a64b1de6f118364126fc0d4f5a57574b-priv.portal.hcp.westus2.azmk8s.io",
            "private_cluster_enabled": true,
            "private_cluster_public_fqdn_enabled": false,
            "private_dns_zone_id": "System",
            "private_fqdn": "aks-optscale-elcdmhaq.9e412b62-f878-49d2-8271-a81609d3e13d.privatelink.westus2.azmk8s.io",
            "public_network_access_enabled": true,
            "resource_group_name": "rg-optscale-deployment",
            "role_based_access_control_enabled": true,
            "run_command_enabled": true,
            "service_mesh_profile": [],
            "service_principal": [],
            "sku_tier": "Free",
            "storage_profile": [],
            "support_plan": "KubernetesOfficial",
            "tags": {
              "environment": "prod",
              "project": "optscale"
            },
            "timeouts": null,
            "web_app_routing": [],
            "windows_profile": [
              {
                "admin_password": "",
                "admin_username": "azureuser",
                "gmsa": [],
                "license": ""
              }
            ],
            "workload_autoscaler_profile": [],
            "workload_identity_enabled": false
          },
          "sensitive_attributes": [
            [
              {
                "type": "get_attr",
                "value": "azure_active_directory_role_based_access_control"
              },
              {
                "type": "index",
                "value": {
                  "value": 0,
                  "type": "number"
                }
              },
              {
                "type": "get_attr",
                "value": "server_app_secret"
              }
            ],
            [
              {
                "type": "get_attr",
                "value": "kube_admin_config"
              }
            ],
            [
              {
                "type": "get_attr",
                "value": "kube_admin_config_raw"
              }
            ],
            [
              {
                "type": "get_attr",
                "value": "kube_config"
              }
            ],
            [
              {
                "type": "get_attr",
                "value": "kube_config_raw"
              }
            ],
            [
              {
                "type": "get_attr",
                "value": "windows_profile"
              },
              {
                "type": "index",
                "value": {
                  "value": 0,
                  "type": "number"
                }
              },
              {
                "type": "get_attr",
                "value": "admin_password"
              }
            ]
          ],
          "identity_schema_version": 0,
          "private": "eyJlMmJmYjczMC1lY2FhLTExZTYtOGY4OC0zNDM2M2JjN2M0YzAiOnsiY3JlYXRlIjo1NDAwMDAwMDAwMDAwLCJkZWxldGUiOjU0MDAwMDAwMDAwMDAsInJlYWQiOjMwMDAwMDAwMDAwMCwidXBkYXRlIjo1NDAwMDAwMDAwMDAwfSwic2NoZW1hX3ZlcnNpb24iOiIyIn0=",
          "dependencies": [
            "azurerm_resource_group.optscale_rg",
            "module.aks_cluster.data.azurerm_client_config.current",
            "module.aks_networking.azurerm_subnet.aks_subnet",
            "module.aks_networking.azurerm_virtual_network.main"
          ]
        }
      ]
    },
    {
      "module": "module.aks_cluster",
      "mode": "managed",
      "type": "azurerm_kubernetes_cluster_node_pool",
      "name": "user_node_pools",
      "provider": "provider[\"registry.terraform.io/hashicorp/azurerm\"]",
      "instances": [
        {
          "index_key": "default_user_pool",
          "schema_version": 1,
          "attributes": {
            "capacity_reservation_group_id": "",
            "custom_ca_trust_enabled": false,
            "enable_auto_scaling": true,
            "enable_host_encryption": false,
            "enable_node_public_ip": false,
            "eviction_policy": "",
            "fips_enabled": false,
            "gpu_instance": null,
            "host_group_id": "",
            "id": "/subscriptions/3c42098f-375b-47ae-9727-1b0014b0d232/resourceGroups/rg-optscale-deployment/providers/Microsoft.ContainerService/managedClusters/aks-optscale-cluster/agentPools/userpool1",
            "kubelet_config": [],
            "kubelet_disk_type": "OS",
            "kubernetes_cluster_id": "/subscriptions/3c42098f-375b-47ae-9727-1b0014b0d232/resourceGroups/rg-optscale-deployment/providers/Microsoft.ContainerService/managedClusters/aks-optscale-cluster",
            "linux_os_config": [],
            "max_count": 3,
            "max_pods": 30,
            "message_of_the_day": "",
            "min_count": 1,
            "mode": "User",
            "name": "userpool1",
            "node_count": 1,
            "node_labels": {},
            "node_network_profile": [],
            "node_public_ip_prefix_id": "",
            "node_taints": [],
            "orchestrator_version": "1.32.5",
            "os_disk_size_gb": 128,
            "os_disk_type": "Managed",
            "os_sku": "Ubuntu",
            "os_type": "Linux",
            "pod_subnet_id": "",
            "priority": "Regular",
            "proximity_placement_group_id": "",
            "scale_down_mode": "Delete",
            "snapshot_id": null,
            "spot_max_price": -1,
            "tags": {
              "environment": "prod",
              "project": "optscale"
            },
            "timeouts": null,
            "ultra_ssd_enabled": false,
            "upgrade_settings": [
              {
                "drain_timeout_in_minutes": 0,
                "max_surge": "10%",
                "node_soak_duration_in_minutes": 0
              }
            ],
            "vm_size": "Standard_D2s_v3",
            "vnet_subnet_id": "/subscriptions/3c42098f-375b-47ae-9727-1b0014b0d232/resourceGroups/rg-optscale-deployment/providers/Microsoft.Network/virtualNetworks/vnet-optscale-aks/subnets/snet-optscale-aks-nodes",
            "windows_profile": [],
            "workload_runtime": null,
            "zones": []
          },
          "sensitive_attributes": [],
          "identity_schema_version": 0,
          "private": "eyJlMmJmYjczMC1lY2FhLTExZTYtOGY4OC0zNDM2M2JjN2M0YzAiOnsiY3JlYXRlIjozNjAwMDAwMDAwMDAwLCJkZWxldGUiOjM2MDAwMDAwMDAwMDAsInJlYWQiOjMwMDAwMDAwMDAwMCwidXBkYXRlIjozNjAwMDAwMDAwMDAwfSwic2NoZW1hX3ZlcnNpb24iOiIxIn0=",
          "dependencies": [
            "azurerm_resource_group.optscale_rg",
            "module.aks_cluster.azurerm_kubernetes_cluster.main",
            "module.aks_cluster.data.azurerm_client_config.current",
            "module.aks_networking.azurerm_subnet.aks_subnet",
            "module.aks_networking.azurerm_virtual_network.main"
          ]
        }
      ]
    },
    {
      "module": "module.aks_networking",
      "mode": "managed",
      "type": "azurerm_network_security_group",
      "name": "aks_nsg",
      "provider": "provider[\"registry.terraform.io/hashicorp/azurerm\"]",
      "instances": [
        {
          "schema_version": 0,
          "attributes": {
            "id": "/subscriptions/3c42098f-375b-47ae-9727-1b0014b0d232/resourceGroups/rg-optscale-deployment/providers/Microsoft.Network/networkSecurityGroups/snet-optscale-aks-nodes-nsg",
            "location": "westus2",
            "name": "snet-optscale-aks-nodes-nsg",
            "resource_group_name": "rg-optscale-deployment",
            "security_rule": [],
            "tags": {
              "environment": "prod",
              "project": "optscale"
            },
            "timeouts": null
          },
          "sensitive_attributes": [],
          "identity_schema_version": 0,
          "private": "eyJlMmJmYjczMC1lY2FhLTExZTYtOGY4OC0zNDM2M2JjN2M0YzAiOnsiY3JlYXRlIjoxODAwMDAwMDAwMDAwLCJkZWxldGUiOjE4MDAwMDAwMDAwMDAsInJlYWQiOjMwMDAwMDAwMDAwMCwidXBkYXRlIjoxODAwMDAwMDAwMDAwfSwic2NoZW1hX3ZlcnNpb24iOiIwIn0=",
          "dependencies": [
            "azurerm_resource_group.optscale_rg"
          ]
        }
      ]
    },
    {
      "module": "module.aks_networking",
      "mode": "managed",
      "type": "azurerm_subnet",
      "name": "aks_subnet",
      "provider": "provider[\"registry.terraform.io/hashicorp/azurerm\"]",
      "instances": [
        {
          "schema_version": 0,
          "attributes": {
            "address_prefixes": [
              "10.20.1.0/24"
            ],
            "default_outbound_access_enabled": true,
            "delegation": [],
            "enforce_private_link_endpoint_network_policies": false,
            "enforce_private_link_service_network_policies": false,
            "id": "/subscriptions/3c42098f-375b-47ae-9727-1b0014b0d232/resourceGroups/rg-optscale-deployment/providers/Microsoft.Network/virtualNetworks/vnet-optscale-aks/subnets/snet-optscale-aks-nodes",
            "name": "snet-optscale-aks-nodes",
            "private_endpoint_network_policies": "Enabled",
            "private_endpoint_network_policies_enabled": true,
            "private_link_service_network_policies_enabled": true,
            "resource_group_name": "rg-optscale-deployment",
            "service_endpoint_policy_ids": [],
            "service_endpoints": [
              "Microsoft.ContainerRegistry",
              "Microsoft.Storage"
            ],
            "timeouts": null,
            "virtual_network_name": "vnet-optscale-aks"
          },
          "sensitive_attributes": [],
          "identity_schema_version": 0,
          "private": "eyJlMmJmYjczMC1lY2FhLTExZTYtOGY4OC0zNDM2M2JjN2M0YzAiOnsiY3JlYXRlIjoxODAwMDAwMDAwMDAwLCJkZWxldGUiOjE4MDAwMDAwMDAwMDAsInJlYWQiOjMwMDAwMDAwMDAwMCwidXBkYXRlIjoxODAwMDAwMDAwMDAwfSwic2NoZW1hX3ZlcnNpb24iOiIwIn0=",
          "dependencies": [
            "azurerm_resource_group.optscale_rg",
            "module.aks_networking.azurerm_virtual_network.main"
          ]
        }
      ]
    },
    {
      "module": "module.aks_networking",
      "mode": "managed",
      "type": "azurerm_subnet",
      "name": "db_subnet",
      "provider": "provider[\"registry.terraform.io/hashicorp/azurerm\"]",
      "instances": [
        {
          "schema_version": 0,
          "attributes": {
            "address_prefixes": [
              "10.20.2.0/24"
            ],
            "default_outbound_access_enabled": true,
            "delegation": [],
            "enforce_private_link_endpoint_network_policies": false,
            "enforce_private_link_service_network_policies": false,
            "id": "/subscriptions/3c42098f-375b-47ae-9727-1b0014b0d232/resourceGroups/rg-optscale-deployment/providers/Microsoft.Network/virtualNetworks/vnet-optscale-aks/subnets/snet-optscale-db",
            "name": "snet-optscale-db",
            "private_endpoint_network_policies": "Enabled",
            "private_endpoint_network_policies_enabled": true,
            "private_link_service_network_policies_enabled": true,
            "resource_group_name": "rg-optscale-deployment",
            "service_endpoint_policy_ids": [],
            "service_endpoints": [],
            "timeouts": null,
            "virtual_network_name": "vnet-optscale-aks"
          },
          "sensitive_attributes": [],
          "identity_schema_version": 0,
          "private": "eyJlMmJmYjczMC1lY2FhLTExZTYtOGY4OC0zNDM2M2JjN2M0YzAiOnsiY3JlYXRlIjoxODAwMDAwMDAwMDAwLCJkZWxldGUiOjE4MDAwMDAwMDAwMDAsInJlYWQiOjMwMDAwMDAwMDAwMCwidXBkYXRlIjoxODAwMDAwMDAwMDAwfX0=",
          "dependencies": [
            "azurerm_resource_group.optscale_rg",
            "module.aks_networking.azurerm_virtual_network.main"
          ]
        }
      ]
    },
    {
      "module": "module.aks_networking",
      "mode": "managed",
      "type": "azurerm_subnet_network_security_group_association",
      "name": "aks_subnet_nsg_association",
      "provider": "provider[\"registry.terraform.io/hashicorp/azurerm\"]",
      "instances": [
        {
          "schema_version": 0,
          "attributes": {
            "id": "/subscriptions/3c42098f-375b-47ae-9727-1b0014b0d232/resourceGroups/rg-optscale-deployment/providers/Microsoft.Network/virtualNetworks/vnet-optscale-aks/subnets/snet-optscale-aks-nodes",
            "network_security_group_id": "/subscriptions/3c42098f-375b-47ae-9727-1b0014b0d232/resourceGroups/rg-optscale-deployment/providers/Microsoft.Network/networkSecurityGroups/snet-optscale-aks-nodes-nsg",
            "subnet_id": "/subscriptions/3c42098f-375b-47ae-9727-1b0014b0d232/resourceGroups/rg-optscale-deployment/providers/Microsoft.Network/virtualNetworks/vnet-optscale-aks/subnets/snet-optscale-aks-nodes",
            "timeouts": null
          },
          "sensitive_attributes": [],
          "identity_schema_version": 0,
          "private": "eyJlMmJmYjczMC1lY2FhLTExZTYtOGY4OC0zNDM2M2JjN2M0YzAiOnsiY3JlYXRlIjoxODAwMDAwMDAwMDAwLCJkZWxldGUiOjE4MDAwMDAwMDAwMDAsInJlYWQiOjMwMDAwMDAwMDAwMH19",
          "dependencies": [
            "azurerm_resource_group.optscale_rg",
            "module.aks_networking.azurerm_network_security_group.aks_nsg",
            "module.aks_networking.azurerm_subnet.aks_subnet",
            "module.aks_networking.azurerm_virtual_network.main"
          ]
        }
      ]
    },
    {
      "module": "module.aks_networking",
      "mode": "managed",
      "type": "azurerm_virtual_network",
      "name": "main",
      "provider": "provider[\"registry.terraform.io/hashicorp/azurerm\"]",
      "instances": [
        {
          "schema_version": 0,
          "attributes": {
            "address_space": [
              "10.20.0.0/16"
            ],
            "bgp_community": "",
            "ddos_protection_plan": [],
            "dns_servers": [],
            "edge_zone": "",
            "encryption": [],
            "flow_timeout_in_minutes": 0,
            "guid": "64c5861f-c2dd-4460-a140-294aa88a5d81",
            "id": "/subscriptions/3c42098f-375b-47ae-9727-1b0014b0d232/resourceGroups/rg-optscale-deployment/providers/Microsoft.Network/virtualNetworks/vnet-optscale-aks",
            "location": "westus2",
            "name": "vnet-optscale-aks",
            "resource_group_name": "rg-optscale-deployment",
            "subnet": [
              {
                "address_prefix": "10.20.1.0/24",
                "id": "/subscriptions/3c42098f-375b-47ae-9727-1b0014b0d232/resourceGroups/rg-optscale-deployment/providers/Microsoft.Network/virtualNetworks/vnet-optscale-aks/subnets/snet-optscale-aks-nodes",
                "name": "snet-optscale-aks-nodes",
                "security_group": "/subscriptions/3c42098f-375b-47ae-9727-1b0014b0d232/resourceGroups/rg-optscale-deployment/providers/Microsoft.Network/networkSecurityGroups/snet-optscale-aks-nodes-nsg"
              },
              {
                "address_prefix": "10.20.2.0/24",
                "id": "/subscriptions/3c42098f-375b-47ae-9727-1b0014b0d232/resourceGroups/rg-optscale-deployment/providers/Microsoft.Network/virtualNetworks/vnet-optscale-aks/subnets/snet-optscale-db",
                "name": "snet-optscale-db",
                "security_group": ""
              }
            ],
            "tags": {
              "environment": "prod",
              "project": "optscale"
            },
            "timeouts": null
          },
          "sensitive_attributes": [],
          "identity_schema_version": 0,
          "private": "eyJlMmJmYjczMC1lY2FhLTExZTYtOGY4OC0zNDM2M2JjN2M0YzAiOnsiY3JlYXRlIjoxODAwMDAwMDAwMDAwLCJkZWxldGUiOjE4MDAwMDAwMDAwMDAsInJlYWQiOjMwMDAwMDAwMDAwMCwidXBkYXRlIjoxODAwMDAwMDAwMDAwfSwic2NoZW1hX3ZlcnNpb24iOiIwIn0=",
          "dependencies": [
            "azurerm_resource_group.optscale_rg"
          ]
        }
      ]
    },
    {
      "module": "module.optscale_cache",
      "mode": "managed",
      "type": "azurerm_redis_cache",
      "name": "main",
      "provider": "provider[\"registry.terraform.io/hashicorp/azurerm\"]",
      "instances": [
        {
          "schema_version": 1,
          "attributes": {
            "capacity": 0,
            "enable_non_ssl_port": false,
            "family": "C",
            "hostname": "optscale-redis-cache-new.redis.cache.windows.net",
            "id": "/subscriptions/3c42098f-375b-47ae-9727-1b0014b0d232/resourceGroups/rg-optscale-deployment/providers/Microsoft.Cache/redis/optscale-redis-cache-new",
            "identity": [],
            "location": "westus2",
            "minimum_tls_version": "1.2",
            "name": "optscale-redis-cache-new",
            "non_ssl_port_enabled": false,
            "patch_schedule": [],
            "port": 6379,
            "primary_access_key": "KGXIG4jhE56ArdcmTC41U8cB3a1laZ0hjAzCaGm5BqU=",
            "primary_connection_string": "optscale-redis-cache-new.redis.cache.windows.net:6380,password=KGXIG4jhE56ArdcmTC41U8cB3a1laZ0hjAzCaGm5BqU=,ssl=true,abortConnect=False",
            "private_static_ip_address": "",
            "public_network_access_enabled": true,
            "redis_configuration": [
              {
                "active_directory_authentication_enabled": false,
                "aof_backup_enabled": false,
                "aof_storage_connection_string_0": "",
                "aof_storage_connection_string_1": "",
                "authentication_enabled": true,
                "data_persistence_authentication_method": "",
                "enable_authentication": true,
                "maxclients": 256,
                "maxfragmentationmemory_reserved": 30,
                "maxmemory_delta": 30,
                "maxmemory_policy": "",
                "maxmemory_reserved": 30,
                "notify_keyspace_events": "",
                "rdb_backup_enabled": false,
                "rdb_backup_frequency": 0,
                "rdb_backup_max_snapshot_count": 0,
                "rdb_storage_connection_string": "",
                "storage_account_subscription_id": ""
              }
            ],
            "redis_version": "6.0",
            "replicas_per_master": 0,
            "replicas_per_primary": 0,
            "resource_group_name": "rg-optscale-deployment",
            "secondary_access_key": "gOuSOap0mUIfFnRK0gtvAMdtl0HloIajgAzCaNa6P2w=",
            "secondary_connection_string": "optscale-redis-cache-new.redis.cache.windows.net:6380,password=gOuSOap0mUIfFnRK0gtvAMdtl0HloIajgAzCaNa6P2w=,ssl=true,abortConnect=False",
            "shard_count": 0,
            "sku_name": "Basic",
            "ssl_port": 6380,
            "subnet_id": "",
            "tags": {
              "environment": "prod",
              "project": "optscale"
            },
            "tenant_settings": {},
            "timeouts": null,
            "zones": []
          },
          "sensitive_attributes": [
            [
              {
                "type": "get_attr",
                "value": "primary_access_key"
              }
            ],
            [
              {
                "type": "get_attr",
                "value": "primary_connection_string"
              }
            ],
            [
              {
                "type": "get_attr",
                "value": "redis_configuration"
              },
              {
                "type": "index",
                "value": {
                  "value": 0,
                  "type": "number"
                }
              },
              {
                "type": "get_attr",
                "value": "aof_storage_connection_string_0"
              }
            ],
            [
              {
                "type": "get_attr",
                "value": "redis_configuration"
              },
              {
                "type": "index",
                "value": {
                  "value": 0,
                  "type": "number"
                }
              },
              {
                "type": "get_attr",
                "value": "aof_storage_connection_string_1"
              }
            ],
            [
              {
                "type": "get_attr",
                "value": "redis_configuration"
              },
              {
                "type": "index",
                "value": {
                  "value": 0,
                  "type": "number"
                }
              },
              {
                "type": "get_attr",
                "value": "rdb_storage_connection_string"
              }
            ],
            [
              {
                "type": "get_attr",
                "value": "secondary_access_key"
              }
            ],
            [
              {
                "type": "get_attr",
                "value": "secondary_connection_string"
              }
            ]
          ],
          "identity_schema_version": 0,
          "private": "eyJlMmJmYjczMC1lY2FhLTExZTYtOGY4OC0zNDM2M2JjN2M0YzAiOnsiY3JlYXRlIjoxMDgwMDAwMDAwMDAwMCwiZGVsZXRlIjoxMDgwMDAwMDAwMDAwMCwicmVhZCI6MzAwMDAwMDAwMDAwLCJ1cGRhdGUiOjEwODAwMDAwMDAwMDAwfSwic2NoZW1hX3ZlcnNpb24iOiIxIn0=",
          "dependencies": [
            "azurerm_resource_group.optscale_rg"
          ]
        }
      ]
    },
    {
      "module": "module.optscale_db_vm",
      "mode": "managed",
      "type": "azurerm_linux_virtual_machine",
      "name": "db_vm",
      "provider": "provider[\"registry.terraform.io/hashicorp/azurerm\"]",
      "instances": [
        {
          "schema_version": 0,
          "attributes": {
            "additional_capabilities": [],
            "admin_password": "YourSecureDbPassword!123",
            "admin_ssh_key": [],
            "admin_username": "optscaleadmin",
            "allow_extension_operations": true,
            "availability_set_id": "",
            "boot_diagnostics": [],
            "bypass_platform_safety_checks_on_user_schedule_enabled": false,
            "capacity_reservation_group_id": "",
            "computer_name": "optscale-db-vm",
            "custom_data": null,
            "dedicated_host_group_id": "",
            "dedicated_host_id": "",
            "disable_password_authentication": false,
            "disk_controller_type": "",
            "edge_zone": "",
            "encryption_at_host_enabled": false,
            "eviction_policy": "",
            "extensions_time_budget": "PT1H30M",
            "gallery_application": [],
            "id": "/subscriptions/3c42098f-375b-47ae-9727-1b0014b0d232/resourceGroups/rg-optscale-deployment/providers/Microsoft.Compute/virtualMachines/optscale-db-vm",
            "identity": [],
            "license_type": "",
            "location": "westus2",
            "max_bid_price": -1,
            "name": "optscale-db-vm",
            "network_interface_ids": [
              "/subscriptions/3c42098f-375b-47ae-9727-1b0014b0d232/resourceGroups/rg-optscale-deployment/providers/Microsoft.Network/networkInterfaces/optscale-db-vm-nic"
            ],
            "os_disk": [
              {
                "caching": "ReadWrite",
                "diff_disk_settings": [],
                "disk_encryption_set_id": "",
                "disk_size_gb": 30,
                "name": "optscale-db-vm_OsDisk_1_d3dcb06d701743acad9c2e3e4c1f9be1",
                "secure_vm_disk_encryption_set_id": "",
                "security_encryption_type": "",
                "storage_account_type": "Standard_LRS",
                "write_accelerator_enabled": false
              }
            ],
            "os_image_notification": [],
            "patch_assessment_mode": "ImageDefault",
            "patch_mode": "ImageDefault",
            "plan": [],
            "platform_fault_domain": -1,
            "priority": "Regular",
            "private_ip_address": "10.20.2.4",
            "private_ip_addresses": [
              "10.20.2.4"
            ],
            "provision_vm_agent": true,
            "proximity_placement_group_id": "",
            "public_ip_address": "",
            "public_ip_addresses": [],
            "reboot_setting": "",
            "resource_group_name": "rg-optscale-deployment",
            "secret": [],
            "secure_boot_enabled": false,
            "size": "Standard_B1s",
            "source_image_id": "",
            "source_image_reference": [
              {
                "offer": "0001-com-ubuntu-server-jammy",
                "publisher": "Canonical",
                "sku": "22_04-lts",
                "version": "latest"
              }
            ],
            "tags": {},
            "termination_notification": [],
            "timeouts": null,
            "user_data": "",
            "virtual_machine_id": "133927ac-53ca-4555-a1c3-c45b7eea2db2",
            "virtual_machine_scale_set_id": "",
            "vm_agent_platform_updates_enabled": false,
            "vtpm_enabled": false,
            "zone": ""
          },
          "sensitive_attributes": [
            [
              {
                "type": "get_attr",
                "value": "admin_password"
              }
            ],
            [
              {
                "type": "get_attr",
                "value": "custom_data"
              }
            ]
          ],
          "identity_schema_version": 0,
          "private": "eyJlMmJmYjczMC1lY2FhLTExZTYtOGY4OC0zNDM2M2JjN2M0YzAiOnsiY3JlYXRlIjoyNzAwMDAwMDAwMDAwLCJkZWxldGUiOjI3MDAwMDAwMDAwMDAsInJlYWQiOjMwMDAwMDAwMDAwMCwidXBkYXRlIjoyNzAwMDAwMDAwMDAwfX0=",
          "dependencies": [
            "azurerm_resource_group.optscale_rg",
            "module.aks_networking.azurerm_subnet.db_subnet",
            "module.aks_networking.azurerm_virtual_network.main",
            "module.optscale_db_vm.azurerm_network_interface.db_vm_nic"
          ]
        }
      ]
    },
    {
      "module": "module.optscale_db_vm",
      "mode": "managed",
      "type": "azurerm_network_interface",
      "name": "db_vm_nic",
      "provider": "provider[\"registry.terraform.io/hashicorp/azurerm\"]",
      "instances": [
        {
          "schema_version": 0,
          "attributes": {
            "accelerated_networking_enabled": false,
            "applied_dns_servers": [],
            "auxiliary_mode": "",
            "auxiliary_sku": "",
            "dns_servers": [],
            "edge_zone": "",
            "enable_accelerated_networking": false,
            "enable_ip_forwarding": false,
            "id": "/subscriptions/3c42098f-375b-47ae-9727-1b0014b0d232/resourceGroups/rg-optscale-deployment/providers/Microsoft.Network/networkInterfaces/optscale-db-vm-nic",
            "internal_dns_name_label": "",
            "internal_domain_name_suffix": "d4dmkzg3yjqejikafffkrcs3qb.xx.internal.cloudapp.net",
            "ip_configuration": [
              {
                "gateway_load_balancer_frontend_ip_configuration_id": "",
                "name": "internal",
                "primary": true,
                "private_ip_address": "10.20.2.4",
                "private_ip_address_allocation": "Dynamic",
                "private_ip_address_version": "IPv4",
                "public_ip_address_id": "",
                "subnet_id": "/subscriptions/3c42098f-375b-47ae-9727-1b0014b0d232/resourceGroups/rg-optscale-deployment/providers/Microsoft.Network/virtualNetworks/vnet-optscale-aks/subnets/snet-optscale-db"
              }
            ],
            "ip_forwarding_enabled": false,
            "location": "westus2",
            "mac_address": "00-22-48-BD-3A-F0",
            "name": "optscale-db-vm-nic",
            "private_ip_address": "10.20.2.4",
            "private_ip_addresses": [
              "10.20.2.4"
            ],
            "resource_group_name": "rg-optscale-deployment",
            "tags": {},
            "timeouts": null,
            "virtual_machine_id": "/subscriptions/3c42098f-375b-47ae-9727-1b0014b0d232/resourceGroups/rg-optscale-deployment/providers/Microsoft.Compute/virtualMachines/optscale-db-vm"
          },
          "sensitive_attributes": [],
          "identity_schema_version": 0,
          "private": "eyJlMmJmYjczMC1lY2FhLTExZTYtOGY4OC0zNDM2M2JjN2M0YzAiOnsiY3JlYXRlIjoxODAwMDAwMDAwMDAwLCJkZWxldGUiOjE4MDAwMDAwMDAwMDAsInJlYWQiOjMwMDAwMDAwMDAwMCwidXBkYXRlIjoxODAwMDAwMDAwMDAwfX0=",
          "dependencies": [
            "azurerm_resource_group.optscale_rg",
            "module.aks_networking.azurerm_subnet.db_subnet",
            "module.aks_networking.azurerm_virtual_network.main"
          ]
        }
      ]
    },
    {
      "module": "module.optscale_db_vm",
      "mode": "managed",
      "type": "azurerm_virtual_machine_extension",
      "name": "install_postgres",
      "provider": "provider[\"registry.terraform.io/hashicorp/azurerm\"]",
      "instances": [
        {
          "schema_version": 0,
          "attributes": {
            "auto_upgrade_minor_version": false,
            "automatic_upgrade_enabled": false,
            "failure_suppression_enabled": false,
            "id": "/subscriptions/3c42098f-375b-47ae-9727-1b0014b0d232/resourceGroups/rg-optscale-deployment/providers/Microsoft.Compute/virtualMachines/optscale-db-vm/extensions/install-postgres",
            "name": "install-postgres",
            "protected_settings": null,
            "protected_settings_from_key_vault": [],
            "provision_after_extensions": [],
            "publisher": "Microsoft.Azure.Extensions",
            "settings": "{\"commandToExecute\":\"sudo apt-get update\\nsudo apt-get install -y postgresql postgresql-contrib\\nsudo -u postgres psql -c \\\"CREATE USER optscaleadmin WITH PASSWORD 'YourSecureDbPassword!123';\\\"\\nsudo -u postgres psql -c \\\"CREATE DATABASE optscale OWNER optscaleadmin;\\\"\\nsudo sed -i \\\"s/#listen_addresses = 'localhost'/listen_addresses = '*'/g\\\" /etc/postgresql/14/main/postgresql.conf\\necho \\\"host all all 0.0.0.0/0 md5\\\" | sudo tee -a /etc/postgresql/14/main/pg_hba.conf\\nsudo systemctl restart postgresql\\n\"}",
            "tags": {
              "environment": "prod",
              "project": "optscale"
            },
            "timeouts": null,
            "type": "CustomScript",
            "type_handler_version": "2.1",
            "virtual_machine_id": "/subscriptions/3c42098f-375b-47ae-9727-1b0014b0d232/resourceGroups/rg-optscale-deployment/providers/Microsoft.Compute/virtualMachines/optscale-db-vm"
          },
          "sensitive_attributes": [
            [
              {
                "type": "get_attr",
                "value": "protected_settings"
              }
            ],
            [
              {
                "type": "get_attr",
                "value": "settings"
              }
            ]
          ],
          "identity_schema_version": 0,
          "private": "eyJlMmJmYjczMC1lY2FhLTExZTYtOGY4OC0zNDM2M2JjN2M0YzAiOnsiY3JlYXRlIjoxODAwMDAwMDAwMDAwLCJkZWxldGUiOjE4MDAwMDAwMDAwMDAsInJlYWQiOjMwMDAwMDAwMDAwMCwidXBkYXRlIjoxODAwMDAwMDAwMDAwfX0=",
          "dependencies": [
            "azurerm_resource_group.optscale_rg",
            "module.aks_networking.azurerm_subnet.db_subnet",
            "module.aks_networking.azurerm_virtual_network.main",
            "module.optscale_db_vm.azurerm_linux_virtual_machine.db_vm",
            "module.optscale_db_vm.azurerm_network_interface.db_vm_nic"
          ]
        }
      ]
    },
    {
      "module": "module.optscale_storage",
      "mode": "managed",
      "type": "azurerm_storage_account",
      "name": "main",
      "provider": "provider[\"registry.terraform.io/hashicorp/azurerm\"]",
      "instances": [
        {
          "schema_version": 4,
          "attributes": {
            "access_tier": "Hot",
            "account_kind": "StorageV2",
            "account_replication_type": "LRS",
            "account_tier": "Standard",
            "allow_nested_items_to_be_public": false,
            "allowed_copy_scope": "",
            "azure_files_authentication": [],
            "blob_properties": [
              {
                "change_feed_enabled": false,
                "change_feed_retention_in_days": 0,
                "container_delete_retention_policy": [],
                "cors_rule": [],
                "default_service_version": "",
                "delete_retention_policy": [],
                "last_access_time_enabled": false,
                "restore_policy": [],
                "versioning_enabled": false
              }
            ],
            "cross_tenant_replication_enabled": true,
            "custom_domain": [],
            "customer_managed_key": [],
            "default_to_oauth_authentication": false,
            "dns_endpoint_type": "Standard",
            "edge_zone": "",
            "enable_https_traffic_only": true,
            "https_traffic_only_enabled": true,
            "id": "/subscriptions/3c42098f-375b-47ae-9727-1b0014b0d232/resourceGroups/rg-optscale-deployment/providers/Microsoft.Storage/storageAccounts/optscalestorage",
            "identity": [],
            "immutability_policy": [],
            "infrastructure_encryption_enabled": false,
            "is_hns_enabled": false,
            "large_file_share_enabled": false,
            "local_user_enabled": true,
            "location": "westus2",
            "min_tls_version": "TLS1_2",
            "name": "optscalestorage",
            "network_rules": [],
            "nfsv3_enabled": false,
            "primary_access_key": "il50NJUgky0SrLrZc4aIpbV3FSF6OWVyn7ro0QcsykPSRhzaEYRDpkdEwoJ5cCfQPfpU8gh3BvbO+ASt+Q+LXQ==",
            "primary_blob_connection_string": "DefaultEndpointsProtocol=https;BlobEndpoint=https://optscalestorage.blob.core.windows.net/;AccountName=optscalestorage;AccountKey=il50NJUgky0SrLrZc4aIpbV3FSF6OWVyn7ro0QcsykPSRhzaEYRDpkdEwoJ5cCfQPfpU8gh3BvbO+ASt+Q+LXQ==",
            "primary_blob_endpoint": "https://optscalestorage.blob.core.windows.net/",
            "primary_blob_host": "optscalestorage.blob.core.windows.net",
            "primary_blob_internet_endpoint": "",
            "primary_blob_internet_host": "",
            "primary_blob_microsoft_endpoint": "",
            "primary_blob_microsoft_host": "",
            "primary_connection_string": "DefaultEndpointsProtocol=https;AccountName=optscalestorage;AccountKey=il50NJUgky0SrLrZc4aIpbV3FSF6OWVyn7ro0QcsykPSRhzaEYRDpkdEwoJ5cCfQPfpU8gh3BvbO+ASt+Q+LXQ==;EndpointSuffix=core.windows.net",
            "primary_dfs_endpoint": "https://optscalestorage.dfs.core.windows.net/",
            "primary_dfs_host": "optscalestorage.dfs.core.windows.net",
            "primary_dfs_internet_endpoint": "",
            "primary_dfs_internet_host": "",
            "primary_dfs_microsoft_endpoint": "",
            "primary_dfs_microsoft_host": "",
            "primary_file_endpoint": "https://optscalestorage.file.core.windows.net/",
            "primary_file_host": "optscalestorage.file.core.windows.net",
            "primary_file_internet_endpoint": "",
            "primary_file_internet_host": "",
            "primary_file_microsoft_endpoint": "",
            "primary_file_microsoft_host": "",
            "primary_location": "westus2",
            "primary_queue_endpoint": "https://optscalestorage.queue.core.windows.net/",
            "primary_queue_host": "optscalestorage.queue.core.windows.net",
            "primary_queue_microsoft_endpoint": "",
            "primary_queue_microsoft_host": "",
            "primary_table_endpoint": "https://optscalestorage.table.core.windows.net/",
            "primary_table_host": "optscalestorage.table.core.windows.net",
            "primary_table_microsoft_endpoint": "",
            "primary_table_microsoft_host": "",
            "primary_web_endpoint": "https://optscalestorage.z5.web.core.windows.net/",
            "primary_web_host": "optscalestorage.z5.web.core.windows.net",
            "primary_web_internet_endpoint": "",
            "primary_web_internet_host": "",
            "primary_web_microsoft_endpoint": "",
            "primary_web_microsoft_host": "",
            "public_network_access_enabled": true,
            "queue_encryption_key_type": "Service",
            "queue_properties": [
              {
                "cors_rule": [],
                "hour_metrics": [
                  {
                    "enabled": false,
                    "include_apis": false,
                    "retention_policy_days": 0,
                    "version": "1.0"
                  }
                ],
                "logging": [
                  {
                    "delete": false,
                    "read": false,
                    "retention_policy_days": 0,
                    "version": "1.0",
                    "write": false
                  }
                ],
                "minute_metrics": [
                  {
                    "enabled": false,
                    "include_apis": false,
                    "retention_policy_days": 0,
                    "version": "1.0"
                  }
                ]
              }
            ],
            "resource_group_name": "rg-optscale-deployment",
            "routing": [],
            "sas_policy": [],
            "secondary_access_key": "ybm8cJkWXPQR2QkPycbnNptDntsuNtWJfANHg8DPKeSd6bJvqjRdbpjMMyNY6kajiE0dl/msvngg+AStDXDH8Q==",
            "secondary_blob_connection_string": "",
            "secondary_blob_endpoint": "",
            "secondary_blob_host": "",
            "secondary_blob_internet_endpoint": "",
            "secondary_blob_internet_host": "",
            "secondary_blob_microsoft_endpoint": "",
            "secondary_blob_microsoft_host": "",
            "secondary_connection_string": "DefaultEndpointsProtocol=https;AccountName=optscalestorage;AccountKey=ybm8cJkWXPQR2QkPycbnNptDntsuNtWJfANHg8DPKeSd6bJvqjRdbpjMMyNY6kajiE0dl/msvngg+AStDXDH8Q==;EndpointSuffix=core.windows.net",
            "secondary_dfs_endpoint": "",
            "secondary_dfs_host": "",
            "secondary_dfs_internet_endpoint": "",
            "secondary_dfs_internet_host": "",
            "secondary_dfs_microsoft_endpoint": "",
            "secondary_dfs_microsoft_host": "",
            "secondary_file_endpoint": "",
            "secondary_file_host": "",
            "secondary_file_internet_endpoint": "",
            "secondary_file_internet_host": "",
            "secondary_file_microsoft_endpoint": "",
            "secondary_file_microsoft_host": "",
            "secondary_location": "",
            "secondary_queue_endpoint": "",
            "secondary_queue_host": "",
            "secondary_queue_microsoft_endpoint": "",
            "secondary_queue_microsoft_host": "",
            "secondary_table_endpoint": "",
            "secondary_table_host": "",
            "secondary_table_microsoft_endpoint": "",
            "secondary_table_microsoft_host": "",
            "secondary_web_endpoint": "",
            "secondary_web_host": "",
            "secondary_web_internet_endpoint": "",
            "secondary_web_internet_host": "",
            "secondary_web_microsoft_endpoint": "",
            "secondary_web_microsoft_host": "",
            "sftp_enabled": false,
            "share_properties": [
              {
                "cors_rule": [],
                "retention_policy": [
                  {
                    "days": 7
                  }
                ],
                "smb": []
              }
            ],
            "shared_access_key_enabled": true,
            "static_website": [],
            "table_encryption_key_type": "Service",
            "tags": {
              "environment": "prod",
              "project": "optscale"
            },
            "timeouts": null
          },
          "sensitive_attributes": [
            [
              {
                "type": "get_attr",
                "value": "primary_access_key"
              }
            ],
            [
              {
                "type": "get_attr",
                "value": "primary_blob_connection_string"
              }
            ],
            [
              {
                "type": "get_attr",
                "value": "primary_connection_string"
              }
            ],
            [
              {
                "type": "get_attr",
                "value": "secondary_access_key"
              }
            ],
            [
              {
                "type": "get_attr",
                "value": "secondary_blob_connection_string"
              }
            ],
            [
              {
                "type": "get_attr",
                "value": "secondary_connection_string"
              }
            ]
          ],
          "identity_schema_version": 0,
          "private": "eyJlMmJmYjczMC1lY2FhLTExZTYtOGY4OC0zNDM2M2JjN2M0YzAiOnsiY3JlYXRlIjozNjAwMDAwMDAwMDAwLCJkZWxldGUiOjM2MDAwMDAwMDAwMDAsInJlYWQiOjMwMDAwMDAwMDAwMCwidXBkYXRlIjozNjAwMDAwMDAwMDAwfSwic2NoZW1hX3ZlcnNpb24iOiI0In0=",
          "dependencies": [
            "azurerm_resource_group.optscale_rg"
          ]
        }
      ]
    }
  ],
  "check_results": null
}
