{
  "version": 4,
  "terraform_version": "1.12.2",
  "serial": 397,
  "lineage": "c6ca1822-5ab7-8f41-9689-12cb19ba3abf",
  "outputs": {},
  "resources": [
    {
      "mode": "managed",
      "type": "azurerm_resource_group",
      "name": "optscale_rg",
      "provider": "provider[\"registry.terraform.io/hashicorp/azurerm\"]",
      "instances": [
        {
          "schema_version": 0,
          "attributes": {
            "id": "/subscriptions/3c42098f-375b-47ae-9727-1b0014b0d232/resourceGroups/optscale-rg-OptScale_Infra",
            "location": "eastus",
            "managed_by": "",
            "name": "optscale-rg-OptScale_Infra",
            "tags": {
              "env": "dev",
              "managed_by": "optscale-infra",
              "project": "optscale"
            },
            "timeouts": null
          },
          "sensitive_attributes": [],
          "identity_schema_version": 0,
          "private": "eyJlMmJmYjczMC1lY2FhLTExZTYtOGY4OC0zNDM2M2JjN2M0YzAiOnsiY3JlYXRlIjo1NDAwMDAwMDAwMDAwLCJkZWxldGUiOjU0MDAwMDAwMDAwMDAsInJlYWQiOjMwMDAwMDAwMDAwMCwidXBkYXRlIjo1NDAwMDAwMDAwMDAwfX0="
        }
      ]
    },
    {
      "mode": "managed",
      "type": "azurerm_resource_group",
      "name": "tfstate_rg",
      "provider": "provider[\"registry.terraform.io/hashicorp/azurerm\"]",
      "instances": [
        {
          "schema_version": 0,
          "attributes": {
            "id": "/subscriptions/3c42098f-375b-47ae-9727-1b0014b0d232/resourceGroups/tfstate-rg",
            "location": "eastus",
            "managed_by": "",
            "name": "tfstate-rg",
            "tags": {},
            "timeouts": null
          },
          "sensitive_attributes": [],
          "identity_schema_version": 0,
          "private": "eyJlMmJmYjczMC1lY2FhLTExZTYtOGY4OC0zNDM2M2JjN2M0YzAiOnsiY3JlYXRlIjo1NDAwMDAwMDAwMDAwLCJkZWxldGUiOjU0MDAwMDAwMDAwMDAsInJlYWQiOjMwMDAwMDAwMDAwMCwidXBkYXRlIjo1NDAwMDAwMDAwMDAwfX0="
        }
      ]
    },
    {
      "mode": "managed",
      "type": "azurerm_storage_account",
      "name": "tfstate_sa",
      "provider": "provider[\"registry.terraform.io/hashicorp/azurerm\"]",
      "instances": [
        {
          "schema_version": 4,
          "attributes": {
            "access_tier": "Hot",
            "account_kind": "StorageV2",
            "account_replication_type": "LRS",
            "account_tier": "Standard",
            "allow_nested_items_to_be_public": false,
            "allowed_copy_scope": "",
            "azure_files_authentication": [],
            "blob_properties": [
              {
                "change_feed_enabled": false,
                "change_feed_retention_in_days": 0,
                "container_delete_retention_policy": [],
                "cors_rule": [],
                "default_service_version": "",
                "delete_retention_policy": [],
                "last_access_time_enabled": false,
                "restore_policy": [],
                "versioning_enabled": false
              }
            ],
            "cross_tenant_replication_enabled": true,
            "custom_domain": [],
            "customer_managed_key": [],
            "default_to_oauth_authentication": false,
            "dns_endpoint_type": "Standard",
            "edge_zone": "",
            "enable_https_traffic_only": true,
            "https_traffic_only_enabled": true,
            "id": "/subscriptions/3c42098f-375b-47ae-9727-1b0014b0d232/resourceGroups/tfstate-rg/providers/Microsoft.Storage/storageAccounts/tfstatesaeqw9orei",
            "identity": [],
            "immutability_policy": [],
            "infrastructure_encryption_enabled": false,
            "is_hns_enabled": false,
            "large_file_share_enabled": false,
            "local_user_enabled": true,
            "location": "eastus",
            "min_tls_version": "TLS1_2",
            "name": "tfstatesaeqw9orei",
            "network_rules": [],
            "nfsv3_enabled": false,
            "primary_access_key": "gQlv4fxjsBpbF7V+TpYTUPAJYRpvXrCkgzFh3WoIM96RnB0bTcN+gGoORHcvky1Zy4VIqw35Oauj+ASty7h4Yg==",
            "primary_blob_connection_string": "DefaultEndpointsProtocol=https;BlobEndpoint=https://tfstatesaeqw9orei.blob.core.windows.net/;AccountName=tfstatesaeqw9orei;AccountKey=gQlv4fxjsBpbF7V+TpYTUPAJYRpvXrCkgzFh3WoIM96RnB0bTcN+gGoORHcvky1Zy4VIqw35Oauj+ASty7h4Yg==",
            "primary_blob_endpoint": "https://tfstatesaeqw9orei.blob.core.windows.net/",
            "primary_blob_host": "tfstatesaeqw9orei.blob.core.windows.net",
            "primary_blob_internet_endpoint": "",
            "primary_blob_internet_host": "",
            "primary_blob_microsoft_endpoint": "",
            "primary_blob_microsoft_host": "",
            "primary_connection_string": "DefaultEndpointsProtocol=https;AccountName=tfstatesaeqw9orei;AccountKey=gQlv4fxjsBpbF7V+TpYTUPAJYRpvXrCkgzFh3WoIM96RnB0bTcN+gGoORHcvky1Zy4VIqw35Oauj+ASty7h4Yg==;EndpointSuffix=core.windows.net",
            "primary_dfs_endpoint": "https://tfstatesaeqw9orei.dfs.core.windows.net/",
            "primary_dfs_host": "tfstatesaeqw9orei.dfs.core.windows.net",
            "primary_dfs_internet_endpoint": "",
            "primary_dfs_internet_host": "",
            "primary_dfs_microsoft_endpoint": "",
            "primary_dfs_microsoft_host": "",
            "primary_file_endpoint": "https://tfstatesaeqw9orei.file.core.windows.net/",
            "primary_file_host": "tfstatesaeqw9orei.file.core.windows.net",
            "primary_file_internet_endpoint": "",
            "primary_file_internet_host": "",
            "primary_file_microsoft_endpoint": "",
            "primary_file_microsoft_host": "",
            "primary_location": "eastus",
            "primary_queue_endpoint": "https://tfstatesaeqw9orei.queue.core.windows.net/",
            "primary_queue_host": "tfstatesaeqw9orei.queue.core.windows.net",
            "primary_queue_microsoft_endpoint": "",
            "primary_queue_microsoft_host": "",
            "primary_table_endpoint": "https://tfstatesaeqw9orei.table.core.windows.net/",
            "primary_table_host": "tfstatesaeqw9orei.table.core.windows.net",
            "primary_table_microsoft_endpoint": "",
            "primary_table_microsoft_host": "",
            "primary_web_endpoint": "https://tfstatesaeqw9orei.z13.web.core.windows.net/",
            "primary_web_host": "tfstatesaeqw9orei.z13.web.core.windows.net",
            "primary_web_internet_endpoint": "",
            "primary_web_internet_host": "",
            "primary_web_microsoft_endpoint": "",
            "primary_web_microsoft_host": "",
            "public_network_access_enabled": true,
            "queue_encryption_key_type": "Service",
            "queue_properties": [
              {
                "cors_rule": [],
                "hour_metrics": [
                  {
                    "enabled": false,
                    "include_apis": false,
                    "retention_policy_days": 0,
                    "version": "1.0"
                  }
                ],
                "logging": [
                  {
                    "delete": false,
                    "read": false,
                    "retention_policy_days": 0,
                    "version": "1.0",
                    "write": false
                  }
                ],
                "minute_metrics": [
                  {
                    "enabled": false,
                    "include_apis": false,
                    "retention_policy_days": 0,
                    "version": "1.0"
                  }
                ]
              }
            ],
            "resource_group_name": "tfstate-rg",
            "routing": [],
            "sas_policy": [],
            "secondary_access_key": "mH2E6XcDdv2XMKW1z6Jvb0zxqygIPEXAvymSdS8SnkOu3xuoONlyg3AGqecD6QObPpdx0FSqCMJo+AStVWzd9w==",
            "secondary_blob_connection_string": "",
            "secondary_blob_endpoint": "",
            "secondary_blob_host": "",
            "secondary_blob_internet_endpoint": "",
            "secondary_blob_internet_host": "",
            "secondary_blob_microsoft_endpoint": "",
            "secondary_blob_microsoft_host": "",
            "secondary_connection_string": "DefaultEndpointsProtocol=https;AccountName=tfstatesaeqw9orei;AccountKey=mH2E6XcDdv2XMKW1z6Jvb0zxqygIPEXAvymSdS8SnkOu3xuoONlyg3AGqecD6QObPpdx0FSqCMJo+AStVWzd9w==;EndpointSuffix=core.windows.net",
            "secondary_dfs_endpoint": "",
            "secondary_dfs_host": "",
            "secondary_dfs_internet_endpoint": "",
            "secondary_dfs_internet_host": "",
            "secondary_dfs_microsoft_endpoint": "",
            "secondary_dfs_microsoft_host": "",
            "secondary_file_endpoint": "",
            "secondary_file_host": "",
            "secondary_file_internet_endpoint": "",
            "secondary_file_internet_host": "",
            "secondary_file_microsoft_endpoint": "",
            "secondary_file_microsoft_host": "",
            "secondary_location": "",
            "secondary_queue_endpoint": "",
            "secondary_queue_host": "",
            "secondary_queue_microsoft_endpoint": "",
            "secondary_queue_microsoft_host": "",
            "secondary_table_endpoint": "",
            "secondary_table_host": "",
            "secondary_table_microsoft_endpoint": "",
            "secondary_table_microsoft_host": "",
            "secondary_web_endpoint": "",
            "secondary_web_host": "",
            "secondary_web_internet_endpoint": "",
            "secondary_web_internet_host": "",
            "secondary_web_microsoft_endpoint": "",
            "secondary_web_microsoft_host": "",
            "sftp_enabled": false,
            "share_properties": [
              {
                "cors_rule": [],
                "retention_policy": [
                  {
                    "days": 7
                  }
                ],
                "smb": []
              }
            ],
            "shared_access_key_enabled": true,
            "static_website": [],
            "table_encryption_key_type": "Service",
            "tags": {},
            "timeouts": null
          },
          "sensitive_attributes": [
            [
              {
                "type": "get_attr",
                "value": "primary_access_key"
              }
            ],
            [
              {
                "type": "get_attr",
                "value": "primary_blob_connection_string"
              }
            ],
            [
              {
                "type": "get_attr",
                "value": "primary_connection_string"
              }
            ],
            [
              {
                "type": "get_attr",
                "value": "secondary_access_key"
              }
            ],
            [
              {
                "type": "get_attr",
                "value": "secondary_blob_connection_string"
              }
            ],
            [
              {
                "type": "get_attr",
                "value": "secondary_connection_string"
              }
            ]
          ],
          "identity_schema_version": 0,
          "private": "eyJlMmJmYjczMC1lY2FhLTExZTYtOGY4OC0zNDM2M2JjN2M0YzAiOnsiY3JlYXRlIjozNjAwMDAwMDAwMDAwLCJkZWxldGUiOjM2MDAwMDAwMDAwMDAsInJlYWQiOjMwMDAwMDAwMDAwMCwidXBkYXRlIjozNjAwMDAwMDAwMDAwfSwic2NoZW1hX3ZlcnNpb24iOiI0In0=",
          "dependencies": [
            "azurerm_resource_group.tfstate_rg",
            "random_string.sa_suffix"
          ]
        }
      ]
    },
    {
      "mode": "managed",
      "type": "azurerm_storage_container",
      "name": "tfstate_sc",
      "provider": "provider[\"registry.terraform.io/hashicorp/azurerm\"]",
      "instances": [
        {
          "schema_version": 1,
          "attributes": {
            "container_access_type": "private",
            "default_encryption_scope": "$account-encryption-key",
            "encryption_scope_override_enabled": true,
            "has_immutability_policy": false,
            "has_legal_hold": false,
            "id": "https://tfstatesaeqw9orei.blob.core.windows.net/tfstate",
            "metadata": {},
            "name": "tfstate",
            "resource_manager_id": "/subscriptions/3c42098f-375b-47ae-9727-1b0014b0d232/resourceGroups/tfstate-rg/providers/Microsoft.Storage/storageAccounts/tfstatesaeqw9orei/blobServices/default/containers/tfstate",
            "storage_account_name": "tfstatesaeqw9orei",
            "timeouts": null
          },
          "sensitive_attributes": [],
          "identity_schema_version": 0,
          "private": "eyJlMmJmYjczMC1lY2FhLTExZTYtOGY4OC0zNDM2M2JjN2M0YzAiOnsiY3JlYXRlIjoxODAwMDAwMDAwMDAwLCJkZWxldGUiOjE4MDAwMDAwMDAwMDAsInJlYWQiOjMwMDAwMDAwMDAwMCwidXBkYXRlIjoxODAwMDAwMDAwMDAwfSwic2NoZW1hX3ZlcnNpb24iOiIxIn0=",
          "dependencies": [
            "azurerm_resource_group.tfstate_rg",
            "azurerm_storage_account.tfstate_sa",
            "random_string.sa_suffix"
          ]
        }
      ]
    },
    {
      "mode": "managed",
      "type": "random_string",
      "name": "sa_suffix",
      "provider": "provider[\"registry.terraform.io/hashicorp/random\"]",
      "instances": [
        {
          "schema_version": 2,
          "attributes": {
            "id": "eqw9orei",
            "keepers": null,
            "length": 8,
            "lower": true,
            "min_lower": 0,
            "min_numeric": 0,
            "min_special": 0,
            "min_upper": 0,
            "number": true,
            "numeric": true,
            "override_special": null,
            "result": "eqw9orei",
            "special": false,
            "upper": false
          },
          "sensitive_attributes": [],
          "identity_schema_version": 0
        }
      ]
    },
    {
      "module": "module.aks_cluster",
      "mode": "data",
      "type": "azurerm_client_config",
      "name": "current",
      "provider": "provider[\"registry.terraform.io/hashicorp/azurerm\"]",
      "instances": [
        {
          "schema_version": 0,
          "attributes": {
            "client_id": "04b07795-8ddb-461a-bbee-02f9e1bf7b46",
            "id": "Y2xpZW50Q29uZmlncy9jbGllbnRJZD0wNGIwNzc5NS04ZGRiLTQ2MWEtYmJlZS0wMmY5ZTFiZjdiNDY7b2JqZWN0SWQ9OTQ0NTJiZGUtYTRhOC00OTY4LTk5OTgtMWI3MDUwNzA2MTk5O3N1YnNjcmlwdGlvbklkPTNjNDIwOThmLTM3NWItNDdhZS05NzI3LTFiMDAxNGIwZDIzMjt0ZW5hbnRJZD1mZjM1NTI4OS03MjFlLTRkZDctYTY2My1hZmVjNjJhYjlkNTQ=",
            "object_id": "94452bde-a4a8-4968-9998-1b7050706199",
            "subscription_id": "3c42098f-375b-47ae-9727-1b0014b0d232",
            "tenant_id": "ff355289-721e-4dd7-a663-afec62ab9d54",
            "timeouts": null
          },
          "sensitive_attributes": [],
          "identity_schema_version": 0
        }
      ]
    },
    {
      "module": "module.aks_cluster",
      "mode": "managed",
      "type": "azurerm_kubernetes_cluster",
      "name": "main",
      "provider": "provider[\"registry.terraform.io/hashicorp/azurerm\"]",
      "instances": [
        {
          "schema_version": 2,
          "attributes": {
            "aci_connector_linux": [],
            "api_server_access_profile": [],
            "api_server_authorized_ip_ranges": [],
            "auto_scaler_profile": [
              {
                "balance_similar_node_groups": false,
                "empty_bulk_delete_max": "10",
                "expander": "random",
                "max_graceful_termination_sec": "600",
                "max_node_provisioning_time": "15m",
                "max_unready_nodes": 3,
                "max_unready_percentage": 45,
                "new_pod_scale_up_delay": "0s",
                "scale_down_delay_after_add": "10m",
                "scale_down_delay_after_delete": "10s",
                "scale_down_delay_after_failure": "3m",
                "scale_down_unneeded": "10m",
                "scale_down_unready": "20m",
                "scale_down_utilization_threshold": "0.5",
                "scan_interval": "10s",
                "skip_nodes_with_local_storage": false,
                "skip_nodes_with_system_pods": true
              }
            ],
            "automatic_channel_upgrade": "",
            "azure_active_directory_role_based_access_control": [
              {
                "admin_group_object_ids": [],
                "azure_rbac_enabled": true,
                "client_app_id": "",
                "managed": true,
                "server_app_id": "",
                "server_app_secret": "",
                "tenant_id": "ff355289-721e-4dd7-a663-afec62ab9d54"
              }
            ],
            "azure_policy_enabled": true,
            "confidential_computing": [],
            "cost_analysis_enabled": false,
            "current_kubernetes_version": "1.33.2",
            "custom_ca_trust_certificates_base64": [],
            "default_node_pool": [
              {
                "capacity_reservation_group_id": "",
                "custom_ca_trust_enabled": false,
                "enable_auto_scaling": false,
                "enable_host_encryption": false,
                "enable_node_public_ip": false,
                "fips_enabled": false,
                "gpu_instance": "",
                "host_group_id": "",
                "kubelet_config": [],
                "kubelet_disk_type": "OS",
                "linux_os_config": [],
                "max_count": 0,
                "max_pods": 30,
                "message_of_the_day": "",
                "min_count": 0,
                "name": "systempool",
                "node_count": 1,
                "node_labels": {},
                "node_network_profile": [],
                "node_public_ip_prefix_id": "",
                "node_taints": [],
                "only_critical_addons_enabled": false,
                "orchestrator_version": "1.33.2",
                "os_disk_size_gb": 128,
                "os_disk_type": "Managed",
                "os_sku": "Ubuntu",
                "pod_subnet_id": "",
                "proximity_placement_group_id": "",
                "scale_down_mode": "Delete",
                "snapshot_id": "",
                "tags": {},
                "temporary_name_for_rotation": "",
                "type": "VirtualMachineScaleSets",
                "ultra_ssd_enabled": false,
                "upgrade_settings": [
                  {
                    "drain_timeout_in_minutes": 0,
                    "max_surge": "10%",
                    "node_soak_duration_in_minutes": 0
                  }
                ],
                "vm_size": "Standard_B2ms",
                "vnet_subnet_id": "/subscriptions/3c42098f-375b-47ae-9727-1b0014b0d232/resourceGroups/optscale-rg-OptScale_Infra/providers/Microsoft.Network/virtualNetworks/optscale-vnet-OptScale_Infra/subnets/optscale-aks-subnet",
                "workload_runtime": "",
                "zones": []
              }
            ],
            "disk_encryption_set_id": "",
            "dns_prefix": "optscale-aks-optscale-infra",
            "dns_prefix_private_cluster": "",
            "edge_zone": "",
            "enable_pod_security_policy": false,
            "fqdn": "",
            "http_application_routing_enabled": false,
            "http_application_routing_zone_name": "",
            "http_proxy_config": [],
            "id": "/subscriptions/3c42098f-375b-47ae-9727-1b0014b0d232/resourceGroups/optscale-rg-OptScale_Infra/providers/Microsoft.ContainerService/managedClusters/optscale-aks-cluster-OptScale_Infra",
            "identity": [
              {
                "identity_ids": [],
                "principal_id": "6d2d9d5f-6939-471a-b8c8-27ec751ce53f",
                "tenant_id": "ff355289-721e-4dd7-a663-afec62ab9d54",
                "type": "SystemAssigned"
              }
            ],
            "image_cleaner_enabled": false,
            "image_cleaner_interval_hours": 48,
            "ingress_application_gateway": [],
            "key_management_service": [],
            "key_vault_secrets_provider": [],
            "kube_admin_config": [
              {
                "client_certificate": "LS0tLS1CRUdJTiBDRVJUSUZJQ0FURS0tLS0tCk1JSUZIVENDQXdXZ0F3SUJBZ0lRYXZxY1dDbmRKUDBYTm1vOVludVdtVEFOQmdrcWhraUc5dzBCQVFzRkFEQU4KTVFzd0NRWURWUVFERXdKallUQWVGdzB5TlRBNE1EWXdOalF5TXpaYUZ3MHlOekE0TURZd05qVXlNelphTURBeApGekFWQmdOVkJBb1REbk41YzNSbGJUcHRZWE4wWlhKek1SVXdFd1lEVlFRREV3eHRZWE4wWlhKamJHbGxiblF3CmdnSWlNQTBHQ1NxR1NJYjNEUUVCQVFVQUE0SUNEd0F3Z2dJS0FvSUNBUURHclgySGdZWi9QMllHeW8wbDFSK2UKc01sYlNoYXN0NjlFOXZNUlhlSXg2dXNtUmt5U3hqc3ZNLzU5d1VqY2VLYVlDd3cyY3Vla3h1ZkxHVWtjV0l2awpKT3NYQmtmQng2UWhnTjRwQnhTRnlNWmhIQUVnNENrNUJ1L1M1WERUYVlsUDNUdzZXSGVtMHZNcnJYbGNraGJlCi96MC9XMkRyVVVKOHJHU3N3L2IzZ0ZYZ1BPbFJkdm5ZUUlzcUswYjVFR0MvZFZic1FQZ2FBbiswVW42N0FtZHoKakc5ME82Mlp3K1hJalhHNkxjQmVuVDU1U3V6SEJvem92SFYwOVQzdVdGNHJXWWpRMWpsVWdmZk9QR1hNUzkzQQp1ZHFjMnlTUXZqR2Q5NDF0VHp5S1pSTnlFQUdQOU51eG9qTjZYU21GODZOdFVVeXNvN3Vla0FKeWZvTk4xL2hZCjByQW1ZbHp4U1dHSDdqWEVxekQ5U3BIVXIycnVkSDFuS0tuREJGV203S3haY29helk0UlgyRUtNdmNMd3A2Ym8KTmZhSnJZOW9YMVEzdUhZZ2RLdkxkcDcxS2V2V05xZmRKbzhHa0NGUXdpWEhhNDN4T1QrNEV5V1dEd3dNcVJDcQpXb0U1and5WVdDdjExalFlYWJ6amlMMzlOWitveE05UGRZamdsQXdLS05yZ1JyVUI4c01JRDVDYlQ1MUc5aTZxCktCSjc3NDFLcFljSTczRStBemJnTjhDZS8rd3ZvK05nTndXWTRFSXhLbVR1QjZLZHZxMUg1Q2FhY0lXL1IxWksKSFVVSWlETi8rOUlPeWtJanZDYnQvNFFKcTBTM0hHamNHek54Wmd1OG5sL21OSjhtN3B3eHkxdThNSWlaeEdONgpEYjZ2akRUbnNSV09DL3FLYlRZT0t3SURBUUFCbzFZd1ZEQU9CZ05WSFE4QkFmOEVCQU1DQmFBd0V3WURWUjBsCkJBd3dDZ1lJS3dZQkJRVUhBd0l3REFZRFZSMFRBUUgvQkFJd0FEQWZCZ05WSFNNRUdEQVdnQlFkRXR6ZzF2QjMKeloxSzlYeU12N2wwQmtuZ1lEQU5CZ2txaGtpRzl3MEJBUXNGQUFPQ0FnRUFlb0pXTFhhaDRZdW03TkJ2ZzYwawpIcTBoZFl4N1p6amhzT0FqMm44anlpMWdqVGI4OUk1TXdvcm43bmxHVTErZ2tMeFpvQ3ZueXMwcUhKeVBOa0J0CjdReHVUemRYUHZxMTF1cFdSR3Bib3d5Sy9CekdZQUxWNVZOcW1Ub3BTa3k4cHZUSzRoUkNDakIyNmRkNG1Pd04KZjlRaEpmZGVlWFBFTWd4TnRvMmswclE1V0RVaEdKUkZRMFNVWnMxbWlCSm0wODdQUmJqWUJNcUxjUWFxQWtSUgpVUEYvdnMycEZRQUpUYmc0eXFEelpUYUNESWszc3pJMWZhMm5FSzBCQW1sZW5zb0d5TEZCRFZ2dGh5UTMzZ01JCkU2OGxmR3Z4K09JblN2WkFUZHlNcXRCVGRTNWlFV25YaXdBMTlIOStLcmdHRjZWbExoTVI1SmRYSlkrdjVvTFEKazhaaG5RZFkraWpPVy9yR1EwUzJTai9qNVhkb1kydnFpa0picUJkOXVJQmNoV1JWcWtUcDdKMjMrRWo2SzV3egoyTExZaGZjK3lNWTlWMTljOUgvMWFXbnhUbzcyQ3AwQW9BcXRxVkxvcmJiUWUzTmJETGliOTdHNFNEUzlFUEliCm93a1NhUWZuMzRUSUFWOWVOSloyRWZ5TnRtQ05JeUs2K245MGNwUlJ3WkNwYjh4dmEyUUZQbjdJU3BpQkVoV3YKYzJIYndMem1JRkN4WWJya3ZpMnRGYzZlWG04OWFEM0JQRWErN3RuWG1UYnh3amtucTU3Qm1lN2dUZlpNNHp4awpxc2ZhbzdaNmFVSmdZY3NRVy9OSUVmeWRjY2FqS1RNQnZzQU5QYURzV3dVcFJIbkRPT1hySnV5LzQ3dUMwTUx0Cng5KzJBNWYrN1pHNHVXcUlVMURkZDJRPQotLS0tLUVORCBDRVJUSUZJQ0FURS0tLS0tCg==",
                "client_key": "LS0tLS1CRUdJTiBSU0EgUFJJVkFURSBLRVktLS0tLQpNSUlKS1FJQkFBS0NBZ0VBeHExOWg0R0dmejltQnNxTkpkVWZuckRKVzBvV3JMZXZSUGJ6RVYzaU1lcnJKa1pNCmtzWTdMelArZmNGSTNIaW1tQXNNTm5MbnBNYm55eGxKSEZpTDVDVHJGd1pId2Nla0lZRGVLUWNVaGNqR1lSd0IKSU9BcE9RYnYwdVZ3MDJtSlQ5MDhPbGgzcHRMeks2MTVYSklXM3Y4OVAxdGc2MUZDZkt4a3JNUDI5NEJWNER6cApVWGI1MkVDTEtpdEcrUkJndjNWVzdFRDRHZ0ovdEZKK3V3Sm5jNHh2ZER1dG1jUGx5STF4dWkzQVhwMCtlVXJzCnh3YU02THgxZFBVOTdsaGVLMW1JME5ZNVZJSDN6anhsekV2ZHdMbmFuTnNra0w0eG5mZU5iVTg4aW1VVGNoQUIKai9UYnNhSXplbDBwaGZPamJWRk1yS083bnBBQ2NuNkRUZGY0V05Ld0ptSmM4VWxoaCs0MXhLc3cvVXFSMUs5cQo3blI5WnlpcHd3UlZwdXlzV1hLR3MyT0VWOWhDakwzQzhLZW02RFgyaWEyUGFGOVVON2gySUhTcnkzYWU5U25yCjFqYW4zU2FQQnBBaFVNSWx4MnVOOFRrL3VCTWxsZzhNREtrUXFscUJPWThNbUZncjlkWTBIbW04NDRpOS9UV2YKcU1UUFQzV0k0SlFNQ2lqYTRFYTFBZkxEQ0ErUW0wK2RSdll1cWlnU2UrK05TcVdIQ085eFBnTTI0RGZBbnYvcwpMNlBqWURjRm1PQkNNU3BrN2dlaW5iNnRSK1FtbW5DRnYwZFdTaDFGQ0lnemYvdlNEc3BDSTd3bTdmK0VDYXRFCnR4eG8zQnN6Y1dZTHZKNWY1alNmSnU2Y01jdGJ2RENJbWNSamVnMityNHcwNTdFVmpndjZpbTAyRGlzQ0F3RUEKQVFLQ0FnQUZKSEcrUUJ4WUFXVU9KWGgxaDZ2a0lyRTQveDdLM0tnTHg4cUtCTVdlYTUyZ3gyRVZ2aGUxNmJpaQpFaW1VU0k0M2h6QXpwOWk0RGZ1MVZMVm1JSnZiSzZ4TUVFcng5N2tyaWpJNVBEWENBeUtqV2lNaFBBenRoSmxlCkIvcmFIbW9NSkxJaDcxQ2hUVklCZkh5aUs4YzBXUHRmN2s0YnRjUndJRms1LzlzZXRjQTF6UFk2TVcvcmw4OXoKSjhpYThJUEVWc0dDcDF2eUVYTjlVRkt0ZG1zZ0VGU2NZNWRjb1dBRW1EWWJjSFZZNncxNW5oRnpOL041a3NWSQo0ZURjQ1pRVUZZZnlLT01BR0dmdWdlZHVuMy9DdTQ1eHRlZUVNdFVhYVEzZzBwcnJUdGNEZE01V3p6RjRBRFpzCk0vdGRjakN5YUx3T0lyZ2wrS090RE5IUjV3K2t0WmQ2V1Z6OTQ5aEhWanFld0VoN0s0UVRrMnAzd0RaUDZqek0KUU5yZ1R1NDRqeEVIME9TRHFmQXVaVEE0TTZyK0E2K0pncmRqdDBsRjNxYStlSDRFY05UMTl0SldoOHhMQzRRYQpqVit5amJNa0xGRy82L2VCZzdoZllIWFplaFlDZ20rOVVwZzRGY3dxT1VFVk9Mdkc4a3dSREFuOTVaVk56SU85CmlocHNFOFd3SXEwSWtFYy94ZGhpU0F1UU9XVGdFOGU2c1djaVVFZTdDTkQ1eUo3WkZxaTgydFlsYS9tdjdzK1cKMXQwQXRVNlE2b080SnVwTHBEd0FobStSdmM5c1VrS3ZxL0VDWnpreUR4WWl2OTRFWVhRSm1XSXZXMGROc2JESApXQ2NIcDEvakFZbnZWTDVyQmkrZ1hVYldEQ0xBNjBtSUdacEpWRU00RFY4TWw0OFpHUUtDQVFFQSttMCtVUmozClBYbzNZM253RFQrVkhrdFBEcWV3NW41L3ZTZ0d6dDdKWE4zaFRab005RFpsbFkvOEM0d1FTZEdoTUNGY24rdXkKdkptSGc3dzVpdDBxbDRFYm50aHU0OTdacmkvbnN5TW5qNlJLeWJNTWFNTVZDZVpSVXRyUkd5U2lTeHNqZDNsVQpoQ1d6akdNMHFBdzYvTEVxbUduVHVNZXdvYUhOeEpCSG0rVVVrNTU1ZmVMTGx2cFZoM1RxUUV2Tzl4SlUyd3dyCktiWExOeU1BdVZhbzJabnA2WDQxeUMxbDRxZi9Sb1E0eDBTWkZFZXZGV3VZVStNYk1MaXhlRXpCcmZ4THVuZ3AKWXFTdXRENExwbzZ6Q2J5eC9DS2IyVzJnSk43T1hKaldsNDVHcVlQSTQyckNKK011N1lSeDBScFVkenRvZEhERQpFdzArNEc3ckY3RmQyUUtDQVFFQXl4bHF4U3ZsSEFmQUdNSDNMd3NGdURESXNDMXUraFE0UTd4VUQ0QTZ3REx5ClFidHk2SE1PUERFVlNmNE1kcUEwMG9CRFhOek1ZYjY0UFdjVTJST3pBQjFxZUF6aGdLQ1RUOFNtYUJUU1NzeEkKSUhWejR5ditlbHBtTUVnRjBVMEFZeWtDU3BNODRpMUx0b21vNk5wM21VMFMxMmN0RTRXQzczUit1R2dpSDZiYQpGc3VXRFRsSktXUWpDN2Q3bG1laDMvV1BpZkhGS3g0TjYyenFqQi9zY2F4eEx1OEc5enlqVm5XUnUzSENDcm9CCi8wNFBMTzZsRE9aanJpM1VOVWx5VWtab2xaRXNHNUl4Z0ZEbmRldFhMNmJ0VWFjSVhOd0ZzVDREaVFseHZUbDMKOW1zVFV3NU1vait3SGxjK0x1TjF0QUk5ZzF3YWh1MUdlWWpmSitpVm93S0NBUUVBNmlBdUxiV3dtTHBsaEV3aApRTkdjQVZtWkRQTjhNTkk5Yk1RNk1UZ2FmQWM0dDh0NXB1d2dad2JaTnBaNU4vcVR2eUxCclFXMzhobDdsNDduCklVdUtvV0JrU1VyQnlhcTBTdVNnczFyL2hveXNHd3laWW14WWhBdmZKaDVMZHh2MTIxQUJCWmJhakQyUE1vWWgKV2FjdGtzZTBNaEJta0ErcHRFTkkxQ2VydXpVZDJyRkRsb3p0bURac3RocDVVeWxNMHJOQndCVU5XWTZMOGYxNApsTTVQU0RsY2RoNjMrM0Z1R3N6RG5kTEtIb3FrcjFBaGdWNDVhTndmdEpwSDJWZXhqNDhiNGJhcndueUNsU0tZCjA5di95Tyt3V3pDa0VsQXFjNjRXc24xMXl2V0tYTHRIbWs1YVBONXFKa2MzL2EybklGM2JWMW1DQnVuUVNoV0oKRjNxTWFRS0NBUUF3SUtQR2VYSmZSQTduVHY5dUxHUjhrMExiVE1qaGhlMFhVQWR6Yk9WL0toTnlOQ00wcGg4WApjR0lsR0lpSGk4czRucUJYM3hLbmp2UkZ5S21PRHpiNXJmN08xKzZQOW4weUI5MlBDSEFVdlhmU0NVTWU4QXZyCm5vUmNxSlNJVm9EaS9wTEdiVUdlTHpHajNkY2k1ckkwcDZqeFZrZStPb01lanpLQUxGejV0eVl6QktkWUZ0MFoKYTl0S0tYNmwwNFR1ZDFnK1RnWjFBemcxTTZnWThHK3RPRG5SNzE1dE0vZFl3NTkzRmF2dnNzaEtZWXNERU1JWAozbmg4aSt1ZmZQb1VPUThMY2sxTGMwYzdxdkJPWnloUDZIU1FSczZhZ3FEdXNVMVJLZVhEKzF4TURtK1QzTzJYCi9ST1UvUU9GUk8xZGJMSjY4Rlp3NXNVdWc1cXQ4RldWQW9JQkFRRHRyR01KbktzUHdjcnhjWWJ0WkZaNGZsbHUKdDN0UVkwZzFiR1VmSS85aCs4V2ZlOUh1ckFOMjBsT1UwM2dwU1BISFZPa2ZlVTdUUWNyelR5cFBnWTNPZ0xlLwpwZDBNRXVTemFBWm5rYnFwMUxJam1aMlRaTzdSVGg0R0MwUWRDSkc3MDFUazh2Nnd2UENLbGRTdHRjemZjTW13CjQvTCtDUk5lMW5EM1NsMlY2djdVYkdmbzBuYXhDeEZ6WE1FU3dLTWdMbkdVS25oQis1blZ6UjhhK0VmaWNNSWEKVmRqWUJob1M3K3RteXBvL3Z2N1R3REFPajd0NmRKVkFiNm9XSjhhcnc1clpJeVV1L2dBdzg4bW4zcjMramM3YgpFZkFjdGMrcTMyK2R2TVkrTEdKMnY2SzJIS25wekYwOHNwYkNFeEpLb3JEVnZ1TStvR1hZdmpMTTlxOG4KLS0tLS1FTkQgUlNBIFBSSVZBVEUgS0VZLS0tLS0K",
                "cluster_ca_certificate": "LS0tLS1CRUdJTiBDRVJUSUZJQ0FURS0tLS0tCk1JSUU2VENDQXRHZ0F3SUJBZ0lSQU81aVo2a2xpak5BNndzVDZxSFdISFV3RFFZSktvWklodmNOQVFFTEJRQXcKRFRFTE1Ba0dBMVVFQXhNQ1kyRXdJQmNOTWpVd09EQTJNRFkwTWpNMldoZ1BNakExTlRBNE1EWXdOalV5TXpaYQpNQTB4Q3pBSkJnTlZCQU1UQW1OaE1JSUNJakFOQmdrcWhraUc5dzBCQVFFRkFBT0NBZzhBTUlJQ0NnS0NBZ0VBCndBRnNvVk5MRFFHL2M1ay8vU2JYeGFuZEFXTytCYTNBbi8ybFRzZlNoRm5HZ3JjS2kzWk9BbTh2ZEFpQXE5RWgKanNtZnYxdWwwYkNIcTFrWnliallLM0NQamVYQ0gxazg3RDdzbXpHS0phT1plcWZuaEdHb2p6bDhObXlOMWRQVAoyYnBrRnJrUkRFeEVYSklUaEhCbUxDTDQxWkZuTDVtbEpXblNiMndwb2xSa1A5djNLc3NKNkF1NU50ZDR4ZmpzCnFvMXlzYjErTTJqNjRpVUs1dUNXbW4vYk03MDZVVDZUNHN0VVJuL1VXRzVPMm80Wit4dDZ2Z01NOFhyTm5HbjAKVThiNDU0K21PUjNNRXN0K1NwQmV2VUV2b243Z2grcFVBZk9wS1g0dXNJbUpBTnNjWk95MHZxdTBEbS9wOVA4RQpjaWVYVGNXdk03VGdxc2w0WXpUcWtKY2RtTHY1VUNpVXpaNzVsNGxmeTN1WWlJVVBXcGNEVmxTSHRGYkZHYUltCnFmQmJLTlA0WW5rdDNYODVHQ1ZtVWNSUmZnM3Z3SEFYbGNoMis2RzkwQ3RaaU5BbnpvR3BCUUhOdWVJd1BlaEYKMnBWOVBoOXdBZFZIQ3FsYXdJRjUvNlNuT3pSaThXTXZoWStKeUk0NUh1MFdmLzdCbk5FZVpMVjU2SjRsMlJUSApMcnlRblNGM0RQOXloK1hYSDV6Z3l2VCtMNUgvaEdNV2pONlNwUWZqZjk4eWM0V2M3ZWVSeFZSZ095NHoxVk0xCjRicDl1YXR5VTMwOEE4bU9ZeEk1MDA2SFJSWVlvMUxwZ0xuU05ma1VoOTl2Yjl2bmpJaW85dEx2aC9wY2xnMm4KSTE3VE5mWWpSRDk0UXFXdmpNR1U2ZjQyZkRlYmI0cDFZZFRPWUZ3aUd0TUNBd0VBQWFOQ01FQXdEZ1lEVlIwUApBUUgvQkFRREFnS2tNQThHQTFVZEV3RUIvd1FGTUFNQkFmOHdIUVlEVlIwT0JCWUVGQjBTM09EVzhIZk5uVXIxCmZJeS91WFFHU2VCZ01BMEdDU3FHU0liM0RRRUJDd1VBQTRJQ0FRQkRyRS9RYjFDbndYN0g3NVFCTS8veWp0YlcKaUYzZUNyNmpkQ1hLSjdYNW9STDJPRUdEQnRyV3BXaml2TmJDbDlNcmYrM01MemhkVTJpaFhEeWlUMW9QUHdIZApEc1pwRjlFUmNpOW1lQXIxaWVjdHl6TjFFclRVYWNvOWU3SmtKdWlYQnB0NS9UYUJUUm5PclNocTZtazVIaVVUCmVqSGQ4ZnNqVTg5V1BJd0VDWisyYnVxQ1ovWXBaSVRjNzhoVWtZT0RRMEVYQzRCQjMzeTlvcUVyaHI2bTZOZjUKb0UrVFJrcG9pM0pQT1BpVU5YbGQ0OFBLd3BDYnFxcDl5bEdPMWJlZjdjdTVSOU1BRnkwbmhtb1pRQ0VHOWw5NwpkemdFQ1pocVQrWHpXbTRkL2NwUnh4VWhPWjgwNlNoenhGUER4Wm9ZcmlWcTUrN0o1ZGZUdldBYVBrWkJ6dVZjCnJmR0x4aWRva0tJUTQvY0U3Z1RWOHBQY29oc3dyUlArV3JqWGtWd25vRVF5aU5FVkFZZXdSODVVMVJIcFo5akoKVnhwU3Z3VW5SYUJKMWpaVWRHeVRLZ1UxaU90bWd0THVNUlhiMlNnQW92YVpJb1JMc3ZDMkFoVjUxQU9CSUxjNQpSRXRxZFVibVd6a3B6RWhhZUhjdzViejZSVm8rVjNFODc3eWtkNGY2bVliUk1Tak5BQnNxcmdMMmU0dHB0bWFRClE1Q0oxb1B5TnRCOE90NEpnMnczelkwRDc2L0NHZndCZDB0VkkzUEo0aHZlMmlIbDN6Nm84aHg3MW9vVzNwNnQKdnU1L1A1b2t0ZHFIeWkyYTE4bzdFcXlWTmc5K2JLZ1hjWFRsUlE1Z0F2Nmk1SU9MRW1qaXNDa0h5MEo2U09GQwpYVnNPdVVFeFZuaG1PS0YydUE9PQotLS0tLUVORCBDRVJUSUZJQ0FURS0tLS0tCg==",
                "host": "https://optscale-aks-optscale-infra-m1khogus.afdc951a-9739-403f-bf94-a9eacb6d4bc2.privatelink.eastus.azmk8s.io:443",
                "password": "l8xeazor59oqbwxy2gqymkza5gcx2840akxagvtt73d8n8dsalhpe5gxqn00w3mr55nwbjuzczdu3pmxpehf4bmrny0kvditos3082w7p5i7bhebmvw5x5prca0f1i2b",
                "username": "clusterAdmin_optscale-rg-OptScale_Infra_optscale-aks-cluster-OptScale_Infra"
              }
            ],
            "kube_admin_config_raw": "apiVersion: v1\nclusters:\n- cluster:\n    certificate-authority-data: LS0tLS1CRUdJTiBDRVJUSUZJQ0FURS0tLS0tCk1JSUU2VENDQXRHZ0F3SUJBZ0lSQU81aVo2a2xpak5BNndzVDZxSFdISFV3RFFZSktvWklodmNOQVFFTEJRQXcKRFRFTE1Ba0dBMVVFQXhNQ1kyRXdJQmNOTWpVd09EQTJNRFkwTWpNMldoZ1BNakExTlRBNE1EWXdOalV5TXpaYQpNQTB4Q3pBSkJnTlZCQU1UQW1OaE1JSUNJakFOQmdrcWhraUc5dzBCQVFFRkFBT0NBZzhBTUlJQ0NnS0NBZ0VBCndBRnNvVk5MRFFHL2M1ay8vU2JYeGFuZEFXTytCYTNBbi8ybFRzZlNoRm5HZ3JjS2kzWk9BbTh2ZEFpQXE5RWgKanNtZnYxdWwwYkNIcTFrWnliallLM0NQamVYQ0gxazg3RDdzbXpHS0phT1plcWZuaEdHb2p6bDhObXlOMWRQVAoyYnBrRnJrUkRFeEVYSklUaEhCbUxDTDQxWkZuTDVtbEpXblNiMndwb2xSa1A5djNLc3NKNkF1NU50ZDR4ZmpzCnFvMXlzYjErTTJqNjRpVUs1dUNXbW4vYk03MDZVVDZUNHN0VVJuL1VXRzVPMm80Wit4dDZ2Z01NOFhyTm5HbjAKVThiNDU0K21PUjNNRXN0K1NwQmV2VUV2b243Z2grcFVBZk9wS1g0dXNJbUpBTnNjWk95MHZxdTBEbS9wOVA4RQpjaWVYVGNXdk03VGdxc2w0WXpUcWtKY2RtTHY1VUNpVXpaNzVsNGxmeTN1WWlJVVBXcGNEVmxTSHRGYkZHYUltCnFmQmJLTlA0WW5rdDNYODVHQ1ZtVWNSUmZnM3Z3SEFYbGNoMis2RzkwQ3RaaU5BbnpvR3BCUUhOdWVJd1BlaEYKMnBWOVBoOXdBZFZIQ3FsYXdJRjUvNlNuT3pSaThXTXZoWStKeUk0NUh1MFdmLzdCbk5FZVpMVjU2SjRsMlJUSApMcnlRblNGM0RQOXloK1hYSDV6Z3l2VCtMNUgvaEdNV2pONlNwUWZqZjk4eWM0V2M3ZWVSeFZSZ095NHoxVk0xCjRicDl1YXR5VTMwOEE4bU9ZeEk1MDA2SFJSWVlvMUxwZ0xuU05ma1VoOTl2Yjl2bmpJaW85dEx2aC9wY2xnMm4KSTE3VE5mWWpSRDk0UXFXdmpNR1U2ZjQyZkRlYmI0cDFZZFRPWUZ3aUd0TUNBd0VBQWFOQ01FQXdEZ1lEVlIwUApBUUgvQkFRREFnS2tNQThHQTFVZEV3RUIvd1FGTUFNQkFmOHdIUVlEVlIwT0JCWUVGQjBTM09EVzhIZk5uVXIxCmZJeS91WFFHU2VCZ01BMEdDU3FHU0liM0RRRUJDd1VBQTRJQ0FRQkRyRS9RYjFDbndYN0g3NVFCTS8veWp0YlcKaUYzZUNyNmpkQ1hLSjdYNW9STDJPRUdEQnRyV3BXaml2TmJDbDlNcmYrM01MemhkVTJpaFhEeWlUMW9QUHdIZApEc1pwRjlFUmNpOW1lQXIxaWVjdHl6TjFFclRVYWNvOWU3SmtKdWlYQnB0NS9UYUJUUm5PclNocTZtazVIaVVUCmVqSGQ4ZnNqVTg5V1BJd0VDWisyYnVxQ1ovWXBaSVRjNzhoVWtZT0RRMEVYQzRCQjMzeTlvcUVyaHI2bTZOZjUKb0UrVFJrcG9pM0pQT1BpVU5YbGQ0OFBLd3BDYnFxcDl5bEdPMWJlZjdjdTVSOU1BRnkwbmhtb1pRQ0VHOWw5NwpkemdFQ1pocVQrWHpXbTRkL2NwUnh4VWhPWjgwNlNoenhGUER4Wm9ZcmlWcTUrN0o1ZGZUdldBYVBrWkJ6dVZjCnJmR0x4aWRva0tJUTQvY0U3Z1RWOHBQY29oc3dyUlArV3JqWGtWd25vRVF5aU5FVkFZZXdSODVVMVJIcFo5akoKVnhwU3Z3VW5SYUJKMWpaVWRHeVRLZ1UxaU90bWd0THVNUlhiMlNnQW92YVpJb1JMc3ZDMkFoVjUxQU9CSUxjNQpSRXRxZFVibVd6a3B6RWhhZUhjdzViejZSVm8rVjNFODc3eWtkNGY2bVliUk1Tak5BQnNxcmdMMmU0dHB0bWFRClE1Q0oxb1B5TnRCOE90NEpnMnczelkwRDc2L0NHZndCZDB0VkkzUEo0aHZlMmlIbDN6Nm84aHg3MW9vVzNwNnQKdnU1L1A1b2t0ZHFIeWkyYTE4bzdFcXlWTmc5K2JLZ1hjWFRsUlE1Z0F2Nmk1SU9MRW1qaXNDa0h5MEo2U09GQwpYVnNPdVVFeFZuaG1PS0YydUE9PQotLS0tLUVORCBDRVJUSUZJQ0FURS0tLS0tCg==\n    server: https://optscale-aks-optscale-infra-m1khogus.afdc951a-9739-403f-bf94-a9eacb6d4bc2.privatelink.eastus.azmk8s.io:443\n  name: optscale-aks-cluster-OptScale_Infra\ncontexts:\n- context:\n    cluster: optscale-aks-cluster-OptScale_Infra\n    user: clusterAdmin_optscale-rg-OptScale_Infra_optscale-aks-cluster-OptScale_Infra\n  name: optscale-aks-cluster-OptScale_Infra\ncurrent-context: optscale-aks-cluster-OptScale_Infra\nkind: Config\npreferences: {}\nusers:\n- name: clusterAdmin_optscale-rg-OptScale_Infra_optscale-aks-cluster-OptScale_Infra\n  user:\n    client-certificate-data: LS0tLS1CRUdJTiBDRVJUSUZJQ0FURS0tLS0tCk1JSUZIVENDQXdXZ0F3SUJBZ0lRYXZxY1dDbmRKUDBYTm1vOVludVdtVEFOQmdrcWhraUc5dzBCQVFzRkFEQU4KTVFzd0NRWURWUVFERXdKallUQWVGdzB5TlRBNE1EWXdOalF5TXpaYUZ3MHlOekE0TURZd05qVXlNelphTURBeApGekFWQmdOVkJBb1REbk41YzNSbGJUcHRZWE4wWlhKek1SVXdFd1lEVlFRREV3eHRZWE4wWlhKamJHbGxiblF3CmdnSWlNQTBHQ1NxR1NJYjNEUUVCQVFVQUE0SUNEd0F3Z2dJS0FvSUNBUURHclgySGdZWi9QMllHeW8wbDFSK2UKc01sYlNoYXN0NjlFOXZNUlhlSXg2dXNtUmt5U3hqc3ZNLzU5d1VqY2VLYVlDd3cyY3Vla3h1ZkxHVWtjV0l2awpKT3NYQmtmQng2UWhnTjRwQnhTRnlNWmhIQUVnNENrNUJ1L1M1WERUYVlsUDNUdzZXSGVtMHZNcnJYbGNraGJlCi96MC9XMkRyVVVKOHJHU3N3L2IzZ0ZYZ1BPbFJkdm5ZUUlzcUswYjVFR0MvZFZic1FQZ2FBbiswVW42N0FtZHoKakc5ME82Mlp3K1hJalhHNkxjQmVuVDU1U3V6SEJvem92SFYwOVQzdVdGNHJXWWpRMWpsVWdmZk9QR1hNUzkzQQp1ZHFjMnlTUXZqR2Q5NDF0VHp5S1pSTnlFQUdQOU51eG9qTjZYU21GODZOdFVVeXNvN3Vla0FKeWZvTk4xL2hZCjByQW1ZbHp4U1dHSDdqWEVxekQ5U3BIVXIycnVkSDFuS0tuREJGV203S3haY29helk0UlgyRUtNdmNMd3A2Ym8KTmZhSnJZOW9YMVEzdUhZZ2RLdkxkcDcxS2V2V05xZmRKbzhHa0NGUXdpWEhhNDN4T1QrNEV5V1dEd3dNcVJDcQpXb0U1and5WVdDdjExalFlYWJ6amlMMzlOWitveE05UGRZamdsQXdLS05yZ1JyVUI4c01JRDVDYlQ1MUc5aTZxCktCSjc3NDFLcFljSTczRStBemJnTjhDZS8rd3ZvK05nTndXWTRFSXhLbVR1QjZLZHZxMUg1Q2FhY0lXL1IxWksKSFVVSWlETi8rOUlPeWtJanZDYnQvNFFKcTBTM0hHamNHek54Wmd1OG5sL21OSjhtN3B3eHkxdThNSWlaeEdONgpEYjZ2akRUbnNSV09DL3FLYlRZT0t3SURBUUFCbzFZd1ZEQU9CZ05WSFE4QkFmOEVCQU1DQmFBd0V3WURWUjBsCkJBd3dDZ1lJS3dZQkJRVUhBd0l3REFZRFZSMFRBUUgvQkFJd0FEQWZCZ05WSFNNRUdEQVdnQlFkRXR6ZzF2QjMKeloxSzlYeU12N2wwQmtuZ1lEQU5CZ2txaGtpRzl3MEJBUXNGQUFPQ0FnRUFlb0pXTFhhaDRZdW03TkJ2ZzYwawpIcTBoZFl4N1p6amhzT0FqMm44anlpMWdqVGI4OUk1TXdvcm43bmxHVTErZ2tMeFpvQ3ZueXMwcUhKeVBOa0J0CjdReHVUemRYUHZxMTF1cFdSR3Bib3d5Sy9CekdZQUxWNVZOcW1Ub3BTa3k4cHZUSzRoUkNDakIyNmRkNG1Pd04KZjlRaEpmZGVlWFBFTWd4TnRvMmswclE1V0RVaEdKUkZRMFNVWnMxbWlCSm0wODdQUmJqWUJNcUxjUWFxQWtSUgpVUEYvdnMycEZRQUpUYmc0eXFEelpUYUNESWszc3pJMWZhMm5FSzBCQW1sZW5zb0d5TEZCRFZ2dGh5UTMzZ01JCkU2OGxmR3Z4K09JblN2WkFUZHlNcXRCVGRTNWlFV25YaXdBMTlIOStLcmdHRjZWbExoTVI1SmRYSlkrdjVvTFEKazhaaG5RZFkraWpPVy9yR1EwUzJTai9qNVhkb1kydnFpa0picUJkOXVJQmNoV1JWcWtUcDdKMjMrRWo2SzV3egoyTExZaGZjK3lNWTlWMTljOUgvMWFXbnhUbzcyQ3AwQW9BcXRxVkxvcmJiUWUzTmJETGliOTdHNFNEUzlFUEliCm93a1NhUWZuMzRUSUFWOWVOSloyRWZ5TnRtQ05JeUs2K245MGNwUlJ3WkNwYjh4dmEyUUZQbjdJU3BpQkVoV3YKYzJIYndMem1JRkN4WWJya3ZpMnRGYzZlWG04OWFEM0JQRWErN3RuWG1UYnh3amtucTU3Qm1lN2dUZlpNNHp4awpxc2ZhbzdaNmFVSmdZY3NRVy9OSUVmeWRjY2FqS1RNQnZzQU5QYURzV3dVcFJIbkRPT1hySnV5LzQ3dUMwTUx0Cng5KzJBNWYrN1pHNHVXcUlVMURkZDJRPQotLS0tLUVORCBDRVJUSUZJQ0FURS0tLS0tCg==\n    client-key-data: LS0tLS1CRUdJTiBSU0EgUFJJVkFURSBLRVktLS0tLQpNSUlKS1FJQkFBS0NBZ0VBeHExOWg0R0dmejltQnNxTkpkVWZuckRKVzBvV3JMZXZSUGJ6RVYzaU1lcnJKa1pNCmtzWTdMelArZmNGSTNIaW1tQXNNTm5MbnBNYm55eGxKSEZpTDVDVHJGd1pId2Nla0lZRGVLUWNVaGNqR1lSd0IKSU9BcE9RYnYwdVZ3MDJtSlQ5MDhPbGgzcHRMeks2MTVYSklXM3Y4OVAxdGc2MUZDZkt4a3JNUDI5NEJWNER6cApVWGI1MkVDTEtpdEcrUkJndjNWVzdFRDRHZ0ovdEZKK3V3Sm5jNHh2ZER1dG1jUGx5STF4dWkzQVhwMCtlVXJzCnh3YU02THgxZFBVOTdsaGVLMW1JME5ZNVZJSDN6anhsekV2ZHdMbmFuTnNra0w0eG5mZU5iVTg4aW1VVGNoQUIKai9UYnNhSXplbDBwaGZPamJWRk1yS083bnBBQ2NuNkRUZGY0V05Ld0ptSmM4VWxoaCs0MXhLc3cvVXFSMUs5cQo3blI5WnlpcHd3UlZwdXlzV1hLR3MyT0VWOWhDakwzQzhLZW02RFgyaWEyUGFGOVVON2gySUhTcnkzYWU5U25yCjFqYW4zU2FQQnBBaFVNSWx4MnVOOFRrL3VCTWxsZzhNREtrUXFscUJPWThNbUZncjlkWTBIbW04NDRpOS9UV2YKcU1UUFQzV0k0SlFNQ2lqYTRFYTFBZkxEQ0ErUW0wK2RSdll1cWlnU2UrK05TcVdIQ085eFBnTTI0RGZBbnYvcwpMNlBqWURjRm1PQkNNU3BrN2dlaW5iNnRSK1FtbW5DRnYwZFdTaDFGQ0lnemYvdlNEc3BDSTd3bTdmK0VDYXRFCnR4eG8zQnN6Y1dZTHZKNWY1alNmSnU2Y01jdGJ2RENJbWNSamVnMityNHcwNTdFVmpndjZpbTAyRGlzQ0F3RUEKQVFLQ0FnQUZKSEcrUUJ4WUFXVU9KWGgxaDZ2a0lyRTQveDdLM0tnTHg4cUtCTVdlYTUyZ3gyRVZ2aGUxNmJpaQpFaW1VU0k0M2h6QXpwOWk0RGZ1MVZMVm1JSnZiSzZ4TUVFcng5N2tyaWpJNVBEWENBeUtqV2lNaFBBenRoSmxlCkIvcmFIbW9NSkxJaDcxQ2hUVklCZkh5aUs4YzBXUHRmN2s0YnRjUndJRms1LzlzZXRjQTF6UFk2TVcvcmw4OXoKSjhpYThJUEVWc0dDcDF2eUVYTjlVRkt0ZG1zZ0VGU2NZNWRjb1dBRW1EWWJjSFZZNncxNW5oRnpOL041a3NWSQo0ZURjQ1pRVUZZZnlLT01BR0dmdWdlZHVuMy9DdTQ1eHRlZUVNdFVhYVEzZzBwcnJUdGNEZE01V3p6RjRBRFpzCk0vdGRjakN5YUx3T0lyZ2wrS090RE5IUjV3K2t0WmQ2V1Z6OTQ5aEhWanFld0VoN0s0UVRrMnAzd0RaUDZqek0KUU5yZ1R1NDRqeEVIME9TRHFmQXVaVEE0TTZyK0E2K0pncmRqdDBsRjNxYStlSDRFY05UMTl0SldoOHhMQzRRYQpqVit5amJNa0xGRy82L2VCZzdoZllIWFplaFlDZ20rOVVwZzRGY3dxT1VFVk9Mdkc4a3dSREFuOTVaVk56SU85CmlocHNFOFd3SXEwSWtFYy94ZGhpU0F1UU9XVGdFOGU2c1djaVVFZTdDTkQ1eUo3WkZxaTgydFlsYS9tdjdzK1cKMXQwQXRVNlE2b080SnVwTHBEd0FobStSdmM5c1VrS3ZxL0VDWnpreUR4WWl2OTRFWVhRSm1XSXZXMGROc2JESApXQ2NIcDEvakFZbnZWTDVyQmkrZ1hVYldEQ0xBNjBtSUdacEpWRU00RFY4TWw0OFpHUUtDQVFFQSttMCtVUmozClBYbzNZM253RFQrVkhrdFBEcWV3NW41L3ZTZ0d6dDdKWE4zaFRab005RFpsbFkvOEM0d1FTZEdoTUNGY24rdXkKdkptSGc3dzVpdDBxbDRFYm50aHU0OTdacmkvbnN5TW5qNlJLeWJNTWFNTVZDZVpSVXRyUkd5U2lTeHNqZDNsVQpoQ1d6akdNMHFBdzYvTEVxbUduVHVNZXdvYUhOeEpCSG0rVVVrNTU1ZmVMTGx2cFZoM1RxUUV2Tzl4SlUyd3dyCktiWExOeU1BdVZhbzJabnA2WDQxeUMxbDRxZi9Sb1E0eDBTWkZFZXZGV3VZVStNYk1MaXhlRXpCcmZ4THVuZ3AKWXFTdXRENExwbzZ6Q2J5eC9DS2IyVzJnSk43T1hKaldsNDVHcVlQSTQyckNKK011N1lSeDBScFVkenRvZEhERQpFdzArNEc3ckY3RmQyUUtDQVFFQXl4bHF4U3ZsSEFmQUdNSDNMd3NGdURESXNDMXUraFE0UTd4VUQ0QTZ3REx5ClFidHk2SE1PUERFVlNmNE1kcUEwMG9CRFhOek1ZYjY0UFdjVTJST3pBQjFxZUF6aGdLQ1RUOFNtYUJUU1NzeEkKSUhWejR5ditlbHBtTUVnRjBVMEFZeWtDU3BNODRpMUx0b21vNk5wM21VMFMxMmN0RTRXQzczUit1R2dpSDZiYQpGc3VXRFRsSktXUWpDN2Q3bG1laDMvV1BpZkhGS3g0TjYyenFqQi9zY2F4eEx1OEc5enlqVm5XUnUzSENDcm9CCi8wNFBMTzZsRE9aanJpM1VOVWx5VWtab2xaRXNHNUl4Z0ZEbmRldFhMNmJ0VWFjSVhOd0ZzVDREaVFseHZUbDMKOW1zVFV3NU1vait3SGxjK0x1TjF0QUk5ZzF3YWh1MUdlWWpmSitpVm93S0NBUUVBNmlBdUxiV3dtTHBsaEV3aApRTkdjQVZtWkRQTjhNTkk5Yk1RNk1UZ2FmQWM0dDh0NXB1d2dad2JaTnBaNU4vcVR2eUxCclFXMzhobDdsNDduCklVdUtvV0JrU1VyQnlhcTBTdVNnczFyL2hveXNHd3laWW14WWhBdmZKaDVMZHh2MTIxQUJCWmJhakQyUE1vWWgKV2FjdGtzZTBNaEJta0ErcHRFTkkxQ2VydXpVZDJyRkRsb3p0bURac3RocDVVeWxNMHJOQndCVU5XWTZMOGYxNApsTTVQU0RsY2RoNjMrM0Z1R3N6RG5kTEtIb3FrcjFBaGdWNDVhTndmdEpwSDJWZXhqNDhiNGJhcndueUNsU0tZCjA5di95Tyt3V3pDa0VsQXFjNjRXc24xMXl2V0tYTHRIbWs1YVBONXFKa2MzL2EybklGM2JWMW1DQnVuUVNoV0oKRjNxTWFRS0NBUUF3SUtQR2VYSmZSQTduVHY5dUxHUjhrMExiVE1qaGhlMFhVQWR6Yk9WL0toTnlOQ00wcGg4WApjR0lsR0lpSGk4czRucUJYM3hLbmp2UkZ5S21PRHpiNXJmN08xKzZQOW4weUI5MlBDSEFVdlhmU0NVTWU4QXZyCm5vUmNxSlNJVm9EaS9wTEdiVUdlTHpHajNkY2k1ckkwcDZqeFZrZStPb01lanpLQUxGejV0eVl6QktkWUZ0MFoKYTl0S0tYNmwwNFR1ZDFnK1RnWjFBemcxTTZnWThHK3RPRG5SNzE1dE0vZFl3NTkzRmF2dnNzaEtZWXNERU1JWAozbmg4aSt1ZmZQb1VPUThMY2sxTGMwYzdxdkJPWnloUDZIU1FSczZhZ3FEdXNVMVJLZVhEKzF4TURtK1QzTzJYCi9ST1UvUU9GUk8xZGJMSjY4Rlp3NXNVdWc1cXQ4RldWQW9JQkFRRHRyR01KbktzUHdjcnhjWWJ0WkZaNGZsbHUKdDN0UVkwZzFiR1VmSS85aCs4V2ZlOUh1ckFOMjBsT1UwM2dwU1BISFZPa2ZlVTdUUWNyelR5cFBnWTNPZ0xlLwpwZDBNRXVTemFBWm5rYnFwMUxJam1aMlRaTzdSVGg0R0MwUWRDSkc3MDFUazh2Nnd2UENLbGRTdHRjemZjTW13CjQvTCtDUk5lMW5EM1NsMlY2djdVYkdmbzBuYXhDeEZ6WE1FU3dLTWdMbkdVS25oQis1blZ6UjhhK0VmaWNNSWEKVmRqWUJob1M3K3RteXBvL3Z2N1R3REFPajd0NmRKVkFiNm9XSjhhcnc1clpJeVV1L2dBdzg4bW4zcjMramM3YgpFZkFjdGMrcTMyK2R2TVkrTEdKMnY2SzJIS25wekYwOHNwYkNFeEpLb3JEVnZ1TStvR1hZdmpMTTlxOG4KLS0tLS1FTkQgUlNBIFBSSVZBVEUgS0VZLS0tLS0K\n    token: l8xeazor59oqbwxy2gqymkza5gcx2840akxagvtt73d8n8dsalhpe5gxqn00w3mr55nwbjuzczdu3pmxpehf4bmrny0kvditos3082w7p5i7bhebmvw5x5prca0f1i2b\n",
            "kube_config": [
              {
                "client_certificate": "",
                "client_key": "",
                "cluster_ca_certificate": "LS0tLS1CRUdJTiBDRVJUSUZJQ0FURS0tLS0tCk1JSUU2VENDQXRHZ0F3SUJBZ0lSQU81aVo2a2xpak5BNndzVDZxSFdISFV3RFFZSktvWklodmNOQVFFTEJRQXcKRFRFTE1Ba0dBMVVFQXhNQ1kyRXdJQmNOTWpVd09EQTJNRFkwTWpNMldoZ1BNakExTlRBNE1EWXdOalV5TXpaYQpNQTB4Q3pBSkJnTlZCQU1UQW1OaE1JSUNJakFOQmdrcWhraUc5dzBCQVFFRkFBT0NBZzhBTUlJQ0NnS0NBZ0VBCndBRnNvVk5MRFFHL2M1ay8vU2JYeGFuZEFXTytCYTNBbi8ybFRzZlNoRm5HZ3JjS2kzWk9BbTh2ZEFpQXE5RWgKanNtZnYxdWwwYkNIcTFrWnliallLM0NQamVYQ0gxazg3RDdzbXpHS0phT1plcWZuaEdHb2p6bDhObXlOMWRQVAoyYnBrRnJrUkRFeEVYSklUaEhCbUxDTDQxWkZuTDVtbEpXblNiMndwb2xSa1A5djNLc3NKNkF1NU50ZDR4ZmpzCnFvMXlzYjErTTJqNjRpVUs1dUNXbW4vYk03MDZVVDZUNHN0VVJuL1VXRzVPMm80Wit4dDZ2Z01NOFhyTm5HbjAKVThiNDU0K21PUjNNRXN0K1NwQmV2VUV2b243Z2grcFVBZk9wS1g0dXNJbUpBTnNjWk95MHZxdTBEbS9wOVA4RQpjaWVYVGNXdk03VGdxc2w0WXpUcWtKY2RtTHY1VUNpVXpaNzVsNGxmeTN1WWlJVVBXcGNEVmxTSHRGYkZHYUltCnFmQmJLTlA0WW5rdDNYODVHQ1ZtVWNSUmZnM3Z3SEFYbGNoMis2RzkwQ3RaaU5BbnpvR3BCUUhOdWVJd1BlaEYKMnBWOVBoOXdBZFZIQ3FsYXdJRjUvNlNuT3pSaThXTXZoWStKeUk0NUh1MFdmLzdCbk5FZVpMVjU2SjRsMlJUSApMcnlRblNGM0RQOXloK1hYSDV6Z3l2VCtMNUgvaEdNV2pONlNwUWZqZjk4eWM0V2M3ZWVSeFZSZ095NHoxVk0xCjRicDl1YXR5VTMwOEE4bU9ZeEk1MDA2SFJSWVlvMUxwZ0xuU05ma1VoOTl2Yjl2bmpJaW85dEx2aC9wY2xnMm4KSTE3VE5mWWpSRDk0UXFXdmpNR1U2ZjQyZkRlYmI0cDFZZFRPWUZ3aUd0TUNBd0VBQWFOQ01FQXdEZ1lEVlIwUApBUUgvQkFRREFnS2tNQThHQTFVZEV3RUIvd1FGTUFNQkFmOHdIUVlEVlIwT0JCWUVGQjBTM09EVzhIZk5uVXIxCmZJeS91WFFHU2VCZ01BMEdDU3FHU0liM0RRRUJDd1VBQTRJQ0FRQkRyRS9RYjFDbndYN0g3NVFCTS8veWp0YlcKaUYzZUNyNmpkQ1hLSjdYNW9STDJPRUdEQnRyV3BXaml2TmJDbDlNcmYrM01MemhkVTJpaFhEeWlUMW9QUHdIZApEc1pwRjlFUmNpOW1lQXIxaWVjdHl6TjFFclRVYWNvOWU3SmtKdWlYQnB0NS9UYUJUUm5PclNocTZtazVIaVVUCmVqSGQ4ZnNqVTg5V1BJd0VDWisyYnVxQ1ovWXBaSVRjNzhoVWtZT0RRMEVYQzRCQjMzeTlvcUVyaHI2bTZOZjUKb0UrVFJrcG9pM0pQT1BpVU5YbGQ0OFBLd3BDYnFxcDl5bEdPMWJlZjdjdTVSOU1BRnkwbmhtb1pRQ0VHOWw5NwpkemdFQ1pocVQrWHpXbTRkL2NwUnh4VWhPWjgwNlNoenhGUER4Wm9ZcmlWcTUrN0o1ZGZUdldBYVBrWkJ6dVZjCnJmR0x4aWRva0tJUTQvY0U3Z1RWOHBQY29oc3dyUlArV3JqWGtWd25vRVF5aU5FVkFZZXdSODVVMVJIcFo5akoKVnhwU3Z3VW5SYUJKMWpaVWRHeVRLZ1UxaU90bWd0THVNUlhiMlNnQW92YVpJb1JMc3ZDMkFoVjUxQU9CSUxjNQpSRXRxZFVibVd6a3B6RWhhZUhjdzViejZSVm8rVjNFODc3eWtkNGY2bVliUk1Tak5BQnNxcmdMMmU0dHB0bWFRClE1Q0oxb1B5TnRCOE90NEpnMnczelkwRDc2L0NHZndCZDB0VkkzUEo0aHZlMmlIbDN6Nm84aHg3MW9vVzNwNnQKdnU1L1A1b2t0ZHFIeWkyYTE4bzdFcXlWTmc5K2JLZ1hjWFRsUlE1Z0F2Nmk1SU9MRW1qaXNDa0h5MEo2U09GQwpYVnNPdVVFeFZuaG1PS0YydUE9PQotLS0tLUVORCBDRVJUSUZJQ0FURS0tLS0tCg==",
                "host": "https://optscale-aks-optscale-infra-m1khogus.afdc951a-9739-403f-bf94-a9eacb6d4bc2.privatelink.eastus.azmk8s.io:443",
                "password": "",
                "username": "clusterUser_optscale-rg-OptScale_Infra_optscale-aks-cluster-OptScale_Infra"
              }
            ],
            "kube_config_raw": "apiVersion: v1\nclusters:\n- cluster:\n    certificate-authority-data: LS0tLS1CRUdJTiBDRVJUSUZJQ0FURS0tLS0tCk1JSUU2VENDQXRHZ0F3SUJBZ0lSQU81aVo2a2xpak5BNndzVDZxSFdISFV3RFFZSktvWklodmNOQVFFTEJRQXcKRFRFTE1Ba0dBMVVFQXhNQ1kyRXdJQmNOTWpVd09EQTJNRFkwTWpNMldoZ1BNakExTlRBNE1EWXdOalV5TXpaYQpNQTB4Q3pBSkJnTlZCQU1UQW1OaE1JSUNJakFOQmdrcWhraUc5dzBCQVFFRkFBT0NBZzhBTUlJQ0NnS0NBZ0VBCndBRnNvVk5MRFFHL2M1ay8vU2JYeGFuZEFXTytCYTNBbi8ybFRzZlNoRm5HZ3JjS2kzWk9BbTh2ZEFpQXE5RWgKanNtZnYxdWwwYkNIcTFrWnliallLM0NQamVYQ0gxazg3RDdzbXpHS0phT1plcWZuaEdHb2p6bDhObXlOMWRQVAoyYnBrRnJrUkRFeEVYSklUaEhCbUxDTDQxWkZuTDVtbEpXblNiMndwb2xSa1A5djNLc3NKNkF1NU50ZDR4ZmpzCnFvMXlzYjErTTJqNjRpVUs1dUNXbW4vYk03MDZVVDZUNHN0VVJuL1VXRzVPMm80Wit4dDZ2Z01NOFhyTm5HbjAKVThiNDU0K21PUjNNRXN0K1NwQmV2VUV2b243Z2grcFVBZk9wS1g0dXNJbUpBTnNjWk95MHZxdTBEbS9wOVA4RQpjaWVYVGNXdk03VGdxc2w0WXpUcWtKY2RtTHY1VUNpVXpaNzVsNGxmeTN1WWlJVVBXcGNEVmxTSHRGYkZHYUltCnFmQmJLTlA0WW5rdDNYODVHQ1ZtVWNSUmZnM3Z3SEFYbGNoMis2RzkwQ3RaaU5BbnpvR3BCUUhOdWVJd1BlaEYKMnBWOVBoOXdBZFZIQ3FsYXdJRjUvNlNuT3pSaThXTXZoWStKeUk0NUh1MFdmLzdCbk5FZVpMVjU2SjRsMlJUSApMcnlRblNGM0RQOXloK1hYSDV6Z3l2VCtMNUgvaEdNV2pONlNwUWZqZjk4eWM0V2M3ZWVSeFZSZ095NHoxVk0xCjRicDl1YXR5VTMwOEE4bU9ZeEk1MDA2SFJSWVlvMUxwZ0xuU05ma1VoOTl2Yjl2bmpJaW85dEx2aC9wY2xnMm4KSTE3VE5mWWpSRDk0UXFXdmpNR1U2ZjQyZkRlYmI0cDFZZFRPWUZ3aUd0TUNBd0VBQWFOQ01FQXdEZ1lEVlIwUApBUUgvQkFRREFnS2tNQThHQTFVZEV3RUIvd1FGTUFNQkFmOHdIUVlEVlIwT0JCWUVGQjBTM09EVzhIZk5uVXIxCmZJeS91WFFHU2VCZ01BMEdDU3FHU0liM0RRRUJDd1VBQTRJQ0FRQkRyRS9RYjFDbndYN0g3NVFCTS8veWp0YlcKaUYzZUNyNmpkQ1hLSjdYNW9STDJPRUdEQnRyV3BXaml2TmJDbDlNcmYrM01MemhkVTJpaFhEeWlUMW9QUHdIZApEc1pwRjlFUmNpOW1lQXIxaWVjdHl6TjFFclRVYWNvOWU3SmtKdWlYQnB0NS9UYUJUUm5PclNocTZtazVIaVVUCmVqSGQ4ZnNqVTg5V1BJd0VDWisyYnVxQ1ovWXBaSVRjNzhoVWtZT0RRMEVYQzRCQjMzeTlvcUVyaHI2bTZOZjUKb0UrVFJrcG9pM0pQT1BpVU5YbGQ0OFBLd3BDYnFxcDl5bEdPMWJlZjdjdTVSOU1BRnkwbmhtb1pRQ0VHOWw5NwpkemdFQ1pocVQrWHpXbTRkL2NwUnh4VWhPWjgwNlNoenhGUER4Wm9ZcmlWcTUrN0o1ZGZUdldBYVBrWkJ6dVZjCnJmR0x4aWRva0tJUTQvY0U3Z1RWOHBQY29oc3dyUlArV3JqWGtWd25vRVF5aU5FVkFZZXdSODVVMVJIcFo5akoKVnhwU3Z3VW5SYUJKMWpaVWRHeVRLZ1UxaU90bWd0THVNUlhiMlNnQW92YVpJb1JMc3ZDMkFoVjUxQU9CSUxjNQpSRXRxZFVibVd6a3B6RWhhZUhjdzViejZSVm8rVjNFODc3eWtkNGY2bVliUk1Tak5BQnNxcmdMMmU0dHB0bWFRClE1Q0oxb1B5TnRCOE90NEpnMnczelkwRDc2L0NHZndCZDB0VkkzUEo0aHZlMmlIbDN6Nm84aHg3MW9vVzNwNnQKdnU1L1A1b2t0ZHFIeWkyYTE4bzdFcXlWTmc5K2JLZ1hjWFRsUlE1Z0F2Nmk1SU9MRW1qaXNDa0h5MEo2U09GQwpYVnNPdVVFeFZuaG1PS0YydUE9PQotLS0tLUVORCBDRVJUSUZJQ0FURS0tLS0tCg==\n    server: https://optscale-aks-optscale-infra-m1khogus.afdc951a-9739-403f-bf94-a9eacb6d4bc2.privatelink.eastus.azmk8s.io:443\n  name: optscale-aks-cluster-OptScale_Infra\ncontexts:\n- context:\n    cluster: optscale-aks-cluster-OptScale_Infra\n    user: clusterUser_optscale-rg-OptScale_Infra_optscale-aks-cluster-OptScale_Infra\n  name: optscale-aks-cluster-OptScale_Infra\ncurrent-context: optscale-aks-cluster-OptScale_Infra\nkind: Config\npreferences: {}\nusers:\n- name: clusterUser_optscale-rg-OptScale_Infra_optscale-aks-cluster-OptScale_Infra\n  user:\n    exec:\n      apiVersion: client.authentication.k8s.io/v1beta1\n      args:\n      - get-token\n      - --environment\n      - AzurePublicCloud\n      - --server-id\n      - 6dae42f8-4368-4678-94ff-3960e28e3630\n      - --client-id\n      - 80faf920-1908-4b52-b5ef-a8e7bedfc67a\n      - --tenant-id\n      - ff355289-721e-4dd7-a663-afec62ab9d54\n      - --login\n      - devicecode\n      command: kubelogin\n      env: null\n      installHint: |2\n\n        kubelogin is not installed which is required to connect to AAD enabled cluster.\n\n        To learn more, please go to https://aka.ms/aks/kubelogin\n      provideClusterInfo: false\n",
            "kubelet_identity": [
              {
                "client_id": "271b9d79-6bb0-46ee-aca1-eb0f0d8e49b0",
                "object_id": "f2120d46-60d6-4ab5-8ae1-0c0c7b1a317e",
                "user_assigned_identity_id": "/subscriptions/3c42098f-375b-47ae-9727-1b0014b0d232/resourceGroups/MC_optscale-rg-OptScale_Infra_optscale-aks-cluster-OptScale_Infra_eastus/providers/Microsoft.ManagedIdentity/userAssignedIdentities/optscale-aks-cluster-OptScale_Infra-agentpool"
              }
            ],
            "kubernetes_version": "1.33.2",
            "linux_profile": [],
            "local_account_disabled": false,
            "location": "eastus",
            "maintenance_window": [],
            "maintenance_window_auto_upgrade": [],
            "maintenance_window_node_os": [],
            "microsoft_defender": [],
            "monitor_metrics": [],
            "name": "optscale-aks-cluster-OptScale_Infra",
            "network_profile": [
              {
                "dns_service_ip": "10.0.0.10",
                "docker_bridge_cidr": "",
                "ebpf_data_plane": "",
                "ip_versions": [
                  "IPv4"
                ],
                "load_balancer_profile": [
                  {
                    "effective_outbound_ips": [
                      "/subscriptions/3c42098f-375b-47ae-9727-1b0014b0d232/resourceGroups/MC_optscale-rg-OptScale_Infra_optscale-aks-cluster-OptScale_Infra_eastus/providers/Microsoft.Network/publicIPAddresses/9a151f15-d155-4908-89ad-346b608d2a7c"
                    ],
                    "idle_timeout_in_minutes": 0,
                    "managed_outbound_ip_count": 1,
                    "managed_outbound_ipv6_count": 0,
                    "outbound_ip_address_ids": [],
                    "outbound_ip_prefix_ids": [],
                    "outbound_ports_allocated": 0
                  }
                ],
                "load_balancer_sku": "standard",
                "nat_gateway_profile": [],
                "network_data_plane": "azure",
                "network_mode": "",
                "network_plugin": "azure",
                "network_plugin_mode": "",
                "network_policy": "",
                "outbound_ip_address_ids": [],
                "outbound_ip_prefix_ids": [],
                "outbound_type": "loadBalancer",
                "pod_cidr": "",
                "pod_cidrs": [],
                "service_cidr": "10.0.0.0/16",
                "service_cidrs": [
                  "10.0.0.0/16"
                ]
              }
            ],
            "node_os_channel_upgrade": null,
            "node_resource_group": "MC_optscale-rg-OptScale_Infra_optscale-aks-cluster-OptScale_Infra_eastus",
            "node_resource_group_id": "/subscriptions/3c42098f-375b-47ae-9727-1b0014b0d232/resourceGroups/MC_optscale-rg-OptScale_Infra_optscale-aks-cluster-OptScale_Infra_eastus",
            "oidc_issuer_enabled": false,
            "oidc_issuer_url": "",
            "oms_agent": [],
            "open_service_mesh_enabled": false,
            "portal_fqdn": "ff34a60812b4787565b24c97a9294b16-priv.portal.hcp.eastus.azmk8s.io",
            "private_cluster_enabled": true,
            "private_cluster_public_fqdn_enabled": false,
            "private_dns_zone_id": "System",
            "private_fqdn": "optscale-aks-optscale-infra-m1khogus.afdc951a-9739-403f-bf94-a9eacb6d4bc2.privatelink.eastus.azmk8s.io",
            "public_network_access_enabled": true,
            "resource_group_name": "optscale-rg-OptScale_Infra",
            "role_based_access_control_enabled": true,
            "run_command_enabled": true,
            "service_mesh_profile": [],
            "service_principal": [],
            "sku_tier": "Free",
            "storage_profile": [],
            "support_plan": "KubernetesOfficial",
            "tags": {
              "env": "dev",
              "managed_by": "optscale-infra",
              "project": "optscale"
            },
            "timeouts": null,
            "web_app_routing": [],
            "windows_profile": [
              {
                "admin_password": "",
                "admin_username": "azureuser",
                "gmsa": [],
                "license": ""
              }
            ],
            "workload_autoscaler_profile": [],
            "workload_identity_enabled": false
          },
          "sensitive_attributes": [
            [
              {
                "type": "get_attr",
                "value": "azure_active_directory_role_based_access_control"
              },
              {
                "type": "index",
                "value": {
                  "value": 0,
                  "type": "number"
                }
              },
              {
                "type": "get_attr",
                "value": "server_app_secret"
              }
            ],
            [
              {
                "type": "get_attr",
                "value": "kube_admin_config"
              }
            ],
            [
              {
                "type": "get_attr",
                "value": "kube_admin_config_raw"
              }
            ],
            [
              {
                "type": "get_attr",
                "value": "kube_config"
              }
            ],
            [
              {
                "type": "get_attr",
                "value": "kube_config_raw"
              }
            ],
            [
              {
                "type": "get_attr",
                "value": "windows_profile"
              },
              {
                "type": "index",
                "value": {
                  "value": 0,
                  "type": "number"
                }
              },
              {
                "type": "get_attr",
                "value": "admin_password"
              }
            ]
          ],
          "identity_schema_version": 0,
          "private": "eyJlMmJmYjczMC1lY2FhLTExZTYtOGY4OC0zNDM2M2JjN2M0YzAiOnsiY3JlYXRlIjo1NDAwMDAwMDAwMDAwLCJkZWxldGUiOjU0MDAwMDAwMDAwMDAsInJlYWQiOjMwMDAwMDAwMDAwMCwidXBkYXRlIjo1NDAwMDAwMDAwMDAwfSwic2NoZW1hX3ZlcnNpb24iOiIyIn0=",
          "dependencies": [
            "azurerm_resource_group.optscale_rg",
            "module.aks_cluster.data.azurerm_client_config.current",
            "module.aks_networking.azurerm_subnet.aks_subnet",
            "module.aks_networking.azurerm_virtual_network.main"
          ]
        }
      ]
    },
    {
      "module": "module.aks_cluster",
      "mode": "managed",
      "type": "azurerm_kubernetes_cluster_node_pool",
      "name": "user_node_pools",
      "provider": "provider[\"registry.terraform.io/hashicorp/azurerm\"]",
      "instances": [
        {
          "index_key": "default",
          "schema_version": 1,
          "attributes": {
            "capacity_reservation_group_id": "",
            "custom_ca_trust_enabled": false,
            "enable_auto_scaling": true,
            "enable_host_encryption": false,
            "enable_node_public_ip": false,
            "eviction_policy": "",
            "fips_enabled": false,
            "gpu_instance": null,
            "host_group_id": "",
            "id": "/subscriptions/3c42098f-375b-47ae-9727-1b0014b0d232/resourceGroups/optscale-rg-OptScale_Infra/providers/Microsoft.ContainerService/managedClusters/optscale-aks-cluster-OptScale_Infra/agentPools/userpool",
            "kubelet_config": [],
            "kubelet_disk_type": "OS",
            "kubernetes_cluster_id": "/subscriptions/3c42098f-375b-47ae-9727-1b0014b0d232/resourceGroups/optscale-rg-OptScale_Infra/providers/Microsoft.ContainerService/managedClusters/optscale-aks-cluster-OptScale_Infra",
            "linux_os_config": [],
            "max_count": 3,
            "max_pods": 30,
            "message_of_the_day": "",
            "min_count": 1,
            "mode": "User",
            "name": "userpool",
            "node_count": 1,
            "node_labels": {},
            "node_network_profile": [],
            "node_public_ip_prefix_id": "",
            "node_taints": [],
            "orchestrator_version": "1.33.2",
            "os_disk_size_gb": 128,
            "os_disk_type": "Managed",
            "os_sku": "Ubuntu",
            "os_type": "Linux",
            "pod_subnet_id": "",
            "priority": "Regular",
            "proximity_placement_group_id": "",
            "scale_down_mode": "Delete",
            "snapshot_id": null,
            "spot_max_price": -1,
            "tags": {
              "env": "dev",
              "managed_by": "optscale-infra",
              "project": "optscale"
            },
            "timeouts": null,
            "ultra_ssd_enabled": false,
            "upgrade_settings": [
              {
                "drain_timeout_in_minutes": 0,
                "max_surge": "10%",
                "node_soak_duration_in_minutes": 0
              }
            ],
            "vm_size": "Standard_B2s",
            "vnet_subnet_id": "/subscriptions/3c42098f-375b-47ae-9727-1b0014b0d232/resourceGroups/optscale-rg-OptScale_Infra/providers/Microsoft.Network/virtualNetworks/optscale-vnet-OptScale_Infra/subnets/optscale-aks-subnet",
            "windows_profile": [],
            "workload_runtime": null,
            "zones": []
          },
          "sensitive_attributes": [],
          "identity_schema_version": 0,
          "private": "eyJlMmJmYjczMC1lY2FhLTExZTYtOGY4OC0zNDM2M2JjN2M0YzAiOnsiY3JlYXRlIjozNjAwMDAwMDAwMDAwLCJkZWxldGUiOjM2MDAwMDAwMDAwMDAsInJlYWQiOjMwMDAwMDAwMDAwMCwidXBkYXRlIjozNjAwMDAwMDAwMDAwfSwic2NoZW1hX3ZlcnNpb24iOiIxIn0=",
          "dependencies": [
            "azurerm_resource_group.optscale_rg",
            "module.aks_cluster.azurerm_kubernetes_cluster.main",
            "module.aks_cluster.data.azurerm_client_config.current",
            "module.aks_networking.azurerm_subnet.aks_subnet",
            "module.aks_networking.azurerm_virtual_network.main"
          ]
        }
      ]
    },
    {
      "module": "module.aks_networking",
      "mode": "managed",
      "type": "azurerm_network_security_group",
      "name": "aks_nsg",
      "provider": "provider[\"registry.terraform.io/hashicorp/azurerm\"]",
      "instances": [
        {
          "schema_version": 0,
          "attributes": {
            "id": "/subscriptions/3c42098f-375b-47ae-9727-1b0014b0d232/resourceGroups/optscale-rg-OptScale_Infra/providers/Microsoft.Network/networkSecurityGroups/optscale-aks-subnet-nsg",
            "location": "eastus",
            "name": "optscale-aks-subnet-nsg",
            "resource_group_name": "optscale-rg-OptScale_Infra",
            "security_rule": [],
            "tags": {
              "env": "dev",
              "managed_by": "optscale-infra",
              "project": "optscale"
            },
            "timeouts": null
          },
          "sensitive_attributes": [],
          "identity_schema_version": 0,
          "private": "eyJlMmJmYjczMC1lY2FhLTExZTYtOGY4OC0zNDM2M2JjN2M0YzAiOnsiY3JlYXRlIjoxODAwMDAwMDAwMDAwLCJkZWxldGUiOjE4MDAwMDAwMDAwMDAsInJlYWQiOjMwMDAwMDAwMDAwMCwidXBkYXRlIjoxODAwMDAwMDAwMDAwfX0=",
          "dependencies": [
            "azurerm_resource_group.optscale_rg"
          ]
        }
      ]
    },
    {
      "module": "module.aks_networking",
      "mode": "managed",
      "type": "azurerm_subnet",
      "name": "aks_subnet",
      "provider": "provider[\"registry.terraform.io/hashicorp/azurerm\"]",
      "instances": [
        {
          "schema_version": 0,
          "attributes": {
            "address_prefixes": [
              "10.10.1.0/24"
            ],
            "default_outbound_access_enabled": true,
            "delegation": [],
            "enforce_private_link_endpoint_network_policies": false,
            "enforce_private_link_service_network_policies": false,
            "id": "/subscriptions/3c42098f-375b-47ae-9727-1b0014b0d232/resourceGroups/optscale-rg-OptScale_Infra/providers/Microsoft.Network/virtualNetworks/optscale-vnet-OptScale_Infra/subnets/optscale-aks-subnet",
            "name": "optscale-aks-subnet",
            "private_endpoint_network_policies": "Enabled",
            "private_endpoint_network_policies_enabled": true,
            "private_link_service_network_policies_enabled": true,
            "resource_group_name": "optscale-rg-OptScale_Infra",
            "service_endpoint_policy_ids": [],
            "service_endpoints": [
              "Microsoft.ContainerRegistry",
              "Microsoft.Storage"
            ],
            "timeouts": null,
            "virtual_network_name": "optscale-vnet-OptScale_Infra"
          },
          "sensitive_attributes": [],
          "identity_schema_version": 0,
          "private": "eyJlMmJmYjczMC1lY2FhLTExZTYtOGY4OC0zNDM2M2JjN2M0YzAiOnsiY3JlYXRlIjoxODAwMDAwMDAwMDAwLCJkZWxldGUiOjE4MDAwMDAwMDAwMDAsInJlYWQiOjMwMDAwMDAwMDAwMCwidXBkYXRlIjoxODAwMDAwMDAwMDAwfX0=",
          "dependencies": [
            "azurerm_resource_group.optscale_rg",
            "module.aks_networking.azurerm_virtual_network.main"
          ]
        }
      ]
    },
    {
      "module": "module.aks_networking",
      "mode": "managed",
      "type": "azurerm_subnet",
      "name": "bastion_subnet",
      "provider": "provider[\"registry.terraform.io/hashicorp/azurerm\"]",
      "instances": [
        {
          "schema_version": 0,
          "attributes": {
            "address_prefixes": [
              "10.10.3.0/24"
            ],
            "default_outbound_access_enabled": true,
            "delegation": [],
            "enforce_private_link_endpoint_network_policies": false,
            "enforce_private_link_service_network_policies": false,
            "id": "/subscriptions/3c42098f-375b-47ae-9727-1b0014b0d232/resourceGroups/optscale-rg-OptScale_Infra/providers/Microsoft.Network/virtualNetworks/optscale-vnet-OptScale_Infra/subnets/snet-bastion",
            "name": "snet-bastion",
            "private_endpoint_network_policies": "Enabled",
            "private_endpoint_network_policies_enabled": true,
            "private_link_service_network_policies_enabled": true,
            "resource_group_name": "optscale-rg-OptScale_Infra",
            "service_endpoint_policy_ids": [],
            "service_endpoints": [],
            "timeouts": null,
            "virtual_network_name": "optscale-vnet-OptScale_Infra"
          },
          "sensitive_attributes": [],
          "identity_schema_version": 0,
          "private": "eyJlMmJmYjczMC1lY2FhLTExZTYtOGY4OC0zNDM2M2JjN2M0YzAiOnsiY3JlYXRlIjoxODAwMDAwMDAwMDAwLCJkZWxldGUiOjE4MDAwMDAwMDAwMDAsInJlYWQiOjMwMDAwMDAwMDAwMCwidXBkYXRlIjoxODAwMDAwMDAwMDAwfX0=",
          "dependencies": [
            "azurerm_resource_group.optscale_rg",
            "module.aks_networking.azurerm_virtual_network.main"
          ]
        }
      ]
    },
    {
      "module": "module.aks_networking",
      "mode": "managed",
      "type": "azurerm_subnet",
      "name": "db_subnet",
      "provider": "provider[\"registry.terraform.io/hashicorp/azurerm\"]",
      "instances": [
        {
          "schema_version": 0,
          "attributes": {
            "address_prefixes": [
              "10.10.2.0/24"
            ],
            "default_outbound_access_enabled": true,
            "delegation": [],
            "enforce_private_link_endpoint_network_policies": false,
            "enforce_private_link_service_network_policies": false,
            "id": "/subscriptions/3c42098f-375b-47ae-9727-1b0014b0d232/resourceGroups/optscale-rg-OptScale_Infra/providers/Microsoft.Network/virtualNetworks/optscale-vnet-OptScale_Infra/subnets/snet-optscale-db",
            "name": "snet-optscale-db",
            "private_endpoint_network_policies": "Enabled",
            "private_endpoint_network_policies_enabled": true,
            "private_link_service_network_policies_enabled": true,
            "resource_group_name": "optscale-rg-OptScale_Infra",
            "service_endpoint_policy_ids": [],
            "service_endpoints": [],
            "timeouts": null,
            "virtual_network_name": "optscale-vnet-OptScale_Infra"
          },
          "sensitive_attributes": [],
          "identity_schema_version": 0,
          "private": "eyJlMmJmYjczMC1lY2FhLTExZTYtOGY4OC0zNDM2M2JjN2M0YzAiOnsiY3JlYXRlIjoxODAwMDAwMDAwMDAwLCJkZWxldGUiOjE4MDAwMDAwMDAwMDAsInJlYWQiOjMwMDAwMDAwMDAwMCwidXBkYXRlIjoxODAwMDAwMDAwMDAwfX0=",
          "dependencies": [
            "azurerm_resource_group.optscale_rg",
            "module.aks_networking.azurerm_virtual_network.main"
          ]
        }
      ]
    },
    {
      "module": "module.aks_networking",
      "mode": "managed",
      "type": "azurerm_subnet_network_security_group_association",
      "name": "aks_subnet_nsg_association",
      "provider": "provider[\"registry.terraform.io/hashicorp/azurerm\"]",
      "instances": [
        {
          "schema_version": 0,
          "attributes": {
            "id": "/subscriptions/3c42098f-375b-47ae-9727-1b0014b0d232/resourceGroups/optscale-rg-OptScale_Infra/providers/Microsoft.Network/virtualNetworks/optscale-vnet-OptScale_Infra/subnets/optscale-aks-subnet",
            "network_security_group_id": "/subscriptions/3c42098f-375b-47ae-9727-1b0014b0d232/resourceGroups/optscale-rg-OptScale_Infra/providers/Microsoft.Network/networkSecurityGroups/optscale-aks-subnet-nsg",
            "subnet_id": "/subscriptions/3c42098f-375b-47ae-9727-1b0014b0d232/resourceGroups/optscale-rg-OptScale_Infra/providers/Microsoft.Network/virtualNetworks/optscale-vnet-OptScale_Infra/subnets/optscale-aks-subnet",
            "timeouts": null
          },
          "sensitive_attributes": [],
          "identity_schema_version": 0,
          "private": "eyJlMmJmYjczMC1lY2FhLTExZTYtOGY4OC0zNDM2M2JjN2M0YzAiOnsiY3JlYXRlIjoxODAwMDAwMDAwMDAwLCJkZWxldGUiOjE4MDAwMDAwMDAwMDAsInJlYWQiOjMwMDAwMDAwMDAwMH19",
          "dependencies": [
            "azurerm_resource_group.optscale_rg",
            "module.aks_networking.azurerm_network_security_group.aks_nsg",
            "module.aks_networking.azurerm_subnet.aks_subnet",
            "module.aks_networking.azurerm_virtual_network.main"
          ]
        }
      ]
    },
    {
      "module": "module.aks_networking",
      "mode": "managed",
      "type": "azurerm_virtual_network",
      "name": "main",
      "provider": "provider[\"registry.terraform.io/hashicorp/azurerm\"]",
      "instances": [
        {
          "schema_version": 0,
          "attributes": {
            "address_space": [
              "10.10.0.0/16"
            ],
            "bgp_community": "",
            "ddos_protection_plan": [],
            "dns_servers": [],
            "edge_zone": "",
            "encryption": [],
            "flow_timeout_in_minutes": 0,
            "guid": "22cae666-eb20-445b-8e19-4f046d30e9db",
            "id": "/subscriptions/3c42098f-375b-47ae-9727-1b0014b0d232/resourceGroups/optscale-rg-OptScale_Infra/providers/Microsoft.Network/virtualNetworks/optscale-vnet-OptScale_Infra",
            "location": "eastus",
            "name": "optscale-vnet-OptScale_Infra",
            "resource_group_name": "optscale-rg-OptScale_Infra",
            "subnet": [
              {
                "address_prefix": "10.10.1.0/24",
                "id": "/subscriptions/3c42098f-375b-47ae-9727-1b0014b0d232/resourceGroups/optscale-rg-OptScale_Infra/providers/Microsoft.Network/virtualNetworks/optscale-vnet-OptScale_Infra/subnets/optscale-aks-subnet",
                "name": "optscale-aks-subnet",
                "security_group": "/subscriptions/3c42098f-375b-47ae-9727-1b0014b0d232/resourceGroups/optscale-rg-OptScale_Infra/providers/Microsoft.Network/networkSecurityGroups/optscale-aks-subnet-nsg"
              },
              {
                "address_prefix": "10.10.2.0/24",
                "id": "/subscriptions/3c42098f-375b-47ae-9727-1b0014b0d232/resourceGroups/optscale-rg-OptScale_Infra/providers/Microsoft.Network/virtualNetworks/optscale-vnet-OptScale_Infra/subnets/snet-optscale-db",
                "name": "snet-optscale-db",
                "security_group": ""
              },
              {
                "address_prefix": "10.10.3.0/24",
                "id": "/subscriptions/3c42098f-375b-47ae-9727-1b0014b0d232/resourceGroups/optscale-rg-OptScale_Infra/providers/Microsoft.Network/virtualNetworks/optscale-vnet-OptScale_Infra/subnets/snet-bastion",
                "name": "snet-bastion",
                "security_group": ""
              }
            ],
            "tags": {
              "env": "dev",
              "managed_by": "optscale-infra",
              "project": "optscale"
            },
            "timeouts": null
          },
          "sensitive_attributes": [],
          "identity_schema_version": 0,
          "private": "eyJlMmJmYjczMC1lY2FhLTExZTYtOGY4OC0zNDM2M2JjN2M0YzAiOnsiY3JlYXRlIjoxODAwMDAwMDAwMDAwLCJkZWxldGUiOjE4MDAwMDAwMDAwMDAsInJlYWQiOjMwMDAwMDAwMDAwMCwidXBkYXRlIjoxODAwMDAwMDAwMDAwfX0=",
          "dependencies": [
            "azurerm_resource_group.optscale_rg"
          ]
        }
      ]
    },
    {
      "module": "module.azure_bastion",
      "mode": "managed",
      "type": "azurerm_bastion_host",
      "name": "bastion_host",
      "provider": "provider[\"registry.terraform.io/hashicorp/azurerm\"]",
      "instances": [
        {
          "schema_version": 0,
          "attributes": {
            "copy_paste_enabled": true,
            "dns_name": "bst-000872a4-b996-4d2c-9086-6670b4c9132f.bastion.azure.com",
            "file_copy_enabled": false,
            "id": "/subscriptions/3c42098f-375b-47ae-9727-1b0014b0d232/resourceGroups/optscale-rg-OptScale_Infra/providers/Microsoft.Network/bastionHosts/optscale-bastion-service",
            "ip_configuration": [
              {
                "name": "configuration",
                "public_ip_address_id": "/subscriptions/3c42098f-375b-47ae-9727-1b0014b0d232/resourceGroups/optscale-rg-OptScale_Infra/providers/Microsoft.Network/publicIPAddresses/optscale-bastion-pip",
                "subnet_id": "/subscriptions/3c42098f-375b-47ae-9727-1b0014b0d232/resourceGroups/optscale-rg-OptScale_Infra/providers/Microsoft.Network/virtualNetworks/optscale-vnet-OptScale_Infra/subnets/AzureBastionSubnet"
              }
            ],
            "ip_connect_enabled": false,
            "kerberos_enabled": false,
            "location": "eastus",
            "name": "optscale-bastion-service",
            "resource_group_name": "optscale-rg-OptScale_Infra",
            "scale_units": 2,
            "shareable_link_enabled": false,
            "sku": "Basic",
            "tags": {
              "env": "dev",
              "managed_by": "optscale-infra",
              "project": "optscale"
            },
            "timeouts": null,
            "tunneling_enabled": false,
            "virtual_network_id": ""
          },
          "sensitive_attributes": [],
          "identity_schema_version": 0,
          "private": "eyJlMmJmYjczMC1lY2FhLTExZTYtOGY4OC0zNDM2M2JjN2M0YzAiOnsiY3JlYXRlIjoxODAwMDAwMDAwMDAwLCJkZWxldGUiOjE4MDAwMDAwMDAwMDAsInJlYWQiOjMwMDAwMDAwMDAwMCwidXBkYXRlIjoxODAwMDAwMDAwMDAwfX0=",
          "dependencies": [
            "azurerm_resource_group.optscale_rg",
            "module.azure_bastion.azurerm_public_ip.bastion_public_ip",
            "module.azure_bastion.azurerm_subnet.bastion_subnet"
          ]
        }
      ]
    },
    {
      "module": "module.azure_bastion",
      "mode": "managed",
      "type": "azurerm_public_ip",
      "name": "bastion_public_ip",
      "provider": "provider[\"registry.terraform.io/hashicorp/azurerm\"]",
      "instances": [
        {
          "schema_version": 0,
          "attributes": {
            "allocation_method": "Static",
            "ddos_protection_mode": "VirtualNetworkInherited",
            "ddos_protection_plan_id": null,
            "domain_name_label": null,
            "edge_zone": "",
            "fqdn": null,
            "id": "/subscriptions/3c42098f-375b-47ae-9727-1b0014b0d232/resourceGroups/optscale-rg-OptScale_Infra/providers/Microsoft.Network/publicIPAddresses/optscale-bastion-pip",
            "idle_timeout_in_minutes": 4,
            "ip_address": "20.172.249.164",
            "ip_tags": null,
            "ip_version": "IPv4",
            "location": "eastus",
            "name": "optscale-bastion-pip",
            "public_ip_prefix_id": null,
            "resource_group_name": "optscale-rg-OptScale_Infra",
            "reverse_fqdn": null,
            "sku": "Standard",
            "sku_tier": "Regional",
            "tags": null,
            "timeouts": null,
            "zones": null
          },
          "sensitive_attributes": [],
          "identity_schema_version": 0,
          "private": "eyJlMmJmYjczMC1lY2FhLTExZTYtOGY4OC0zNDM2M2JjN2M0YzAiOnsiY3JlYXRlIjoxODAwMDAwMDAwMDAwLCJkZWxldGUiOjE4MDAwMDAwMDAwMDAsInJlYWQiOjMwMDAwMDAwMDAwMCwidXBkYXRlIjoxODAwMDAwMDAwMDAwfX0=",
          "dependencies": [
            "azurerm_resource_group.optscale_rg"
          ]
        }
      ]
    },
    {
      "module": "module.azure_bastion",
      "mode": "managed",
      "type": "azurerm_subnet",
      "name": "bastion_subnet",
      "provider": "provider[\"registry.terraform.io/hashicorp/azurerm\"]",
      "instances": [
        {
          "schema_version": 0,
          "attributes": {
            "address_prefixes": [
              "10.10.4.0/24"
            ],
            "default_outbound_access_enabled": true,
            "delegation": [],
            "enforce_private_link_endpoint_network_policies": false,
            "enforce_private_link_service_network_policies": false,
            "id": "/subscriptions/3c42098f-375b-47ae-9727-1b0014b0d232/resourceGroups/optscale-rg-OptScale_Infra/providers/Microsoft.Network/virtualNetworks/optscale-vnet-OptScale_Infra/subnets/AzureBastionSubnet",
            "name": "AzureBastionSubnet",
            "private_endpoint_network_policies": "Enabled",
            "private_endpoint_network_policies_enabled": true,
            "private_link_service_network_policies_enabled": true,
            "resource_group_name": "optscale-rg-OptScale_Infra",
            "service_endpoint_policy_ids": null,
            "service_endpoints": null,
            "timeouts": null,
            "virtual_network_name": "optscale-vnet-OptScale_Infra"
          },
          "sensitive_attributes": [],
          "identity_schema_version": 0,
          "private": "eyJlMmJmYjczMC1lY2FhLTExZTYtOGY4OC0zNDM2M2JjN2M0YzAiOnsiY3JlYXRlIjoxODAwMDAwMDAwMDAwLCJkZWxldGUiOjE4MDAwMDAwMDAwMDAsInJlYWQiOjMwMDAwMDAwMDAwMCwidXBkYXRlIjoxODAwMDAwMDAwMDAwfX0=",
          "dependencies": [
            "azurerm_resource_group.optscale_rg"
          ]
        }
      ]
    },
    {
      "module": "module.bastion_host",
      "mode": "managed",
      "type": "azurerm_linux_virtual_machine",
      "name": "bastion_host",
      "provider": "provider[\"registry.terraform.io/hashicorp/azurerm\"]",
      "instances": [
        {
          "schema_version": 0,
          "attributes": {
            "additional_capabilities": [],
            "admin_password": null,
            "admin_ssh_key": [
              {
                "public_key": "ssh-rsa AAAAB3NzaC1yc2EAAAADAQABAAACAQC8Yo6GiThyrqJDxTm8+zaqqTHCZaUBhQQdBtMKBjYbhwhbZaRXGN+TqAVoi41u6Kj6b6nCvXnnVTmkbsKRugrAnNkvwU+5nTt/Fj4CYKwf7zxWjucffiiy7YYlGRPaU2GFBcCF6RN0pkJJm82L8VGlsj+gwiPoCWQuFAwXd4/vRmft4c1yGce9ig/UE21fv0G9rXcydh5YnGL3PYt3PQEAq4tRd/w7r2Wh/45ONYVUYhg1KJemqbBQ8+PXe66SeK0tyYhk5bQJy6WTGivd7FhYpIb1Lbxr+e9rFXZ4tXkSwBjf4MnmgchGDE/GZIJgUektQpV+sbduHVbfMAd9QPHaBRAoNLh28NfO4+xunaqUQjW0PUWj9LvVatT1o8/hAy52X74AUHP85ZRPVTde9tuG2Me7woxQ6rKty/NO/lMunRdofygux1X4EOB2TbRm5EGjoKKAAYERGNxwSNf5GoMPPMnzChunt7UGmjCYn/6X4qEYck/eEo4UTfgIFmU78QNxEY47O2GHaGPrLMYLlg8un4TKS58+O3N330mhaLOKWJDsJh4+yh1l65sSznaaH3nwDHqtcatMPJMD2kSacOlqwcEx1TcuoQkuMO3LAL9K7GxveYq4gkdODQqmliKkqib9DWhDhhkCU168bZ+tW9ARDojRQ5F0vAs+/R8nH2vQEQ== gauravsingh@Gauravs-MacBook-Air.local",
                "username": "azureuser"
              }
            ],
            "admin_username": "azureuser",
            "allow_extension_operations": true,
            "availability_set_id": "",
            "boot_diagnostics": [],
            "bypass_platform_safety_checks_on_user_schedule_enabled": false,
            "capacity_reservation_group_id": "",
            "computer_name": "optscale-bastion",
            "custom_data": null,
            "dedicated_host_group_id": "",
            "dedicated_host_id": "",
            "disable_password_authentication": true,
            "disk_controller_type": "",
            "edge_zone": "",
            "encryption_at_host_enabled": false,
            "eviction_policy": "",
            "extensions_time_budget": "PT1H30M",
            "gallery_application": [],
            "id": "/subscriptions/3c42098f-375b-47ae-9727-1b0014b0d232/resourceGroups/optscale-rg-OptScale_Infra/providers/Microsoft.Compute/virtualMachines/optscale-bastion",
            "identity": [],
            "license_type": "",
            "location": "eastus",
            "max_bid_price": -1,
            "name": "optscale-bastion",
            "network_interface_ids": [
              "/subscriptions/3c42098f-375b-47ae-9727-1b0014b0d232/resourceGroups/optscale-rg-OptScale_Infra/providers/Microsoft.Network/networkInterfaces/optscale-bastion-nic"
            ],
            "os_disk": [
              {
                "caching": "ReadWrite",
                "diff_disk_settings": [],
                "disk_encryption_set_id": "",
                "disk_size_gb": 30,
                "name": "optscale-bastion_disk1_54b595a3b2a04fcbaacdee08d0f5fdef",
                "secure_vm_disk_encryption_set_id": "",
                "security_encryption_type": "",
                "storage_account_type": "Standard_LRS",
                "write_accelerator_enabled": false
              }
            ],
            "os_image_notification": [],
            "patch_assessment_mode": "ImageDefault",
            "patch_mode": "ImageDefault",
            "plan": [],
            "platform_fault_domain": -1,
            "priority": "Regular",
            "private_ip_address": "10.10.3.4",
            "private_ip_addresses": [
              "10.10.3.4"
            ],
            "provision_vm_agent": true,
            "proximity_placement_group_id": "",
            "public_ip_address": "",
            "public_ip_addresses": [],
            "reboot_setting": "",
            "resource_group_name": "optscale-rg-OptScale_Infra",
            "secret": [],
            "secure_boot_enabled": false,
            "size": "Standard_B1s",
            "source_image_id": "",
            "source_image_reference": [
              {
                "offer": "0001-com-ubuntu-server-jammy",
                "publisher": "Canonical",
                "sku": "22_04-lts",
                "version": "latest"
              }
            ],
            "tags": {
              "env": "dev",
              "managed_by": "optscale-infra",
              "project": "optscale"
            },
            "termination_notification": [],
            "timeouts": null,
            "user_data": "",
            "virtual_machine_id": "a555d059-a5c5-4a9f-97f2-93fb106fd15f",
            "virtual_machine_scale_set_id": "",
            "vm_agent_platform_updates_enabled": false,
            "vtpm_enabled": false,
            "zone": ""
          },
          "sensitive_attributes": [
            [
              {
                "type": "get_attr",
                "value": "admin_password"
              }
            ],
            [
              {
                "type": "get_attr",
                "value": "custom_data"
              }
            ]
          ],
          "identity_schema_version": 0,
          "private": "eyJlMmJmYjczMC1lY2FhLTExZTYtOGY4OC0zNDM2M2JjN2M0YzAiOnsiY3JlYXRlIjoyNzAwMDAwMDAwMDAwLCJkZWxldGUiOjI3MDAwMDAwMDAwMDAsInJlYWQiOjMwMDAwMDAwMDAwMCwidXBkYXRlIjoyNzAwMDAwMDAwMDAwfX0=",
          "dependencies": [
            "azurerm_resource_group.optscale_rg",
            "module.aks_networking.azurerm_subnet.bastion_subnet",
            "module.aks_networking.azurerm_virtual_network.main",
            "module.bastion_host.azurerm_network_interface.bastion_nic"
          ]
        }
      ]
    },
    {
      "module": "module.bastion_host",
      "mode": "managed",
      "type": "azurerm_network_interface",
      "name": "bastion_nic",
      "provider": "provider[\"registry.terraform.io/hashicorp/azurerm\"]",
      "instances": [
        {
          "schema_version": 0,
          "attributes": {
            "accelerated_networking_enabled": false,
            "applied_dns_servers": [],
            "auxiliary_mode": "",
            "auxiliary_sku": "",
            "dns_servers": [],
            "edge_zone": "",
            "enable_accelerated_networking": false,
            "enable_ip_forwarding": false,
            "id": "/subscriptions/3c42098f-375b-47ae-9727-1b0014b0d232/resourceGroups/optscale-rg-OptScale_Infra/providers/Microsoft.Network/networkInterfaces/optscale-bastion-nic",
            "internal_dns_name_label": "",
            "internal_domain_name_suffix": "m1tmuira3nnujdqzj2cg0mhj1d.bx.internal.cloudapp.net",
            "ip_configuration": [
              {
                "gateway_load_balancer_frontend_ip_configuration_id": "",
                "name": "internal",
                "primary": true,
                "private_ip_address": "10.10.3.4",
                "private_ip_address_allocation": "Dynamic",
                "private_ip_address_version": "IPv4",
                "public_ip_address_id": "",
                "subnet_id": "/subscriptions/3c42098f-375b-47ae-9727-1b0014b0d232/resourceGroups/optscale-rg-OptScale_Infra/providers/Microsoft.Network/virtualNetworks/optscale-vnet-OptScale_Infra/subnets/snet-bastion"
              }
            ],
            "ip_forwarding_enabled": false,
            "location": "eastus",
            "mac_address": "00-22-48-1E-B9-E4",
            "name": "optscale-bastion-nic",
            "private_ip_address": "10.10.3.4",
            "private_ip_addresses": [
              "10.10.3.4"
            ],
            "resource_group_name": "optscale-rg-OptScale_Infra",
            "tags": {},
            "timeouts": null,
            "virtual_machine_id": "/subscriptions/3c42098f-375b-47ae-9727-1b0014b0d232/resourceGroups/optscale-rg-OptScale_Infra/providers/Microsoft.Compute/virtualMachines/optscale-bastion"
          },
          "sensitive_attributes": [],
          "identity_schema_version": 0,
          "private": "eyJlMmJmYjczMC1lY2FhLTExZTYtOGY4OC0zNDM2M2JjN2M0YzAiOnsiY3JlYXRlIjoxODAwMDAwMDAwMDAwLCJkZWxldGUiOjE4MDAwMDAwMDAwMDAsInJlYWQiOjMwMDAwMDAwMDAwMCwidXBkYXRlIjoxODAwMDAwMDAwMDAwfX0=",
          "dependencies": [
            "azurerm_resource_group.optscale_rg",
            "module.aks_networking.azurerm_subnet.bastion_subnet",
            "module.aks_networking.azurerm_virtual_network.main"
          ]
        }
      ]
    },
    {
      "module": "module.key_vault",
      "mode": "managed",
      "type": "azurerm_key_vault",
      "name": "optscale_kv",
      "provider": "provider[\"registry.terraform.io/hashicorp/azurerm\"]",
      "instances": [
        {
          "schema_version": 2,
          "attributes": {
            "access_policy": [
              {
                "application_id": "",
                "certificate_permissions": [],
                "key_permissions": [
                  "Get"
                ],
                "object_id": "94452bde-a4a8-4968-9998-1b7050706199",
                "secret_permissions": [
                  "Get",
                  "Set",
                  "Delete",
                  "Purge",
                  "Recover"
                ],
                "storage_permissions": [
                  "Get"
                ],
                "tenant_id": "ff355289-721e-4dd7-a663-afec62ab9d54"
              }
            ],
            "contact": [],
            "enable_rbac_authorization": false,
            "enabled_for_deployment": false,
            "enabled_for_disk_encryption": true,
            "enabled_for_template_deployment": false,
            "id": "/subscriptions/3c42098f-375b-47ae-9727-1b0014b0d232/resourceGroups/optscale-rg-OptScale_Infra/providers/Microsoft.KeyVault/vaults/opt-kv-a1b2c3d4",
            "location": "eastus",
            "name": "opt-kv-a1b2c3d4",
            "network_acls": [
              {
                "bypass": "AzureServices",
                "default_action": "Allow",
                "ip_rules": [],
                "virtual_network_subnet_ids": []
              }
            ],
            "public_network_access_enabled": true,
            "purge_protection_enabled": false,
            "resource_group_name": "optscale-rg-OptScale_Infra",
            "sku_name": "standard",
            "soft_delete_retention_days": 7,
            "tags": {},
            "tenant_id": "ff355289-721e-4dd7-a663-afec62ab9d54",
            "timeouts": null,
            "vault_uri": "https://opt-kv-a1b2c3d4.vault.azure.net/"
          },
          "sensitive_attributes": [],
          "identity_schema_version": 0,
          "private": "eyJlMmJmYjczMC1lY2FhLTExZTYtOGY4OC0zNDM2M2JjN2M0YzAiOnsiY3JlYXRlIjoxODAwMDAwMDAwMDAwLCJkZWxldGUiOjE4MDAwMDAwMDAwMDAsInJlYWQiOjMwMDAwMDAwMDAwMCwidXBkYXRlIjoxODAwMDAwMDAwMDAwfSwic2NoZW1hX3ZlcnNpb24iOiIyIn0=",
          "dependencies": [
            "azurerm_resource_group.optscale_rg"
          ]
        }
      ]
    },
    {
      "module": "module.key_vault",
      "mode": "managed",
      "type": "azurerm_key_vault_secret",
      "name": "db_password_secret",
      "provider": "provider[\"registry.terraform.io/hashicorp/azurerm\"]",
      "instances": [
        {
          "schema_version": 0,
          "attributes": {
            "content_type": "",
            "expiration_date": null,
            "id": "https://opt-kv-a1b2c3d4.vault.azure.net/secrets/db-password/3aa120f02a4d413298f173d0d1b683a1",
            "key_vault_id": "/subscriptions/3c42098f-375b-47ae-9727-1b0014b0d232/resourceGroups/optscale-rg-OptScale_Infra/providers/Microsoft.KeyVault/vaults/opt-kv-a1b2c3d4",
            "name": "db-password",
            "not_before_date": null,
            "resource_id": "/subscriptions/3c42098f-375b-47ae-9727-1b0014b0d232/resourceGroups/optscale-rg-OptScale_Infra/providers/Microsoft.KeyVault/vaults/opt-kv-a1b2c3d4/secrets/db-password/versions/3aa120f02a4d413298f173d0d1b683a1",
            "resource_versionless_id": "/subscriptions/3c42098f-375b-47ae-9727-1b0014b0d232/resourceGroups/optscale-rg-OptScale_Infra/providers/Microsoft.KeyVault/vaults/opt-kv-a1b2c3d4/secrets/db-password",
            "tags": {},
            "timeouts": null,
            "value": "Dboptscale@672495",
            "version": "3aa120f02a4d413298f173d0d1b683a1",
            "versionless_id": "https://opt-kv-a1b2c3d4.vault.azure.net/secrets/db-password"
          },
          "sensitive_attributes": [
            [
              {
                "type": "get_attr",
                "value": "value"
              }
            ]
          ],
          "identity_schema_version": 0,
          "private": "eyJlMmJmYjczMC1lY2FhLTExZTYtOGY4OC0zNDM2M2JjN2M0YzAiOnsiY3JlYXRlIjoxODAwMDAwMDAwMDAwLCJkZWxldGUiOjE4MDAwMDAwMDAwMDAsInJlYWQiOjE4MDAwMDAwMDAwMDAsInVwZGF0ZSI6MTgwMDAwMDAwMDAwMH19",
          "dependencies": [
            "azurerm_resource_group.optscale_rg",
            "module.key_vault.azurerm_key_vault.optscale_kv"
          ]
        }
      ]
    },
    {
      "module": "module.optscale_cache",
      "mode": "managed",
      "type": "azurerm_redis_cache",
      "name": "main",
      "provider": "provider[\"registry.terraform.io/hashicorp/azurerm\"]",
      "instances": [
        {
          "schema_version": 1,
          "attributes": {
            "capacity": 0,
            "enable_non_ssl_port": false,
            "family": "C",
            "hostname": "optscale-redis-cache-optscale-infra.redis.cache.windows.net",
            "id": "/subscriptions/3c42098f-375b-47ae-9727-1b0014b0d232/resourceGroups/optscale-rg-OptScale_Infra/providers/Microsoft.Cache/redis/optscale-redis-cache-optscale-infra",
            "identity": [],
            "location": "eastus",
            "minimum_tls_version": "1.2",
            "name": "optscale-redis-cache-optscale-infra",
            "non_ssl_port_enabled": false,
            "patch_schedule": [],
            "port": 6379,
            "primary_access_key": "Acyoso67mHYf589xECckeFzjHVSVNsfFBAzCaCRN128=",
            "primary_connection_string": "optscale-redis-cache-optscale-infra.redis.cache.windows.net:6380,password=Acyoso67mHYf589xECckeFzjHVSVNsfFBAzCaCRN128=,ssl=true,abortConnect=False",
            "private_static_ip_address": "",
            "public_network_access_enabled": true,
            "redis_configuration": [
              {
                "active_directory_authentication_enabled": false,
                "aof_backup_enabled": false,
                "aof_storage_connection_string_0": "",
                "aof_storage_connection_string_1": "",
                "authentication_enabled": true,
                "data_persistence_authentication_method": "",
                "enable_authentication": true,
                "maxclients": 256,
                "maxfragmentationmemory_reserved": 30,
                "maxmemory_delta": 30,
                "maxmemory_policy": "",
                "maxmemory_reserved": 30,
                "notify_keyspace_events": "",
                "rdb_backup_enabled": false,
                "rdb_backup_frequency": 0,
                "rdb_backup_max_snapshot_count": 0,
                "rdb_storage_connection_string": "",
                "storage_account_subscription_id": ""
              }
            ],
            "redis_version": "6.0",
            "replicas_per_master": 0,
            "replicas_per_primary": 0,
            "resource_group_name": "optscale-rg-OptScale_Infra",
            "secondary_access_key": "x1q4bYmFWH9XgUjmbbjCLvmEV3pS76wM6AzCaI2RGTw=",
            "secondary_connection_string": "optscale-redis-cache-optscale-infra.redis.cache.windows.net:6380,password=x1q4bYmFWH9XgUjmbbjCLvmEV3pS76wM6AzCaI2RGTw=,ssl=true,abortConnect=False",
            "shard_count": 0,
            "sku_name": "Standard",
            "ssl_port": 6380,
            "subnet_id": "",
            "tags": {
              "env": "dev",
              "managed_by": "optscale-infra",
              "project": "optscale"
            },
            "tenant_settings": {},
            "timeouts": null,
            "zones": []
          },
          "sensitive_attributes": [
            [
              {
                "type": "get_attr",
                "value": "primary_access_key"
              }
            ],
            [
              {
                "type": "get_attr",
                "value": "primary_connection_string"
              }
            ],
            [
              {
                "type": "get_attr",
                "value": "redis_configuration"
              },
              {
                "type": "index",
                "value": {
                  "value": 0,
                  "type": "number"
                }
              },
              {
                "type": "get_attr",
                "value": "aof_storage_connection_string_0"
              }
            ],
            [
              {
                "type": "get_attr",
                "value": "redis_configuration"
              },
              {
                "type": "index",
                "value": {
                  "value": 0,
                  "type": "number"
                }
              },
              {
                "type": "get_attr",
                "value": "aof_storage_connection_string_1"
              }
            ],
            [
              {
                "type": "get_attr",
                "value": "redis_configuration"
              },
              {
                "type": "index",
                "value": {
                  "value": 0,
                  "type": "number"
                }
              },
              {
                "type": "get_attr",
                "value": "rdb_storage_connection_string"
              }
            ],
            [
              {
                "type": "get_attr",
                "value": "secondary_access_key"
              }
            ],
            [
              {
                "type": "get_attr",
                "value": "secondary_connection_string"
              }
            ]
          ],
          "identity_schema_version": 0,
          "private": "eyJlMmJmYjczMC1lY2FhLTExZTYtOGY4OC0zNDM2M2JjN2M0YzAiOnsiY3JlYXRlIjoxMDgwMDAwMDAwMDAwMCwiZGVsZXRlIjoxMDgwMDAwMDAwMDAwMCwicmVhZCI6MzAwMDAwMDAwMDAwLCJ1cGRhdGUiOjEwODAwMDAwMDAwMDAwfSwic2NoZW1hX3ZlcnNpb24iOiIxIn0=",
          "dependencies": [
            "azurerm_resource_group.optscale_rg"
          ]
        }
      ]
    },
    {
      "module": "module.optscale_db_vm",
      "mode": "data",
      "type": "azurerm_key_vault_secret",
      "name": "db_password",
      "provider": "provider[\"registry.terraform.io/hashicorp/azurerm\"]",
      "instances": [
        {
          "schema_version": 0,
          "attributes": {
            "content_type": "",
            "expiration_date": null,
            "id": "https://opt-kv-a1b2c3d4.vault.azure.net/secrets/db-password/3aa120f02a4d413298f173d0d1b683a1",
            "key_vault_id": "/subscriptions/3c42098f-375b-47ae-9727-1b0014b0d232/resourceGroups/optscale-rg-OptScale_Infra/providers/Microsoft.KeyVault/vaults/opt-kv-a1b2c3d4",
            "name": "db-password",
            "not_before_date": null,
            "resource_id": "/subscriptions/3c42098f-375b-47ae-9727-1b0014b0d232/resourceGroups/optscale-rg-OptScale_Infra/providers/Microsoft.KeyVault/vaults/opt-kv-a1b2c3d4/secrets/db-password/versions/3aa120f02a4d413298f173d0d1b683a1",
            "resource_versionless_id": "/subscriptions/3c42098f-375b-47ae-9727-1b0014b0d232/resourceGroups/optscale-rg-OptScale_Infra/providers/Microsoft.KeyVault/vaults/opt-kv-a1b2c3d4/secrets/db-password",
            "tags": {},
            "timeouts": null,
            "value": "Dboptscale@672495",
            "version": "3aa120f02a4d413298f173d0d1b683a1",
            "versionless_id": "https://opt-kv-a1b2c3d4.vault.azure.net/secrets/db-password"
          },
          "sensitive_attributes": [
            [
              {
                "type": "get_attr",
                "value": "value"
              }
            ]
          ],
          "identity_schema_version": 0
        }
      ]
    },
    {
      "module": "module.optscale_db_vm",
      "mode": "managed",
      "type": "azurerm_linux_virtual_machine",
      "name": "db_vm",
      "provider": "provider[\"registry.terraform.io/hashicorp/azurerm\"]",
      "instances": [
        {
          "schema_version": 0,
          "attributes": {
            "additional_capabilities": [],
            "admin_password": "Dboptscale@672495",
            "admin_ssh_key": [],
            "admin_username": "optscaleadmin",
            "allow_extension_operations": true,
            "availability_set_id": "",
            "boot_diagnostics": [],
            "bypass_platform_safety_checks_on_user_schedule_enabled": false,
            "capacity_reservation_group_id": "",
            "computer_name": "optscale-db-vm",
            "custom_data": null,
            "dedicated_host_group_id": "",
            "dedicated_host_id": "",
            "disable_password_authentication": false,
            "disk_controller_type": "",
            "edge_zone": "",
            "encryption_at_host_enabled": false,
            "eviction_policy": "",
            "extensions_time_budget": "PT1H30M",
            "gallery_application": [],
            "id": "/subscriptions/3c42098f-375b-47ae-9727-1b0014b0d232/resourceGroups/optscale-rg-OptScale_Infra/providers/Microsoft.Compute/virtualMachines/optscale-db-vm",
            "identity": [],
            "license_type": "",
            "location": "eastus",
            "max_bid_price": -1,
            "name": "optscale-db-vm",
            "network_interface_ids": [
              "/subscriptions/3c42098f-375b-47ae-9727-1b0014b0d232/resourceGroups/optscale-rg-OptScale_Infra/providers/Microsoft.Network/networkInterfaces/optscale-db-vm-nic"
            ],
            "os_disk": [
              {
                "caching": "ReadWrite",
                "diff_disk_settings": [],
                "disk_encryption_set_id": "",
                "disk_size_gb": 30,
                "name": "optscale-db-vm_disk1_cbeafc5f4a124ac48a451e25c334dbf5",
                "secure_vm_disk_encryption_set_id": "",
                "security_encryption_type": "",
                "storage_account_type": "Standard_LRS",
                "write_accelerator_enabled": false
              }
            ],
            "os_image_notification": [],
            "patch_assessment_mode": "ImageDefault",
            "patch_mode": "ImageDefault",
            "plan": [],
            "platform_fault_domain": -1,
            "priority": "Regular",
            "private_ip_address": "10.10.2.4",
            "private_ip_addresses": [
              "10.10.2.4"
            ],
            "provision_vm_agent": true,
            "proximity_placement_group_id": "",
            "public_ip_address": "",
            "public_ip_addresses": [],
            "reboot_setting": "",
            "resource_group_name": "optscale-rg-OptScale_Infra",
            "secret": [],
            "secure_boot_enabled": false,
            "size": "Standard_B2s",
            "source_image_id": "",
            "source_image_reference": [
              {
                "offer": "0001-com-ubuntu-server-jammy",
                "publisher": "Canonical",
                "sku": "22_04-lts",
                "version": "latest"
              }
            ],
            "tags": {},
            "termination_notification": [],
            "timeouts": null,
            "user_data": "",
            "virtual_machine_id": "708603d2-9dc3-42cf-a96a-2269602971c7",
            "virtual_machine_scale_set_id": "",
            "vm_agent_platform_updates_enabled": false,
            "vtpm_enabled": false,
            "zone": ""
          },
          "sensitive_attributes": [
            [
              {
                "type": "get_attr",
                "value": "admin_password"
              }
            ],
            [
              {
                "type": "get_attr",
                "value": "custom_data"
              }
            ]
          ],
          "identity_schema_version": 0,
          "private": "eyJlMmJmYjczMC1lY2FhLTExZTYtOGY4OC0zNDM2M2JjN2M0YzAiOnsiY3JlYXRlIjoyNzAwMDAwMDAwMDAwLCJkZWxldGUiOjI3MDAwMDAwMDAwMDAsInJlYWQiOjMwMDAwMDAwMDAwMCwidXBkYXRlIjoyNzAwMDAwMDAwMDAwfX0=",
          "dependencies": [
            "azurerm_resource_group.optscale_rg",
            "module.aks_networking.azurerm_subnet.db_subnet",
            "module.aks_networking.azurerm_virtual_network.main",
            "module.key_vault.azurerm_key_vault.optscale_kv",
            "module.key_vault.azurerm_key_vault_secret.db_password_secret",
            "module.optscale_db_vm.azurerm_network_interface.db_vm_nic",
            "module.optscale_db_vm.data.azurerm_key_vault_secret.db_password"
          ]
        }
      ]
    },
    {
      "module": "module.optscale_db_vm",
      "mode": "managed",
      "type": "azurerm_network_interface",
      "name": "db_vm_nic",
      "provider": "provider[\"registry.terraform.io/hashicorp/azurerm\"]",
      "instances": [
        {
          "schema_version": 0,
          "attributes": {
            "accelerated_networking_enabled": false,
            "applied_dns_servers": [],
            "auxiliary_mode": "",
            "auxiliary_sku": "",
            "dns_servers": [],
            "edge_zone": "",
            "enable_accelerated_networking": false,
            "enable_ip_forwarding": false,
            "id": "/subscriptions/3c42098f-375b-47ae-9727-1b0014b0d232/resourceGroups/optscale-rg-OptScale_Infra/providers/Microsoft.Network/networkInterfaces/optscale-db-vm-nic",
            "internal_dns_name_label": "",
            "internal_domain_name_suffix": "m1tmuira3nnujdqzj2cg0mhj1d.bx.internal.cloudapp.net",
            "ip_configuration": [
              {
                "gateway_load_balancer_frontend_ip_configuration_id": "",
                "name": "internal",
                "primary": true,
                "private_ip_address": "10.10.2.4",
                "private_ip_address_allocation": "Dynamic",
                "private_ip_address_version": "IPv4",
                "public_ip_address_id": "",
                "subnet_id": "/subscriptions/3c42098f-375b-47ae-9727-1b0014b0d232/resourceGroups/optscale-rg-OptScale_Infra/providers/Microsoft.Network/virtualNetworks/optscale-vnet-OptScale_Infra/subnets/snet-optscale-db"
              }
            ],
            "ip_forwarding_enabled": false,
            "location": "eastus",
            "mac_address": "00-22-48-23-27-19",
            "name": "optscale-db-vm-nic",
            "private_ip_address": "10.10.2.4",
            "private_ip_addresses": [
              "10.10.2.4"
            ],
            "resource_group_name": "optscale-rg-OptScale_Infra",
            "tags": {},
            "timeouts": null,
            "virtual_machine_id": "/subscriptions/3c42098f-375b-47ae-9727-1b0014b0d232/resourceGroups/optscale-rg-OptScale_Infra/providers/Microsoft.Compute/virtualMachines/optscale-db-vm"
          },
          "sensitive_attributes": [],
          "identity_schema_version": 0,
          "private": "eyJlMmJmYjczMC1lY2FhLTExZTYtOGY4OC0zNDM2M2JjN2M0YzAiOnsiY3JlYXRlIjoxODAwMDAwMDAwMDAwLCJkZWxldGUiOjE4MDAwMDAwMDAwMDAsInJlYWQiOjMwMDAwMDAwMDAwMCwidXBkYXRlIjoxODAwMDAwMDAwMDAwfX0=",
          "dependencies": [
            "azurerm_resource_group.optscale_rg",
            "module.aks_networking.azurerm_subnet.db_subnet",
            "module.aks_networking.azurerm_virtual_network.main"
          ]
        }
      ]
    },
    {
      "module": "module.optscale_db_vm",
      "mode": "managed",
      "type": "azurerm_virtual_machine_extension",
      "name": "install_postgres",
      "provider": "provider[\"registry.terraform.io/hashicorp/azurerm\"]",
      "instances": [
        {
          "schema_version": 0,
          "attributes": {
            "auto_upgrade_minor_version": false,
            "automatic_upgrade_enabled": false,
            "failure_suppression_enabled": false,
            "id": "/subscriptions/3c42098f-375b-47ae-9727-1b0014b0d232/resourceGroups/optscale-rg-OptScale_Infra/providers/Microsoft.Compute/virtualMachines/optscale-db-vm/extensions/install-postgres",
            "name": "install-postgres",
            "protected_settings": null,
            "protected_settings_from_key_vault": [],
            "provision_after_extensions": [],
            "publisher": "Microsoft.Azure.Extensions",
            "settings": "{\"commandToExecute\":\"sudo apt-get update\\nsudo apt-get install -y postgresql postgresql-contrib\\nsudo -u postgres psql -c \\\"CREATE USER optscaleadmin WITH PASSWORD 'Dboptscale@672495';\\\"\\nsudo -u postgres psql -c \\\"CREATE DATABASE optscale OWNER optscaleadmin;\\\"\\nsudo sed -i \\\"s/#listen_addresses = 'localhost'/listen_addresses = '*'/g\\\" /etc/postgresql/14/main/postgresql.conf\\necho \\\"host all all 0.0.0.0/0 md5\\\" | sudo tee -a /etc/postgresql/14/main/pg_hba.conf\\nsudo systemctl restart postgresql\\n\"}",
            "tags": {
              "env": "dev",
              "managed_by": "optscale-infra",
              "project": "optscale"
            },
            "timeouts": null,
            "type": "CustomScript",
            "type_handler_version": "2.1",
            "virtual_machine_id": "/subscriptions/3c42098f-375b-47ae-9727-1b0014b0d232/resourceGroups/optscale-rg-OptScale_Infra/providers/Microsoft.Compute/virtualMachines/optscale-db-vm"
          },
          "sensitive_attributes": [
            [
              {
                "type": "get_attr",
                "value": "protected_settings"
              }
            ],
            [
              {
                "type": "get_attr",
                "value": "settings"
              }
            ]
          ],
          "identity_schema_version": 0,
          "private": "eyJlMmJmYjczMC1lY2FhLTExZTYtOGY4OC0zNDM2M2JjN2M0YzAiOnsiY3JlYXRlIjoxODAwMDAwMDAwMDAwLCJkZWxldGUiOjE4MDAwMDAwMDAwMDAsInJlYWQiOjMwMDAwMDAwMDAwMCwidXBkYXRlIjoxODAwMDAwMDAwMDAwfX0=",
          "dependencies": [
            "azurerm_resource_group.optscale_rg",
            "module.aks_networking.azurerm_subnet.db_subnet",
            "module.aks_networking.azurerm_virtual_network.main",
            "module.key_vault.azurerm_key_vault.optscale_kv",
            "module.key_vault.azurerm_key_vault_secret.db_password_secret",
            "module.optscale_db_vm.azurerm_linux_virtual_machine.db_vm",
            "module.optscale_db_vm.azurerm_network_interface.db_vm_nic",
            "module.optscale_db_vm.data.azurerm_key_vault_secret.db_password"
          ]
        }
      ]
    },
    {
      "module": "module.optscale_storage",
      "mode": "managed",
      "type": "azurerm_storage_account",
      "name": "main",
      "provider": "provider[\"registry.terraform.io/hashicorp/azurerm\"]",
      "instances": [
        {
          "schema_version": 4,
          "attributes": {
            "access_tier": "Hot",
            "account_kind": "StorageV2",
            "account_replication_type": "LRS",
            "account_tier": "Standard",
            "allow_nested_items_to_be_public": false,
            "allowed_copy_scope": "",
            "azure_files_authentication": [],
            "blob_properties": [
              {
                "change_feed_enabled": false,
                "change_feed_retention_in_days": 0,
                "container_delete_retention_policy": [],
                "cors_rule": [],
                "default_service_version": "",
                "delete_retention_policy": [],
                "last_access_time_enabled": false,
                "restore_policy": [],
                "versioning_enabled": false
              }
            ],
            "cross_tenant_replication_enabled": true,
            "custom_domain": [],
            "customer_managed_key": [],
            "default_to_oauth_authentication": false,
            "dns_endpoint_type": "Standard",
            "edge_zone": "",
            "enable_https_traffic_only": true,
            "https_traffic_only_enabled": true,
            "id": "/subscriptions/3c42098f-375b-47ae-9727-1b0014b0d232/resourceGroups/optscale-rg-OptScale_Infra/providers/Microsoft.Storage/storageAccounts/optscalesainfra",
            "identity": [],
            "immutability_policy": [],
            "infrastructure_encryption_enabled": false,
            "is_hns_enabled": false,
            "large_file_share_enabled": false,
            "local_user_enabled": true,
            "location": "eastus",
            "min_tls_version": "TLS1_2",
            "name": "optscalesainfra",
            "network_rules": [],
            "nfsv3_enabled": false,
            "primary_access_key": "DUGH29hA68atbrD5QCkLAvUzW47ifmNnjlbCD/0umCpKPmEm/CjOhGrxLDDhTznVwzfHCo3Wfvpe+AStVgi9WA==",
            "primary_blob_connection_string": "DefaultEndpointsProtocol=https;BlobEndpoint=https://optscalesainfra.blob.core.windows.net/;AccountName=optscalesainfra;AccountKey=DUGH29hA68atbrD5QCkLAvUzW47ifmNnjlbCD/0umCpKPmEm/CjOhGrxLDDhTznVwzfHCo3Wfvpe+AStVgi9WA==",
            "primary_blob_endpoint": "https://optscalesainfra.blob.core.windows.net/",
            "primary_blob_host": "optscalesainfra.blob.core.windows.net",
            "primary_blob_internet_endpoint": "",
            "primary_blob_internet_host": "",
            "primary_blob_microsoft_endpoint": "",
            "primary_blob_microsoft_host": "",
            "primary_connection_string": "DefaultEndpointsProtocol=https;AccountName=optscalesainfra;AccountKey=DUGH29hA68atbrD5QCkLAvUzW47ifmNnjlbCD/0umCpKPmEm/CjOhGrxLDDhTznVwzfHCo3Wfvpe+AStVgi9WA==;EndpointSuffix=core.windows.net",
            "primary_dfs_endpoint": "https://optscalesainfra.dfs.core.windows.net/",
            "primary_dfs_host": "optscalesainfra.dfs.core.windows.net",
            "primary_dfs_internet_endpoint": "",
            "primary_dfs_internet_host": "",
            "primary_dfs_microsoft_endpoint": "",
            "primary_dfs_microsoft_host": "",
            "primary_file_endpoint": "https://optscalesainfra.file.core.windows.net/",
            "primary_file_host": "optscalesainfra.file.core.windows.net",
            "primary_file_internet_endpoint": "",
            "primary_file_internet_host": "",
            "primary_file_microsoft_endpoint": "",
            "primary_file_microsoft_host": "",
            "primary_location": "eastus",
            "primary_queue_endpoint": "https://optscalesainfra.queue.core.windows.net/",
            "primary_queue_host": "optscalesainfra.queue.core.windows.net",
            "primary_queue_microsoft_endpoint": "",
            "primary_queue_microsoft_host": "",
            "primary_table_endpoint": "https://optscalesainfra.table.core.windows.net/",
            "primary_table_host": "optscalesainfra.table.core.windows.net",
            "primary_table_microsoft_endpoint": "",
            "primary_table_microsoft_host": "",
            "primary_web_endpoint": "https://optscalesainfra.z13.web.core.windows.net/",
            "primary_web_host": "optscalesainfra.z13.web.core.windows.net",
            "primary_web_internet_endpoint": "",
            "primary_web_internet_host": "",
            "primary_web_microsoft_endpoint": "",
            "primary_web_microsoft_host": "",
            "public_network_access_enabled": true,
            "queue_encryption_key_type": "Service",
            "queue_properties": [
              {
                "cors_rule": [],
                "hour_metrics": [
                  {
                    "enabled": false,
                    "include_apis": false,
                    "retention_policy_days": 0,
                    "version": "1.0"
                  }
                ],
                "logging": [
                  {
                    "delete": false,
                    "read": false,
                    "retention_policy_days": 0,
                    "version": "1.0",
                    "write": false
                  }
                ],
                "minute_metrics": [
                  {
                    "enabled": false,
                    "include_apis": false,
                    "retention_policy_days": 0,
                    "version": "1.0"
                  }
                ]
              }
            ],
            "resource_group_name": "optscale-rg-OptScale_Infra",
            "routing": [],
            "sas_policy": [],
            "secondary_access_key": "0dVWJwuG/SeSpk88arg3uG7MHZV7JWLpDb5iTgKY/K1t9clIhc8n+Wd7nYqSS6GgGAlK9yh3Wd3n+ASt67Q5DA==",
            "secondary_blob_connection_string": "",
            "secondary_blob_endpoint": "",
            "secondary_blob_host": "",
            "secondary_blob_internet_endpoint": "",
            "secondary_blob_internet_host": "",
            "secondary_blob_microsoft_endpoint": "",
            "secondary_blob_microsoft_host": "",
            "secondary_connection_string": "DefaultEndpointsProtocol=https;AccountName=optscalesainfra;AccountKey=0dVWJwuG/SeSpk88arg3uG7MHZV7JWLpDb5iTgKY/K1t9clIhc8n+Wd7nYqSS6GgGAlK9yh3Wd3n+ASt67Q5DA==;EndpointSuffix=core.windows.net",
            "secondary_dfs_endpoint": "",
            "secondary_dfs_host": "",
            "secondary_dfs_internet_endpoint": "",
            "secondary_dfs_internet_host": "",
            "secondary_dfs_microsoft_endpoint": "",
            "secondary_dfs_microsoft_host": "",
            "secondary_file_endpoint": "",
            "secondary_file_host": "",
            "secondary_file_internet_endpoint": "",
            "secondary_file_internet_host": "",
            "secondary_file_microsoft_endpoint": "",
            "secondary_file_microsoft_host": "",
            "secondary_location": "",
            "secondary_queue_endpoint": "",
            "secondary_queue_host": "",
            "secondary_queue_microsoft_endpoint": "",
            "secondary_queue_microsoft_host": "",
            "secondary_table_endpoint": "",
            "secondary_table_host": "",
            "secondary_table_microsoft_endpoint": "",
            "secondary_table_microsoft_host": "",
            "secondary_web_endpoint": "",
            "secondary_web_host": "",
            "secondary_web_internet_endpoint": "",
            "secondary_web_internet_host": "",
            "secondary_web_microsoft_endpoint": "",
            "secondary_web_microsoft_host": "",
            "sftp_enabled": false,
            "share_properties": [
              {
                "cors_rule": [],
                "retention_policy": [
                  {
                    "days": 7
                  }
                ],
                "smb": []
              }
            ],
            "shared_access_key_enabled": true,
            "static_website": [],
            "table_encryption_key_type": "Service",
            "tags": {
              "env": "dev",
              "managed_by": "optscale-infra",
              "project": "optscale"
            },
            "timeouts": null
          },
          "sensitive_attributes": [
            [
              {
                "type": "get_attr",
                "value": "primary_access_key"
              }
            ],
            [
              {
                "type": "get_attr",
                "value": "primary_blob_connection_string"
              }
            ],
            [
              {
                "type": "get_attr",
                "value": "primary_connection_string"
              }
            ],
            [
              {
                "type": "get_attr",
                "value": "secondary_access_key"
              }
            ],
            [
              {
                "type": "get_attr",
                "value": "secondary_blob_connection_string"
              }
            ],
            [
              {
                "type": "get_attr",
                "value": "secondary_connection_string"
              }
            ]
          ],
          "identity_schema_version": 0,
          "private": "eyJlMmJmYjczMC1lY2FhLTExZTYtOGY4OC0zNDM2M2JjN2M0YzAiOnsiY3JlYXRlIjozNjAwMDAwMDAwMDAwLCJkZWxldGUiOjM2MDAwMDAwMDAwMDAsInJlYWQiOjMwMDAwMDAwMDAwMCwidXBkYXRlIjozNjAwMDAwMDAwMDAwfSwic2NoZW1hX3ZlcnNpb24iOiI0In0=",
          "dependencies": [
            "azurerm_resource_group.optscale_rg"
          ]
        }
      ]
    }
  ],
  "check_results": null
}
